// !$*UTF8*$!
{
	archiveVersion = 1;
	classes = {
	};
	objectVersion = 70;
	objects = {

/* Begin PBXBuildFile section */
		BC90C4172CAF99B200292310 /* HaruhanjulApp.swift in Sources */ = {isa = PBXBuildFile; fileRef = BC90C4162CAF99B200292310 /* HaruhanjulApp.swift */; };
		BC90C41B2CAF99B300292310 /* Assets.xcassets in Resources */ = {isa = PBXBuildFile; fileRef = BC90C41A2CAF99B300292310 /* Assets.xcassets */; };
		BC90C41E2CAF99B300292310 /* Preview Assets.xcassets in Resources */ = {isa = PBXBuildFile; fileRef = BC90C41D2CAF99B300292310 /* Preview Assets.xcassets */; };
		BC90C4202CAF99B300292310 /* Persistence.swift in Sources */ = {isa = PBXBuildFile; fileRef = BC90C41F2CAF99B300292310 /* Persistence.swift */; };
		BC90C4232CAF99B300292310 /* Haruhanjul.xcdatamodeld in Sources */ = {isa = PBXBuildFile; fileRef = BC90C4212CAF99B300292310 /* Haruhanjul.xcdatamodeld */; };
		BC90C4362CAF9BCC00292310 /* MainTabView.swift in Sources */ = {isa = PBXBuildFile; fileRef = BC90C4352CAF9BCC00292310 /* MainTabView.swift */; };
		BC90C4382CAF9BDF00292310 /* AdviceDTO.swift in Sources */ = {isa = PBXBuildFile; fileRef = BC90C4372CAF9BDF00292310 /* AdviceDTO.swift */; };
		BC90C43A2CAF9BFB00292310 /* AdviceEntity.swift in Sources */ = {isa = PBXBuildFile; fileRef = BC90C4392CAF9BFB00292310 /* AdviceEntity.swift */; };
		BC90C43C2CAF9C1C00292310 /* Translation.swift in Sources */ = {isa = PBXBuildFile; fileRef = BC90C43B2CAF9C1C00292310 /* Translation.swift */; };
		BC90C43E2CAF9C3300292310 /* CurlView.swift in Sources */ = {isa = PBXBuildFile; fileRef = BC90C43D2CAF9C3300292310 /* CurlView.swift */; };
		BC90C4402CAF9C4000292310 /* CardViewModel.swift in Sources */ = {isa = PBXBuildFile; fileRef = BC90C43F2CAF9C4000292310 /* CardViewModel.swift */; };
		BC90C4422CAF9C5900292310 /* UserDefault.swift in Sources */ = {isa = PBXBuildFile; fileRef = BC90C4412CAF9C5900292310 /* UserDefault.swift */; };
		BCA6F6912CB0083D009468FF /* UserDefault.swift in Sources */ = {isa = PBXBuildFile; fileRef = BC90C4412CAF9C5900292310 /* UserDefault.swift */; };
		BCA6F6D42CBEBFF9009468FF /* BookmarkView.swift in Sources */ = {isa = PBXBuildFile; fileRef = BCA6F6D32CBEBFF9009468FF /* BookmarkView.swift */; };
		BCA6F6DB2CBECF4B009468FF /* CDBookmark+CoreDataProperties.swift in Sources */ = {isa = PBXBuildFile; fileRef = BCA6F6DA2CBECF4B009468FF /* CDBookmark+CoreDataProperties.swift */; };
		BCA6F6DC2CBECF4B009468FF /* CDBookmark+CoreDataClass.swift in Sources */ = {isa = PBXBuildFile; fileRef = BCA6F6D92CBECF4B009468FF /* CDBookmark+CoreDataClass.swift */; };
		BCA6F6DF2CBEEDAC009468FF /* CDAdviceEntity+CoreDataProperties.swift in Sources */ = {isa = PBXBuildFile; fileRef = BCA6F6DE2CBEEDAC009468FF /* CDAdviceEntity+CoreDataProperties.swift */; };
		BCA6F6E02CBEEDAC009468FF /* CDAdviceEntity+CoreDataClass.swift in Sources */ = {isa = PBXBuildFile; fileRef = BCA6F6DD2CBEEDAC009468FF /* CDAdviceEntity+CoreDataClass.swift */; };
		BCA6F6E22CBEF235009468FF /* PeelEffect.swift in Sources */ = {isa = PBXBuildFile; fileRef = BCA6F6E12CBEF235009468FF /* PeelEffect.swift */; };
		F4B5CBE853C6CDA11F251550 /* Pods_Haruhanjul.framework in Frameworks */ = {isa = PBXBuildFile; fileRef = 21D0B68260262D9431F91094 /* Pods_Haruhanjul.framework */; };
		F6C435CE2CAFAF8200E979EC /* WidgetKit.framework in Frameworks */ = {isa = PBXBuildFile; fileRef = F6C435CD2CAFAF8200E979EC /* WidgetKit.framework */; };
		F6C435D02CAFAF8200E979EC /* SwiftUI.framework in Frameworks */ = {isa = PBXBuildFile; fileRef = F6C435CF2CAFAF8200E979EC /* SwiftUI.framework */; };
		F6C435DB2CAFAF8500E979EC /* HaruhanjulWidgetExtension.appex in Embed Foundation Extensions */ = {isa = PBXBuildFile; fileRef = F6C435CC2CAFAF8200E979EC /* HaruhanjulWidgetExtension.appex */; settings = {ATTRIBUTES = (RemoveHeadersOnCopy, ); }; };
/* End PBXBuildFile section */

/* Begin PBXContainerItemProxy section */
		F6C435D92CAFAF8500E979EC /* PBXContainerItemProxy */ = {
			isa = PBXContainerItemProxy;
			containerPortal = BC90C40B2CAF99B200292310 /* Project object */;
			proxyType = 1;
			remoteGlobalIDString = F6C435CB2CAFAF8200E979EC;
			remoteInfo = HaruhanjulWidgetExtension;
		};
/* End PBXContainerItemProxy section */

/* Begin PBXCopyFilesBuildPhase section */
		F6C435E02CAFAF8500E979EC /* Embed Foundation Extensions */ = {
			isa = PBXCopyFilesBuildPhase;
			buildActionMask = 2147483647;
			dstPath = "";
			dstSubfolderSpec = 13;
			files = (
				F6C435DB2CAFAF8500E979EC /* HaruhanjulWidgetExtension.appex in Embed Foundation Extensions */,
			);
			name = "Embed Foundation Extensions";
			runOnlyForDeploymentPostprocessing = 0;
		};
/* End PBXCopyFilesBuildPhase section */

/* Begin PBXFileReference section */
		21D0B68260262D9431F91094 /* Pods_Haruhanjul.framework */ = {isa = PBXFileReference; explicitFileType = wrapper.framework; includeInIndex = 0; path = Pods_Haruhanjul.framework; sourceTree = BUILT_PRODUCTS_DIR; };
		71CFCCF3043728EA949D5199 /* Pods-Haruhanjul.release.xcconfig */ = {isa = PBXFileReference; includeInIndex = 1; lastKnownFileType = text.xcconfig; name = "Pods-Haruhanjul.release.xcconfig"; path = "Target Support Files/Pods-Haruhanjul/Pods-Haruhanjul.release.xcconfig"; sourceTree = "<group>"; };
		BC90C4132CAF99B200292310 /* Haruhanjul.app */ = {isa = PBXFileReference; explicitFileType = wrapper.application; includeInIndex = 0; path = Haruhanjul.app; sourceTree = BUILT_PRODUCTS_DIR; };
		BC90C4162CAF99B200292310 /* HaruhanjulApp.swift */ = {isa = PBXFileReference; lastKnownFileType = sourcecode.swift; path = HaruhanjulApp.swift; sourceTree = "<group>"; };
		BC90C41A2CAF99B300292310 /* Assets.xcassets */ = {isa = PBXFileReference; lastKnownFileType = folder.assetcatalog; path = Assets.xcassets; sourceTree = "<group>"; };
		BC90C41D2CAF99B300292310 /* Preview Assets.xcassets */ = {isa = PBXFileReference; lastKnownFileType = folder.assetcatalog; path = "Preview Assets.xcassets"; sourceTree = "<group>"; };
		BC90C41F2CAF99B300292310 /* Persistence.swift */ = {isa = PBXFileReference; lastKnownFileType = sourcecode.swift; path = Persistence.swift; sourceTree = "<group>"; };
		BC90C4222CAF99B300292310 /* Haruhanjul.xcdatamodel */ = {isa = PBXFileReference; lastKnownFileType = wrapper.xcdatamodel; path = Haruhanjul.xcdatamodel; sourceTree = "<group>"; };
		BC90C4352CAF9BCC00292310 /* MainTabView.swift */ = {isa = PBXFileReference; lastKnownFileType = sourcecode.swift; path = MainTabView.swift; sourceTree = "<group>"; };
		BC90C4372CAF9BDF00292310 /* AdviceDTO.swift */ = {isa = PBXFileReference; lastKnownFileType = sourcecode.swift; path = AdviceDTO.swift; sourceTree = "<group>"; };
		BC90C4392CAF9BFB00292310 /* AdviceEntity.swift */ = {isa = PBXFileReference; lastKnownFileType = sourcecode.swift; path = AdviceEntity.swift; sourceTree = "<group>"; };
		BC90C43B2CAF9C1C00292310 /* Translation.swift */ = {isa = PBXFileReference; lastKnownFileType = sourcecode.swift; path = Translation.swift; sourceTree = "<group>"; };
		BC90C43D2CAF9C3300292310 /* CurlView.swift */ = {isa = PBXFileReference; lastKnownFileType = sourcecode.swift; path = CurlView.swift; sourceTree = "<group>"; };
		BC90C43F2CAF9C4000292310 /* CardViewModel.swift */ = {isa = PBXFileReference; lastKnownFileType = sourcecode.swift; path = CardViewModel.swift; sourceTree = "<group>"; };
		BC90C4412CAF9C5900292310 /* UserDefault.swift */ = {isa = PBXFileReference; lastKnownFileType = sourcecode.swift; path = UserDefault.swift; sourceTree = "<group>"; };
		BCA6F68F2CB0046A009468FF /* Haruhanjul.entitlements */ = {isa = PBXFileReference; lastKnownFileType = text.plist.entitlements; path = Haruhanjul.entitlements; sourceTree = "<group>"; };
		BCA6F6902CB0047D009468FF /* HaruhanjulWidgetExtension.entitlements */ = {isa = PBXFileReference; lastKnownFileType = text.plist.entitlements; path = HaruhanjulWidgetExtension.entitlements; sourceTree = "<group>"; };
		BCA6F6D32CBEBFF9009468FF /* BookmarkView.swift */ = {isa = PBXFileReference; lastKnownFileType = sourcecode.swift; path = BookmarkView.swift; sourceTree = "<group>"; };
		BCA6F6D92CBECF4B009468FF /* CDBookmark+CoreDataClass.swift */ = {isa = PBXFileReference; lastKnownFileType = sourcecode.swift; path = "CDBookmark+CoreDataClass.swift"; sourceTree = "<group>"; };
		BCA6F6DA2CBECF4B009468FF /* CDBookmark+CoreDataProperties.swift */ = {isa = PBXFileReference; lastKnownFileType = sourcecode.swift; path = "CDBookmark+CoreDataProperties.swift"; sourceTree = "<group>"; };
		BCA6F6DD2CBEEDAC009468FF /* CDAdviceEntity+CoreDataClass.swift */ = {isa = PBXFileReference; lastKnownFileType = sourcecode.swift; path = "CDAdviceEntity+CoreDataClass.swift"; sourceTree = "<group>"; };
		BCA6F6DE2CBEEDAC009468FF /* CDAdviceEntity+CoreDataProperties.swift */ = {isa = PBXFileReference; lastKnownFileType = sourcecode.swift; path = "CDAdviceEntity+CoreDataProperties.swift"; sourceTree = "<group>"; };
		BCA6F6E12CBEF235009468FF /* PeelEffect.swift */ = {isa = PBXFileReference; lastKnownFileType = sourcecode.swift; path = PeelEffect.swift; sourceTree = "<group>"; };
		E77B8D879F6E87C466878B7E /* Pods-Haruhanjul.debug.xcconfig */ = {isa = PBXFileReference; includeInIndex = 1; lastKnownFileType = text.xcconfig; name = "Pods-Haruhanjul.debug.xcconfig"; path = "Target Support Files/Pods-Haruhanjul/Pods-Haruhanjul.debug.xcconfig"; sourceTree = "<group>"; };
		F6C435CC2CAFAF8200E979EC /* HaruhanjulWidgetExtension.appex */ = {isa = PBXFileReference; explicitFileType = "wrapper.app-extension"; includeInIndex = 0; path = HaruhanjulWidgetExtension.appex; sourceTree = BUILT_PRODUCTS_DIR; };
		F6C435CD2CAFAF8200E979EC /* WidgetKit.framework */ = {isa = PBXFileReference; lastKnownFileType = wrapper.framework; name = WidgetKit.framework; path = System/Library/Frameworks/WidgetKit.framework; sourceTree = SDKROOT; };
		F6C435CF2CAFAF8200E979EC /* SwiftUI.framework */ = {isa = PBXFileReference; lastKnownFileType = wrapper.framework; name = SwiftUI.framework; path = System/Library/Frameworks/SwiftUI.framework; sourceTree = SDKROOT; };
/* End PBXFileReference section */

/* Begin PBXFileSystemSynchronizedBuildFileExceptionSet section */
		F6C435DC2CAFAF8500E979EC /* PBXFileSystemSynchronizedBuildFileExceptionSet */ = {
			isa = PBXFileSystemSynchronizedBuildFileExceptionSet;
			membershipExceptions = (
				Info.plist,
			);
			target = F6C435CB2CAFAF8200E979EC /* HaruhanjulWidgetExtension */;
		};
/* End PBXFileSystemSynchronizedBuildFileExceptionSet section */

/* Begin PBXFileSystemSynchronizedRootGroup section */
		F6C435D12CAFAF8200E979EC /* HaruhanjulWidget */ = {isa = PBXFileSystemSynchronizedRootGroup; exceptions = (F6C435DC2CAFAF8500E979EC /* PBXFileSystemSynchronizedBuildFileExceptionSet */, ); explicitFileTypes = {}; explicitFolders = (); path = HaruhanjulWidget; sourceTree = "<group>"; };
/* End PBXFileSystemSynchronizedRootGroup section */

/* Begin PBXFrameworksBuildPhase section */
		BC90C4102CAF99B200292310 /* Frameworks */ = {
			isa = PBXFrameworksBuildPhase;
			buildActionMask = 2147483647;
			files = (
				F4B5CBE853C6CDA11F251550 /* Pods_Haruhanjul.framework in Frameworks */,
			);
			runOnlyForDeploymentPostprocessing = 0;
		};
		F6C435C92CAFAF8200E979EC /* Frameworks */ = {
			isa = PBXFrameworksBuildPhase;
			buildActionMask = 2147483647;
			files = (
				F6C435D02CAFAF8200E979EC /* SwiftUI.framework in Frameworks */,
				F6C435CE2CAFAF8200E979EC /* WidgetKit.framework in Frameworks */,
			);
			runOnlyForDeploymentPostprocessing = 0;
		};
/* End PBXFrameworksBuildPhase section */

/* Begin PBXGroup section */
		4967183B2BD2EC567B13B608 /* Frameworks */ = {
			isa = PBXGroup;
			children = (
				21D0B68260262D9431F91094 /* Pods_Haruhanjul.framework */,
				F6C435CD2CAFAF8200E979EC /* WidgetKit.framework */,
				F6C435CF2CAFAF8200E979EC /* SwiftUI.framework */,
			);
			name = Frameworks;
			sourceTree = "<group>";
		};
		BC90C40A2CAF99B200292310 = {
			isa = PBXGroup;
			children = (
				BCA6F6902CB0047D009468FF /* HaruhanjulWidgetExtension.entitlements */,
				BC90C4152CAF99B200292310 /* Haruhanjul */,
				F6C435D12CAFAF8200E979EC /* HaruhanjulWidget */,
				BC90C4142CAF99B200292310 /* Products */,
				CBD078D980500C73142E441B /* Pods */,
				4967183B2BD2EC567B13B608 /* Frameworks */,
			);
			sourceTree = "<group>";
		};
		BC90C4142CAF99B200292310 /* Products */ = {
			isa = PBXGroup;
			children = (
				BC90C4132CAF99B200292310 /* Haruhanjul.app */,
				F6C435CC2CAFAF8200E979EC /* HaruhanjulWidgetExtension.appex */,
			);
			name = Products;
			sourceTree = "<group>";
		};
		BC90C4152CAF99B200292310 /* Haruhanjul */ = {
			isa = PBXGroup;
			children = (
				BCA6F68F2CB0046A009468FF /* Haruhanjul.entitlements */,
				BC90C4292CAF99E300292310 /* App */,
				BC90C42A2CAF99E800292310 /* Data */,
				BC90C42B2CAF99ED00292310 /* Domain */,
				BC90C42D2CAF9B5000292310 /* Presentation */,
				BC90C4312CAF9B6700292310 /* Utils */,
				BC90C4322CAF9B6F00292310 /* CoreData */,
				BC90C4332CAF9B7500292310 /* Resource */,
				BC90C41C2CAF99B300292310 /* Preview Content */,
			);
			path = Haruhanjul;
			sourceTree = "<group>";
		};
		BC90C41C2CAF99B300292310 /* Preview Content */ = {
			isa = PBXGroup;
			children = (
				BC90C41D2CAF99B300292310 /* Preview Assets.xcassets */,
			);
			path = "Preview Content";
			sourceTree = "<group>";
		};
		BC90C4292CAF99E300292310 /* App */ = {
			isa = PBXGroup;
			children = (
				BC90C4162CAF99B200292310 /* HaruhanjulApp.swift */,
				BC90C4352CAF9BCC00292310 /* MainTabView.swift */,
			);
			path = App;
			sourceTree = "<group>";
		};
		BC90C42A2CAF99E800292310 /* Data */ = {
			isa = PBXGroup;
			children = (
				BC90C4372CAF9BDF00292310 /* AdviceDTO.swift */,
			);
			path = Data;
			sourceTree = "<group>";
		};
		BC90C42B2CAF99ED00292310 /* Domain */ = {
			isa = PBXGroup;
			children = (
				BC90C42C2CAF99F200292310 /* Entities */,
			);
			path = Domain;
			sourceTree = "<group>";
		};
		BC90C42C2CAF99F200292310 /* Entities */ = {
			isa = PBXGroup;
			children = (
				BC90C41F2CAF99B300292310 /* Persistence.swift */,
				BC90C4392CAF9BFB00292310 /* AdviceEntity.swift */,
				BC90C43B2CAF9C1C00292310 /* Translation.swift */,
			);
			path = Entities;
			sourceTree = "<group>";
		};
		BC90C42D2CAF9B5000292310 /* Presentation */ = {
			isa = PBXGroup;
			children = (
				BC90C42E2CAF9B5800292310 /* Card */,
				BCA6F6D12CBEBF3D009468FF /* Bookmark */,
			);
			path = Presentation;
			sourceTree = "<group>";
		};
		BC90C42E2CAF9B5800292310 /* Card */ = {
			isa = PBXGroup;
			children = (
				BC90C42F2CAF9B5D00292310 /* View */,
				BC90C4302CAF9B6100292310 /* ViewModel */,
			);
			path = Card;
			sourceTree = "<group>";
		};
		BC90C42F2CAF9B5D00292310 /* View */ = {
			isa = PBXGroup;
			children = (
				BC90C43D2CAF9C3300292310 /* CurlView.swift */,
				BCA6F6E12CBEF235009468FF /* PeelEffect.swift */,
			);
			path = View;
			sourceTree = "<group>";
		};
		BC90C4302CAF9B6100292310 /* ViewModel */ = {
			isa = PBXGroup;
			children = (
				BC90C43F2CAF9C4000292310 /* CardViewModel.swift */,
			);
			path = ViewModel;
			sourceTree = "<group>";
		};
		BC90C4312CAF9B6700292310 /* Utils */ = {
			isa = PBXGroup;
			children = (
				BC90C4412CAF9C5900292310 /* UserDefault.swift */,
			);
			path = Utils;
			sourceTree = "<group>";
		};
		BC90C4322CAF9B6F00292310 /* CoreData */ = {
			isa = PBXGroup;
			children = (
				BCA6F6DD2CBEEDAC009468FF /* CDAdviceEntity+CoreDataClass.swift */,
				BCA6F6DE2CBEEDAC009468FF /* CDAdviceEntity+CoreDataProperties.swift */,
				BCA6F6D92CBECF4B009468FF /* CDBookmark+CoreDataClass.swift */,
				BCA6F6DA2CBECF4B009468FF /* CDBookmark+CoreDataProperties.swift */,
				BC90C4212CAF99B300292310 /* Haruhanjul.xcdatamodeld */,
			);
			path = CoreData;
			sourceTree = "<group>";
		};
		BC90C4332CAF9B7500292310 /* Resource */ = {
			isa = PBXGroup;
			children = (
				BC90C41A2CAF99B300292310 /* Assets.xcassets */,
			);
			path = Resource;
			sourceTree = "<group>";
		};
		BCA6F6D12CBEBF3D009468FF /* Bookmark */ = {
			isa = PBXGroup;
			children = (
				BCA6F6D22CBEBFDD009468FF /* View */,
			);
			path = Bookmark;
			sourceTree = "<group>";
		};
		BCA6F6D22CBEBFDD009468FF /* View */ = {
			isa = PBXGroup;
			children = (
				BCA6F6D32CBEBFF9009468FF /* BookmarkView.swift */,
			);
			path = View;
			sourceTree = "<group>";
		};
		CBD078D980500C73142E441B /* Pods */ = {
			isa = PBXGroup;
			children = (
				E77B8D879F6E87C466878B7E /* Pods-Haruhanjul.debug.xcconfig */,
				71CFCCF3043728EA949D5199 /* Pods-Haruhanjul.release.xcconfig */,
			);
			path = Pods;
			sourceTree = "<group>";
		};
/* End PBXGroup section */

/* Begin PBXNativeTarget section */
		BC90C4122CAF99B200292310 /* Haruhanjul */ = {
			isa = PBXNativeTarget;
			buildConfigurationList = BC90C4262CAF99B300292310 /* Build configuration list for PBXNativeTarget "Haruhanjul" */;
			buildPhases = (
				8728130052A026154443989D /* [CP] Check Pods Manifest.lock */,
				BC90C40F2CAF99B200292310 /* Sources */,
				BC90C4102CAF99B200292310 /* Frameworks */,
				BC90C4112CAF99B200292310 /* Resources */,
				A50B9F306D715C1F49FEA3E3 /* [CP] Embed Pods Frameworks */,
				6125F7BEE9ACF9377CDA8384 /* [CP] Copy Pods Resources */,
				F6C435E02CAFAF8500E979EC /* Embed Foundation Extensions */,
			);
			buildRules = (
			);
			dependencies = (
				F6C435DA2CAFAF8500E979EC /* PBXTargetDependency */,
			);
			name = Haruhanjul;
			productName = Haruhanjul;
			productReference = BC90C4132CAF99B200292310 /* Haruhanjul.app */;
			productType = "com.apple.product-type.application";
		};
		F6C435CB2CAFAF8200E979EC /* HaruhanjulWidgetExtension */ = {
			isa = PBXNativeTarget;
			buildConfigurationList = F6C435DD2CAFAF8500E979EC /* Build configuration list for PBXNativeTarget "HaruhanjulWidgetExtension" */;
			buildPhases = (
				F6C435C82CAFAF8200E979EC /* Sources */,
				F6C435C92CAFAF8200E979EC /* Frameworks */,
				F6C435CA2CAFAF8200E979EC /* Resources */,
			);
			buildRules = (
			);
			dependencies = (
			);
			fileSystemSynchronizedGroups = (
				F6C435D12CAFAF8200E979EC /* HaruhanjulWidget */,
			);
			name = HaruhanjulWidgetExtension;
			packageProductDependencies = (
			);
			productName = HaruhanjulWidgetExtension;
			productReference = F6C435CC2CAFAF8200E979EC /* HaruhanjulWidgetExtension.appex */;
			productType = "com.apple.product-type.app-extension";
		};
/* End PBXNativeTarget section */

/* Begin PBXProject section */
		BC90C40B2CAF99B200292310 /* Project object */ = {
			isa = PBXProject;
			attributes = {
				BuildIndependentTargetsInParallel = 1;
				LastSwiftUpdateCheck = 1600;
				LastUpgradeCheck = 1540;
				TargetAttributes = {
					BC90C4122CAF99B200292310 = {
						CreatedOnToolsVersion = 15.4;
					};
					F6C435CB2CAFAF8200E979EC = {
						CreatedOnToolsVersion = 16.0;
					};
				};
			};
			buildConfigurationList = BC90C40E2CAF99B200292310 /* Build configuration list for PBXProject "Haruhanjul" */;
			compatibilityVersion = "Xcode 14.0";
			developmentRegion = en;
			hasScannedForEncodings = 0;
			knownRegions = (
				en,
				Base,
			);
			mainGroup = BC90C40A2CAF99B200292310;
			productRefGroup = BC90C4142CAF99B200292310 /* Products */;
			projectDirPath = "";
			projectRoot = "";
			targets = (
				BC90C4122CAF99B200292310 /* Haruhanjul */,
				F6C435CB2CAFAF8200E979EC /* HaruhanjulWidgetExtension */,
			);
		};
/* End PBXProject section */

/* Begin PBXResourcesBuildPhase section */
		BC90C4112CAF99B200292310 /* Resources */ = {
			isa = PBXResourcesBuildPhase;
			buildActionMask = 2147483647;
			files = (
				BC90C41E2CAF99B300292310 /* Preview Assets.xcassets in Resources */,
				BC90C41B2CAF99B300292310 /* Assets.xcassets in Resources */,
			);
			runOnlyForDeploymentPostprocessing = 0;
		};
		F6C435CA2CAFAF8200E979EC /* Resources */ = {
			isa = PBXResourcesBuildPhase;
			buildActionMask = 2147483647;
			files = (
			);
			runOnlyForDeploymentPostprocessing = 0;
		};
/* End PBXResourcesBuildPhase section */

/* Begin PBXShellScriptBuildPhase section */
		6125F7BEE9ACF9377CDA8384 /* [CP] Copy Pods Resources */ = {
			isa = PBXShellScriptBuildPhase;
			buildActionMask = 2147483647;
			files = (
			);
			inputFileListPaths = (
				"${PODS_ROOT}/Target Support Files/Pods-Haruhanjul/Pods-Haruhanjul-resources-${CONFIGURATION}-input-files.xcfilelist",
			);
			name = "[CP] Copy Pods Resources";
			outputFileListPaths = (
				"${PODS_ROOT}/Target Support Files/Pods-Haruhanjul/Pods-Haruhanjul-resources-${CONFIGURATION}-output-files.xcfilelist",
			);
			runOnlyForDeploymentPostprocessing = 0;
			shellPath = /bin/sh;
			shellScript = "\"${PODS_ROOT}/Target Support Files/Pods-Haruhanjul/Pods-Haruhanjul-resources.sh\"\n";
			showEnvVarsInLog = 0;
		};
		8728130052A026154443989D /* [CP] Check Pods Manifest.lock */ = {
			isa = PBXShellScriptBuildPhase;
			buildActionMask = 2147483647;
			files = (
			);
			inputFileListPaths = (
			);
			inputPaths = (
				"${PODS_PODFILE_DIR_PATH}/Podfile.lock",
				"${PODS_ROOT}/Manifest.lock",
			);
			name = "[CP] Check Pods Manifest.lock";
			outputFileListPaths = (
			);
			outputPaths = (
				"$(DERIVED_FILE_DIR)/Pods-Haruhanjul-checkManifestLockResult.txt",
			);
			runOnlyForDeploymentPostprocessing = 0;
			shellPath = /bin/sh;
			shellScript = "diff \"${PODS_PODFILE_DIR_PATH}/Podfile.lock\" \"${PODS_ROOT}/Manifest.lock\" > /dev/null\nif [ $? != 0 ] ; then\n    # print error to STDERR\n    echo \"error: The sandbox is not in sync with the Podfile.lock. Run 'pod install' or update your CocoaPods installation.\" >&2\n    exit 1\nfi\n# This output is used by Xcode 'outputs' to avoid re-running this script phase.\necho \"SUCCESS\" > \"${SCRIPT_OUTPUT_FILE_0}\"\n";
			showEnvVarsInLog = 0;
		};
		A50B9F306D715C1F49FEA3E3 /* [CP] Embed Pods Frameworks */ = {
			isa = PBXShellScriptBuildPhase;
			buildActionMask = 2147483647;
			files = (
			);
			inputFileListPaths = (
				"${PODS_ROOT}/Target Support Files/Pods-Haruhanjul/Pods-Haruhanjul-frameworks-${CONFIGURATION}-input-files.xcfilelist",
			);
			name = "[CP] Embed Pods Frameworks";
			outputFileListPaths = (
				"${PODS_ROOT}/Target Support Files/Pods-Haruhanjul/Pods-Haruhanjul-frameworks-${CONFIGURATION}-output-files.xcfilelist",
			);
			runOnlyForDeploymentPostprocessing = 0;
			shellPath = /bin/sh;
			shellScript = "\"${PODS_ROOT}/Target Support Files/Pods-Haruhanjul/Pods-Haruhanjul-frameworks.sh\"\n";
			showEnvVarsInLog = 0;
		};
/* End PBXShellScriptBuildPhase section */

/* Begin PBXSourcesBuildPhase section */
		BC90C40F2CAF99B200292310 /* Sources */ = {
			isa = PBXSourcesBuildPhase;
			buildActionMask = 2147483647;
			files = (
				BC90C43E2CAF9C3300292310 /* CurlView.swift in Sources */,
				BC90C43A2CAF9BFB00292310 /* AdviceEntity.swift in Sources */,
				BC90C4202CAF99B300292310 /* Persistence.swift in Sources */,
				BC90C4422CAF9C5900292310 /* UserDefault.swift in Sources */,
				BC90C4232CAF99B300292310 /* Haruhanjul.xcdatamodeld in Sources */,
				BCA6F6D42CBEBFF9009468FF /* BookmarkView.swift in Sources */,
				BC90C4402CAF9C4000292310 /* CardViewModel.swift in Sources */,
				BC90C43C2CAF9C1C00292310 /* Translation.swift in Sources */,
				BCA6F6DB2CBECF4B009468FF /* CDBookmark+CoreDataProperties.swift in Sources */,
				BCA6F6DC2CBECF4B009468FF /* CDBookmark+CoreDataClass.swift in Sources */,
				BC90C4172CAF99B200292310 /* HaruhanjulApp.swift in Sources */,
				BC90C4362CAF9BCC00292310 /* MainTabView.swift in Sources */,
				BCA6F6DF2CBEEDAC009468FF /* CDAdviceEntity+CoreDataProperties.swift in Sources */,
				BCA6F6E02CBEEDAC009468FF /* CDAdviceEntity+CoreDataClass.swift in Sources */,
				BCA6F6E22CBEF235009468FF /* PeelEffect.swift in Sources */,
				BC90C4382CAF9BDF00292310 /* AdviceDTO.swift in Sources */,
			);
			runOnlyForDeploymentPostprocessing = 0;
		};
		F6C435C82CAFAF8200E979EC /* Sources */ = {
			isa = PBXSourcesBuildPhase;
			buildActionMask = 2147483647;
			files = (
				BCA6F6912CB0083D009468FF /* UserDefault.swift in Sources */,
			);
			runOnlyForDeploymentPostprocessing = 0;
		};
/* End PBXSourcesBuildPhase section */

/* Begin PBXTargetDependency section */
		F6C435DA2CAFAF8500E979EC /* PBXTargetDependency */ = {
			isa = PBXTargetDependency;
			target = F6C435CB2CAFAF8200E979EC /* HaruhanjulWidgetExtension */;
			targetProxy = F6C435D92CAFAF8500E979EC /* PBXContainerItemProxy */;
		};
/* End PBXTargetDependency section */

/* Begin XCBuildConfiguration section */
		BC90C4242CAF99B300292310 /* Debug */ = {
			isa = XCBuildConfiguration;
			buildSettings = {
				ALWAYS_SEARCH_USER_PATHS = NO;
				ASSETCATALOG_COMPILER_GENERATE_SWIFT_ASSET_SYMBOL_EXTENSIONS = YES;
				CLANG_ANALYZER_NONNULL = YES;
				CLANG_ANALYZER_NUMBER_OBJECT_CONVERSION = YES_AGGRESSIVE;
				CLANG_CXX_LANGUAGE_STANDARD = "gnu++20";
				CLANG_ENABLE_MODULES = YES;
				CLANG_ENABLE_OBJC_ARC = YES;
				CLANG_ENABLE_OBJC_WEAK = YES;
				CLANG_WARN_BLOCK_CAPTURE_AUTORELEASING = YES;
				CLANG_WARN_BOOL_CONVERSION = YES;
				CLANG_WARN_COMMA = YES;
				CLANG_WARN_CONSTANT_CONVERSION = YES;
				CLANG_WARN_DEPRECATED_OBJC_IMPLEMENTATIONS = YES;
				CLANG_WARN_DIRECT_OBJC_ISA_USAGE = YES_ERROR;
				CLANG_WARN_DOCUMENTATION_COMMENTS = YES;
				CLANG_WARN_EMPTY_BODY = YES;
				CLANG_WARN_ENUM_CONVERSION = YES;
				CLANG_WARN_INFINITE_RECURSION = YES;
				CLANG_WARN_INT_CONVERSION = YES;
				CLANG_WARN_NON_LITERAL_NULL_CONVERSION = YES;
				CLANG_WARN_OBJC_IMPLICIT_RETAIN_SELF = YES;
				CLANG_WARN_OBJC_LITERAL_CONVERSION = YES;
				CLANG_WARN_OBJC_ROOT_CLASS = YES_ERROR;
				CLANG_WARN_QUOTED_INCLUDE_IN_FRAMEWORK_HEADER = YES;
				CLANG_WARN_RANGE_LOOP_ANALYSIS = YES;
				CLANG_WARN_STRICT_PROTOTYPES = YES;
				CLANG_WARN_SUSPICIOUS_MOVE = YES;
				CLANG_WARN_UNGUARDED_AVAILABILITY = YES_AGGRESSIVE;
				CLANG_WARN_UNREACHABLE_CODE = YES;
				CLANG_WARN__DUPLICATE_METHOD_MATCH = YES;
				COPY_PHASE_STRIP = NO;
				DEBUG_INFORMATION_FORMAT = dwarf;
				ENABLE_STRICT_OBJC_MSGSEND = YES;
				ENABLE_TESTABILITY = YES;
				ENABLE_USER_SCRIPT_SANDBOXING = YES;
				GCC_C_LANGUAGE_STANDARD = gnu17;
				GCC_DYNAMIC_NO_PIC = NO;
				GCC_NO_COMMON_BLOCKS = YES;
				GCC_OPTIMIZATION_LEVEL = 0;
				GCC_PREPROCESSOR_DEFINITIONS = (
					"DEBUG=1",
					"$(inherited)",
				);
				GCC_WARN_64_TO_32_BIT_CONVERSION = YES;
				GCC_WARN_ABOUT_RETURN_TYPE = YES_ERROR;
				GCC_WARN_UNDECLARED_SELECTOR = YES;
				GCC_WARN_UNINITIALIZED_AUTOS = YES_AGGRESSIVE;
				GCC_WARN_UNUSED_FUNCTION = YES;
				GCC_WARN_UNUSED_VARIABLE = YES;
				IPHONEOS_DEPLOYMENT_TARGET = 17.5;
				LOCALIZATION_PREFERS_STRING_CATALOGS = YES;
				MTL_ENABLE_DEBUG_INFO = INCLUDE_SOURCE;
				MTL_FAST_MATH = YES;
				ONLY_ACTIVE_ARCH = YES;
				SDKROOT = iphoneos;
				SWIFT_ACTIVE_COMPILATION_CONDITIONS = "DEBUG $(inherited)";
				SWIFT_OPTIMIZATION_LEVEL = "-Onone";
			};
			name = Debug;
		};
		BC90C4252CAF99B300292310 /* Release */ = {
			isa = XCBuildConfiguration;
			buildSettings = {
				ALWAYS_SEARCH_USER_PATHS = NO;
				ASSETCATALOG_COMPILER_GENERATE_SWIFT_ASSET_SYMBOL_EXTENSIONS = YES;
				CLANG_ANALYZER_NONNULL = YES;
				CLANG_ANALYZER_NUMBER_OBJECT_CONVERSION = YES_AGGRESSIVE;
				CLANG_CXX_LANGUAGE_STANDARD = "gnu++20";
				CLANG_ENABLE_MODULES = YES;
				CLANG_ENABLE_OBJC_ARC = YES;
				CLANG_ENABLE_OBJC_WEAK = YES;
				CLANG_WARN_BLOCK_CAPTURE_AUTORELEASING = YES;
				CLANG_WARN_BOOL_CONVERSION = YES;
				CLANG_WARN_COMMA = YES;
				CLANG_WARN_CONSTANT_CONVERSION = YES;
				CLANG_WARN_DEPRECATED_OBJC_IMPLEMENTATIONS = YES;
				CLANG_WARN_DIRECT_OBJC_ISA_USAGE = YES_ERROR;
				CLANG_WARN_DOCUMENTATION_COMMENTS = YES;
				CLANG_WARN_EMPTY_BODY = YES;
				CLANG_WARN_ENUM_CONVERSION = YES;
				CLANG_WARN_INFINITE_RECURSION = YES;
				CLANG_WARN_INT_CONVERSION = YES;
				CLANG_WARN_NON_LITERAL_NULL_CONVERSION = YES;
				CLANG_WARN_OBJC_IMPLICIT_RETAIN_SELF = YES;
				CLANG_WARN_OBJC_LITERAL_CONVERSION = YES;
				CLANG_WARN_OBJC_ROOT_CLASS = YES_ERROR;
				CLANG_WARN_QUOTED_INCLUDE_IN_FRAMEWORK_HEADER = YES;
				CLANG_WARN_RANGE_LOOP_ANALYSIS = YES;
				CLANG_WARN_STRICT_PROTOTYPES = YES;
				CLANG_WARN_SUSPICIOUS_MOVE = YES;
				CLANG_WARN_UNGUARDED_AVAILABILITY = YES_AGGRESSIVE;
				CLANG_WARN_UNREACHABLE_CODE = YES;
				CLANG_WARN__DUPLICATE_METHOD_MATCH = YES;
				COPY_PHASE_STRIP = NO;
				DEBUG_INFORMATION_FORMAT = "dwarf-with-dsym";
				ENABLE_NS_ASSERTIONS = NO;
				ENABLE_STRICT_OBJC_MSGSEND = YES;
				ENABLE_USER_SCRIPT_SANDBOXING = YES;
				GCC_C_LANGUAGE_STANDARD = gnu17;
				GCC_NO_COMMON_BLOCKS = YES;
				GCC_WARN_64_TO_32_BIT_CONVERSION = YES;
				GCC_WARN_ABOUT_RETURN_TYPE = YES_ERROR;
				GCC_WARN_UNDECLARED_SELECTOR = YES;
				GCC_WARN_UNINITIALIZED_AUTOS = YES_AGGRESSIVE;
				GCC_WARN_UNUSED_FUNCTION = YES;
				GCC_WARN_UNUSED_VARIABLE = YES;
				IPHONEOS_DEPLOYMENT_TARGET = 17.5;
				LOCALIZATION_PREFERS_STRING_CATALOGS = YES;
				MTL_ENABLE_DEBUG_INFO = NO;
				MTL_FAST_MATH = YES;
				SDKROOT = iphoneos;
				SWIFT_COMPILATION_MODE = wholemodule;
				VALIDATE_PRODUCT = YES;
			};
			name = Release;
		};
		BC90C4272CAF99B300292310 /* Debug */ = {
			isa = XCBuildConfiguration;
			baseConfigurationReference = E77B8D879F6E87C466878B7E /* Pods-Haruhanjul.debug.xcconfig */;
			buildSettings = {
				ASSETCATALOG_COMPILER_APPICON_NAME = AppIcon;
				ASSETCATALOG_COMPILER_GLOBAL_ACCENT_COLOR_NAME = AccentColor;
				CODE_SIGN_ENTITLEMENTS = Haruhanjul/Haruhanjul.entitlements;
				CODE_SIGN_IDENTITY = "Apple Development";
				CODE_SIGN_STYLE = Automatic;
				CURRENT_PROJECT_VERSION = 1;
				DEVELOPMENT_ASSET_PATHS = "\"Haruhanjul/Preview Content\"";
				DEVELOPMENT_TEAM = 3URYLCPH2H;
				ENABLE_PREVIEWS = YES;
				ENABLE_USER_SCRIPT_SANDBOXING = NO;
				GENERATE_INFOPLIST_FILE = YES;
				INFOPLIST_KEY_UIApplicationSceneManifest_Generation = YES;
				INFOPLIST_KEY_UIApplicationSupportsIndirectInputEvents = YES;
				INFOPLIST_KEY_UILaunchScreen_Generation = YES;
				INFOPLIST_KEY_UISupportedInterfaceOrientations_iPad = "UIInterfaceOrientationPortrait UIInterfaceOrientationPortraitUpsideDown UIInterfaceOrientationLandscapeLeft UIInterfaceOrientationLandscapeRight";
				INFOPLIST_KEY_UISupportedInterfaceOrientations_iPhone = "UIInterfaceOrientationPortrait UIInterfaceOrientationLandscapeLeft UIInterfaceOrientationLandscapeRight";
				INFOPLIST_KEY_UIUserInterfaceStyle = Light;
				IPHONEOS_DEPLOYMENT_TARGET = 15.0;
				LD_RUNPATH_SEARCH_PATHS = (
					"$(inherited)",
					"@executable_path/Frameworks",
				);
				MARKETING_VERSION = 1.0;
				PRODUCT_BUNDLE_IDENTIFIER = com.daehaa.Haruhanjul;
				PRODUCT_NAME = "$(TARGET_NAME)";
				PROVISIONING_PROFILE_SPECIFIER = "";
				SWIFT_EMIT_LOC_STRINGS = YES;
				SWIFT_VERSION = 5.0;
				TARGETED_DEVICE_FAMILY = "1,2";
			};
			name = Debug;
		};
		BC90C4282CAF99B300292310 /* Release */ = {
			isa = XCBuildConfiguration;
			baseConfigurationReference = 71CFCCF3043728EA949D5199 /* Pods-Haruhanjul.release.xcconfig */;
			buildSettings = {
				ASSETCATALOG_COMPILER_APPICON_NAME = AppIcon;
				ASSETCATALOG_COMPILER_GLOBAL_ACCENT_COLOR_NAME = AccentColor;
				CODE_SIGN_ENTITLEMENTS = Haruhanjul/Haruhanjul.entitlements;
				CODE_SIGN_IDENTITY = "Apple Development";
				CODE_SIGN_STYLE = Automatic;
				CURRENT_PROJECT_VERSION = 1;
				DEVELOPMENT_ASSET_PATHS = "\"Haruhanjul/Preview Content\"";
				DEVELOPMENT_TEAM = 3URYLCPH2H;
				ENABLE_PREVIEWS = YES;
				ENABLE_USER_SCRIPT_SANDBOXING = NO;
				GENERATE_INFOPLIST_FILE = YES;
				INFOPLIST_KEY_UIApplicationSceneManifest_Generation = YES;
				INFOPLIST_KEY_UIApplicationSupportsIndirectInputEvents = YES;
				INFOPLIST_KEY_UILaunchScreen_Generation = YES;
				INFOPLIST_KEY_UISupportedInterfaceOrientations_iPad = "UIInterfaceOrientationPortrait UIInterfaceOrientationPortraitUpsideDown UIInterfaceOrientationLandscapeLeft UIInterfaceOrientationLandscapeRight";
				INFOPLIST_KEY_UISupportedInterfaceOrientations_iPhone = "UIInterfaceOrientationPortrait UIInterfaceOrientationLandscapeLeft UIInterfaceOrientationLandscapeRight";
				INFOPLIST_KEY_UIUserInterfaceStyle = Light;
				IPHONEOS_DEPLOYMENT_TARGET = 15.0;
				LD_RUNPATH_SEARCH_PATHS = (
					"$(inherited)",
					"@executable_path/Frameworks",
				);
				MARKETING_VERSION = 1.0;
				PRODUCT_BUNDLE_IDENTIFIER = com.daehaa.Haruhanjul;
				PRODUCT_NAME = "$(TARGET_NAME)";
				PROVISIONING_PROFILE_SPECIFIER = "";
				SWIFT_EMIT_LOC_STRINGS = YES;
				SWIFT_VERSION = 5.0;
				TARGETED_DEVICE_FAMILY = "1,2";
			};
			name = Release;
		};
		F6C435DE2CAFAF8500E979EC /* Debug */ = {
			isa = XCBuildConfiguration;
			buildSettings = {
				ASSETCATALOG_COMPILER_GLOBAL_ACCENT_COLOR_NAME = AccentColor;
				ASSETCATALOG_COMPILER_WIDGET_BACKGROUND_COLOR_NAME = WidgetBackground;
				CODE_SIGN_ENTITLEMENTS = HaruhanjulWidgetExtension.entitlements;
				CODE_SIGN_IDENTITY = "Apple Development";
				CODE_SIGN_STYLE = Automatic;
				CURRENT_PROJECT_VERSION = 1;
				DEVELOPMENT_TEAM = 3URYLCPH2H;
				GENERATE_INFOPLIST_FILE = YES;
				INFOPLIST_FILE = HaruhanjulWidget/Info.plist;
				INFOPLIST_KEY_CFBundleDisplayName = HaruhanjulWidget;
				INFOPLIST_KEY_NSHumanReadableCopyright = "";
				IPHONEOS_DEPLOYMENT_TARGET = 15.0;
				LD_RUNPATH_SEARCH_PATHS = (
					"$(inherited)",
					"@executable_path/Frameworks",
					"@executable_path/../../Frameworks",
				);
				MARKETING_VERSION = 1.0;
				PRODUCT_BUNDLE_IDENTIFIER = com.daehaa.Haruhanjul.HaruhanjulWidget;
				PRODUCT_NAME = "$(TARGET_NAME)";
				PROVISIONING_PROFILE_SPECIFIER = "";
				SKIP_INSTALL = YES;
				SWIFT_EMIT_LOC_STRINGS = YES;
				SWIFT_VERSION = 5.0;
				TARGETED_DEVICE_FAMILY = "1,2";
			};
			name = Debug;
		};
		F6C435DF2CAFAF8500E979EC /* Release */ = {
			isa = XCBuildConfiguration;
			buildSettings = {
				ASSETCATALOG_COMPILER_GLOBAL_ACCENT_COLOR_NAME = AccentColor;
				ASSETCATALOG_COMPILER_WIDGET_BACKGROUND_COLOR_NAME = WidgetBackground;
				CODE_SIGN_ENTITLEMENTS = HaruhanjulWidgetExtension.entitlements;
				CODE_SIGN_IDENTITY = "Apple Development";
				CODE_SIGN_STYLE = Automatic;
				CURRENT_PROJECT_VERSION = 1;
				DEVELOPMENT_TEAM = 3URYLCPH2H;
				GENERATE_INFOPLIST_FILE = YES;
				INFOPLIST_FILE = HaruhanjulWidget/Info.plist;
				INFOPLIST_KEY_CFBundleDisplayName = HaruhanjulWidget;
				INFOPLIST_KEY_NSHumanReadableCopyright = "";
				IPHONEOS_DEPLOYMENT_TARGET = 15.0;
				LD_RUNPATH_SEARCH_PATHS = (
					"$(inherited)",
					"@executable_path/Frameworks",
					"@executable_path/../../Frameworks",
				);
				MARKETING_VERSION = 1.0;
				PRODUCT_BUNDLE_IDENTIFIER = com.daehaa.Haruhanjul.HaruhanjulWidget;
				PRODUCT_NAME = "$(TARGET_NAME)";
				PROVISIONING_PROFILE_SPECIFIER = "";
				SKIP_INSTALL = YES;
				SWIFT_EMIT_LOC_STRINGS = YES;
				SWIFT_VERSION = 5.0;
				TARGETED_DEVICE_FAMILY = "1,2";
			};
			name = Release;
		};
/* End XCBuildConfiguration section */

/* Begin XCConfigurationList section */
		BC90C40E2CAF99B200292310 /* Build configuration list for PBXProject "Haruhanjul" */ = {
			isa = XCConfigurationList;
			buildConfigurations = (
				BC90C4242CAF99B300292310 /* Debug */,
				BC90C4252CAF99B300292310 /* Release */,
			);
			defaultConfigurationIsVisible = 0;
			defaultConfigurationName = Release;
		};
		BC90C4262CAF99B300292310 /* Build configuration list for PBXNativeTarget "Haruhanjul" */ = {
			isa = XCConfigurationList;
			buildConfigurations = (
				BC90C4272CAF99B300292310 /* Debug */,
				BC90C4282CAF99B300292310 /* Release */,
			);
			defaultConfigurationIsVisible = 0;
			defaultConfigurationName = Release;
		};
		F6C435DD2CAFAF8500E979EC /* Build configuration list for PBXNativeTarget "HaruhanjulWidgetExtension" */ = {
			isa = XCConfigurationList;
			buildConfigurations = (
				F6C435DE2CAFAF8500E979EC /* Debug */,
				F6C435DF2CAFAF8500E979EC /* Release */,
			);
			defaultConfigurationIsVisible = 0;
			defaultConfigurationName = Release;
		};
/* End XCConfigurationList section */

/* Begin XCVersionGroup section */
		BC90C4212CAF99B300292310 /* Haruhanjul.xcdatamodeld */ = {
			isa = XCVersionGroup;
			children = (
				BC90C4222CAF99B300292310 /* Haruhanjul.xcdatamodel */,
			);
			currentVersion = BC90C4222CAF99B300292310 /* Haruhanjul.xcdatamodel */;
			path = Haruhanjul.xcdatamodeld;
			sourceTree = "<group>";
			versionGroupType = wrapper.xcdatamodel;
		};
/* End XCVersionGroup section */
	};
	rootObject = BC90C40B2CAF99B200292310 /* Project object */;
}
