// !$*UTF8*$!
{
	archiveVersion = 1;
	classes = {
	};
	objectVersion = 56;
	objects = {

/* Begin PBXBuildFile section */
		9C2852E9554E68FB28E68CF1 /* Pods_HaruhanjulWidgetExtension.framework in Frameworks */ = {isa = PBXBuildFile; fileRef = 12BE6B30E7395A8516FE40D5 /* Pods_HaruhanjulWidgetExtension.framework */; };
		BC3B39C32C88C1660020ECE3 /* CardViewModel.swift in Sources */ = {isa = PBXBuildFile; fileRef = BC3B39C22C88C1660020ECE3 /* CardViewModel.swift */; };
		BC5246C62C80E04200D36A0C /* CurlView.swift in Sources */ = {isa = PBXBuildFile; fileRef = BC5246C52C80E04200D36A0C /* CurlView.swift */; };
		BC8858A22C92C47C0042664C /* AdviceEntity.swift in Sources */ = {isa = PBXBuildFile; fileRef = BC88589E2C92C47C0042664C /* AdviceEntity.swift */; };
		BC8858A32C92C47C0042664C /* Translation.swift in Sources */ = {isa = PBXBuildFile; fileRef = BC88589F2C92C47C0042664C /* Translation.swift */; };
		E118832A2323A00FFE0C28C4 /* Pods_Haruhanjul.framework in Frameworks */ = {isa = PBXBuildFile; fileRef = D7C427C7FF8EDEF8F4D57086 /* Pods_Haruhanjul.framework */; };
		F61BEEC72C93E42E00F8A62B /* Advice.swift in Sources */ = {isa = PBXBuildFile; fileRef = BC88589E2C92C47C0042664C /* Advice.swift */; };
		F61BEECA2C93E6B200F8A62B /* UserDefault.swift in Sources */ = {isa = PBXBuildFile; fileRef = F61BEEC92C93E6B200F8A62B /* UserDefault.swift */; };
		F62B3F3E2C7C15A700B05608 /* WidgetKit.framework in Frameworks */ = {isa = PBXBuildFile; fileRef = F62B3F3D2C7C15A600B05608 /* WidgetKit.framework */; };
		F62B3F402C7C15A700B05608 /* SwiftUI.framework in Frameworks */ = {isa = PBXBuildFile; fileRef = F62B3F3F2C7C15A700B05608 /* SwiftUI.framework */; };
		F62B3F432C7C15A700B05608 /* HaruhanjulWidgetBundle.swift in Sources */ = {isa = PBXBuildFile; fileRef = F62B3F422C7C15A700B05608 /* HaruhanjulWidgetBundle.swift */; };
		F62B3F452C7C15A700B05608 /* HaruhanjulWidgetLiveActivity.swift in Sources */ = {isa = PBXBuildFile; fileRef = F62B3F442C7C15A700B05608 /* HaruhanjulWidgetLiveActivity.swift */; };
		F62B3F472C7C15A700B05608 /* HaruhanjulWidget.swift in Sources */ = {isa = PBXBuildFile; fileRef = F62B3F462C7C15A700B05608 /* HaruhanjulWidget.swift */; };
		F62B3F492C7C15A700B05608 /* AppIntent.swift in Sources */ = {isa = PBXBuildFile; fileRef = F62B3F482C7C15A700B05608 /* AppIntent.swift */; };
		F62B3F4B2C7C15AA00B05608 /* Assets.xcassets in Resources */ = {isa = PBXBuildFile; fileRef = F62B3F4A2C7C15AA00B05608 /* Assets.xcassets */; };
		F62B3F4F2C7C15AA00B05608 /* HaruhanjulWidgetExtension.appex in Embed Foundation Extensions */ = {isa = PBXBuildFile; fileRef = F62B3F3B2C7C15A600B05608 /* HaruhanjulWidgetExtension.appex */; settings = {ATTRIBUTES = (RemoveHeadersOnCopy, ); }; };
		F66849412C74225D0023143B /* HaruhanjulApp.swift in Sources */ = {isa = PBXBuildFile; fileRef = F66849402C74225D0023143B /* HaruhanjulApp.swift */; };
		F66849432C74225D0023143B /* MainTabView.swift in Sources */ = {isa = PBXBuildFile; fileRef = F66849422C74225D0023143B /* MainTabView.swift */; };
		F66849452C7422610023143B /* Assets.xcassets in Resources */ = {isa = PBXBuildFile; fileRef = F66849442C7422610023143B /* Assets.xcassets */; };
		F66849482C7422610023143B /* Preview Assets.xcassets in Resources */ = {isa = PBXBuildFile; fileRef = F66849472C7422610023143B /* Preview Assets.xcassets */; };
		F66FEF152C9039E100544BB6 /* HaruhanjulTests.swift in Sources */ = {isa = PBXBuildFile; fileRef = F66FEF142C9039E100544BB6 /* HaruhanjulTests.swift */; };
		F66FEF1C2C903B2500544BB6 /* TranslateTextTests.swift in Sources */ = {isa = PBXBuildFile; fileRef = F66FEF1B2C903B2500544BB6 /* TranslateTextTests.swift */; };
/* End PBXBuildFile section */

/* Begin PBXContainerItemProxy section */
		F62B3F4D2C7C15AA00B05608 /* PBXContainerItemProxy */ = {
			isa = PBXContainerItemProxy;
			containerPortal = F66849352C74225D0023143B /* Project object */;
			proxyType = 1;
			remoteGlobalIDString = F62B3F3A2C7C15A600B05608;
			remoteInfo = HaruhanjulWidgetExtension;
		};
		F66FEF162C9039E100544BB6 /* PBXContainerItemProxy */ = {
			isa = PBXContainerItemProxy;
			containerPortal = F66849352C74225D0023143B /* Project object */;
			proxyType = 1;
			remoteGlobalIDString = F668493C2C74225D0023143B;
			remoteInfo = Haruhanjul;
		};
/* End PBXContainerItemProxy section */

/* Begin PBXCopyFilesBuildPhase section */
		F62B3F502C7C15AA00B05608 /* Embed Foundation Extensions */ = {
			isa = PBXCopyFilesBuildPhase;
			buildActionMask = 2147483647;
			dstPath = "";
			dstSubfolderSpec = 13;
			files = (
				F62B3F4F2C7C15AA00B05608 /* HaruhanjulWidgetExtension.appex in Embed Foundation Extensions */,
			);
			name = "Embed Foundation Extensions";
			runOnlyForDeploymentPostprocessing = 0;
		};
/* End PBXCopyFilesBuildPhase section */

/* Begin PBXFileReference section */
		12BE6B30E7395A8516FE40D5 /* Pods_HaruhanjulWidgetExtension.framework */ = {isa = PBXFileReference; explicitFileType = wrapper.framework; includeInIndex = 0; path = Pods_HaruhanjulWidgetExtension.framework; sourceTree = BUILT_PRODUCTS_DIR; };
		373F7B975DC10D192D15A054 /* Pods-HaruhanjulWidgetExtension.debug.xcconfig */ = {isa = PBXFileReference; includeInIndex = 1; lastKnownFileType = text.xcconfig; name = "Pods-HaruhanjulWidgetExtension.debug.xcconfig"; path = "Target Support Files/Pods-HaruhanjulWidgetExtension/Pods-HaruhanjulWidgetExtension.debug.xcconfig"; sourceTree = "<group>"; };
		8811E5342D4727BCDC3FD0F4 /* Pods-Haruhanjul.release.xcconfig */ = {isa = PBXFileReference; includeInIndex = 1; lastKnownFileType = text.xcconfig; name = "Pods-Haruhanjul.release.xcconfig"; path = "Target Support Files/Pods-Haruhanjul/Pods-Haruhanjul.release.xcconfig"; sourceTree = "<group>"; };
		BC3B39C22C88C1660020ECE3 /* CardViewModel.swift */ = {isa = PBXFileReference; lastKnownFileType = sourcecode.swift; path = CardViewModel.swift; sourceTree = "<group>"; };
		BC5246C52C80E04200D36A0C /* CurlView.swift */ = {isa = PBXFileReference; lastKnownFileType = sourcecode.swift; path = CurlView.swift; sourceTree = "<group>"; };
		BC88589E2C92C47C0042664C /* AdviceEntity.swift */ = {isa = PBXFileReference; fileEncoding = 4; lastKnownFileType = sourcecode.swift; path = AdviceEntity.swift; sourceTree = "<group>"; };
		BC88589F2C92C47C0042664C /* Translation.swift */ = {isa = PBXFileReference; fileEncoding = 4; lastKnownFileType = sourcecode.swift; path = Translation.swift; sourceTree = "<group>"; };
		BF473C870869AC71263D00C0 /* Pods-Haruhanjul.debug.xcconfig */ = {isa = PBXFileReference; includeInIndex = 1; lastKnownFileType = text.xcconfig; name = "Pods-Haruhanjul.debug.xcconfig"; path = "Target Support Files/Pods-Haruhanjul/Pods-Haruhanjul.debug.xcconfig"; sourceTree = "<group>"; };
		C40EEE79F3A6EA942BC6C44D /* Pods-HaruhanjulWidgetExtension.release.xcconfig */ = {isa = PBXFileReference; includeInIndex = 1; lastKnownFileType = text.xcconfig; name = "Pods-HaruhanjulWidgetExtension.release.xcconfig"; path = "Target Support Files/Pods-HaruhanjulWidgetExtension/Pods-HaruhanjulWidgetExtension.release.xcconfig"; sourceTree = "<group>"; };
		D7C427C7FF8EDEF8F4D57086 /* Pods_Haruhanjul.framework */ = {isa = PBXFileReference; explicitFileType = wrapper.framework; includeInIndex = 0; path = Pods_Haruhanjul.framework; sourceTree = BUILT_PRODUCTS_DIR; };
		F61BEEC92C93E6B200F8A62B /* UserDefault.swift */ = {isa = PBXFileReference; lastKnownFileType = sourcecode.swift; path = UserDefault.swift; sourceTree = "<group>"; };
		F62B3F3B2C7C15A600B05608 /* HaruhanjulWidgetExtension.appex */ = {isa = PBXFileReference; explicitFileType = "wrapper.app-extension"; includeInIndex = 0; path = HaruhanjulWidgetExtension.appex; sourceTree = BUILT_PRODUCTS_DIR; };
		F62B3F3D2C7C15A600B05608 /* WidgetKit.framework */ = {isa = PBXFileReference; lastKnownFileType = wrapper.framework; name = WidgetKit.framework; path = System/Library/Frameworks/WidgetKit.framework; sourceTree = SDKROOT; };
		F62B3F3F2C7C15A700B05608 /* SwiftUI.framework */ = {isa = PBXFileReference; lastKnownFileType = wrapper.framework; name = SwiftUI.framework; path = System/Library/Frameworks/SwiftUI.framework; sourceTree = SDKROOT; };
		F62B3F422C7C15A700B05608 /* HaruhanjulWidgetBundle.swift */ = {isa = PBXFileReference; lastKnownFileType = sourcecode.swift; path = HaruhanjulWidgetBundle.swift; sourceTree = "<group>"; };
		F62B3F442C7C15A700B05608 /* HaruhanjulWidgetLiveActivity.swift */ = {isa = PBXFileReference; lastKnownFileType = sourcecode.swift; path = HaruhanjulWidgetLiveActivity.swift; sourceTree = "<group>"; };
		F62B3F462C7C15A700B05608 /* HaruhanjulWidget.swift */ = {isa = PBXFileReference; lastKnownFileType = sourcecode.swift; path = HaruhanjulWidget.swift; sourceTree = "<group>"; };
		F62B3F482C7C15A700B05608 /* AppIntent.swift */ = {isa = PBXFileReference; lastKnownFileType = sourcecode.swift; path = AppIntent.swift; sourceTree = "<group>"; };
		F62B3F4A2C7C15AA00B05608 /* Assets.xcassets */ = {isa = PBXFileReference; lastKnownFileType = folder.assetcatalog; path = Assets.xcassets; sourceTree = "<group>"; };
		F62B3F4C2C7C15AA00B05608 /* Info.plist */ = {isa = PBXFileReference; lastKnownFileType = text.plist.xml; path = Info.plist; sourceTree = "<group>"; };
		F668493D2C74225D0023143B /* Haruhanjul.app */ = {isa = PBXFileReference; explicitFileType = wrapper.application; includeInIndex = 0; path = Haruhanjul.app; sourceTree = BUILT_PRODUCTS_DIR; };
		F66849402C74225D0023143B /* HaruhanjulApp.swift */ = {isa = PBXFileReference; lastKnownFileType = sourcecode.swift; path = HaruhanjulApp.swift; sourceTree = "<group>"; };
		F66849422C74225D0023143B /* MainTabView.swift */ = {isa = PBXFileReference; lastKnownFileType = sourcecode.swift; path = MainTabView.swift; sourceTree = "<group>"; };
		F66849442C7422610023143B /* Assets.xcassets */ = {isa = PBXFileReference; lastKnownFileType = folder.assetcatalog; path = Assets.xcassets; sourceTree = "<group>"; };
		F66849472C7422610023143B /* Preview Assets.xcassets */ = {isa = PBXFileReference; lastKnownFileType = folder.assetcatalog; path = "Preview Assets.xcassets"; sourceTree = "<group>"; };
		F66FEF122C9039E000544BB6 /* HaruhanjulTests.xctest */ = {isa = PBXFileReference; explicitFileType = wrapper.cfbundle; includeInIndex = 0; path = HaruhanjulTests.xctest; sourceTree = BUILT_PRODUCTS_DIR; };
		F66FEF142C9039E100544BB6 /* HaruhanjulTests.swift */ = {isa = PBXFileReference; lastKnownFileType = sourcecode.swift; path = HaruhanjulTests.swift; sourceTree = "<group>"; };
		F66FEF1B2C903B2500544BB6 /* TranslateTextTests.swift */ = {isa = PBXFileReference; lastKnownFileType = sourcecode.swift; path = TranslateTextTests.swift; sourceTree = "<group>"; };
/* End PBXFileReference section */

/* Begin PBXFrameworksBuildPhase section */
		F62B3F382C7C15A600B05608 /* Frameworks */ = {
			isa = PBXFrameworksBuildPhase;
			buildActionMask = 2147483647;
			files = (
				F62B3F402C7C15A700B05608 /* SwiftUI.framework in Frameworks */,
				F62B3F3E2C7C15A700B05608 /* WidgetKit.framework in Frameworks */,
				9C2852E9554E68FB28E68CF1 /* Pods_HaruhanjulWidgetExtension.framework in Frameworks */,
			);
			runOnlyForDeploymentPostprocessing = 0;
		};
		F668493A2C74225D0023143B /* Frameworks */ = {
			isa = PBXFrameworksBuildPhase;
			buildActionMask = 2147483647;
			files = (
				E118832A2323A00FFE0C28C4 /* Pods_Haruhanjul.framework in Frameworks */,
			);
			runOnlyForDeploymentPostprocessing = 0;
		};
		F66FEF0F2C9039E000544BB6 /* Frameworks */ = {
			isa = PBXFrameworksBuildPhase;
			buildActionMask = 2147483647;
			files = (
			);
			runOnlyForDeploymentPostprocessing = 0;
		};
/* End PBXFrameworksBuildPhase section */

/* Begin PBXGroup section */
		532FF5F738B8801BE5C7EBC9 /* Pods */ = {
			isa = PBXGroup;
			children = (
				BF473C870869AC71263D00C0 /* Pods-Haruhanjul.debug.xcconfig */,
				8811E5342D4727BCDC3FD0F4 /* Pods-Haruhanjul.release.xcconfig */,
				373F7B975DC10D192D15A054 /* Pods-HaruhanjulWidgetExtension.debug.xcconfig */,
				C40EEE79F3A6EA942BC6C44D /* Pods-HaruhanjulWidgetExtension.release.xcconfig */,
			);
			path = Pods;
			sourceTree = "<group>";
		};
		BC3B39BE2C88BE970020ECE3 /* Presentation */ = {
			isa = PBXGroup;
			children = (
				BC3B39BF2C88BEAF0020ECE3 /* Card */,
			);
			path = Presentation;
			sourceTree = "<group>";
		};
		BC3B39BF2C88BEAF0020ECE3 /* Card */ = {
			isa = PBXGroup;
			children = (
				BC3B39C02C88C0320020ECE3 /* View */,
				BC3B39C12C88C0370020ECE3 /* ViewModel */,
			);
			path = Card;
			sourceTree = "<group>";
		};
		BC3B39C02C88C0320020ECE3 /* View */ = {
			isa = PBXGroup;
			children = (
				BC5246C52C80E04200D36A0C /* CurlView.swift */,
			);
			path = View;
			sourceTree = "<group>";
		};
		BC3B39C12C88C0370020ECE3 /* ViewModel */ = {
			isa = PBXGroup;
			children = (
				BC3B39C22C88C1660020ECE3 /* CardViewModel.swift */,
			);
			path = ViewModel;
			sourceTree = "<group>";
		};
		BC8858A02C92C47C0042664C /* Entities */ = {
			isa = PBXGroup;
			children = (
				BC88589E2C92C47C0042664C /* AdviceEntity.swift */,
				BC88589F2C92C47C0042664C /* Translation.swift */,
			);
			path = Entities;
			sourceTree = "<group>";
		};
		BC8858A12C92C47C0042664C /* Domain */ = {
			isa = PBXGroup;
			children = (
				BC8858A02C92C47C0042664C /* Entities */,
			);
			path = Domain;
			sourceTree = "<group>";
		};
		F61BEEC82C93E69900F8A62B /* Utils */ = {
			isa = PBXGroup;
			children = (
				F61BEEC92C93E6B200F8A62B /* UserDefault.swift */,
			);
			path = Utils;
			sourceTree = "<group>";
		};
		F62B3F3C2C7C15A600B05608 /* Frameworks */ = {
			isa = PBXGroup;
			children = (
				F62B3F3D2C7C15A600B05608 /* WidgetKit.framework */,
				F62B3F3F2C7C15A700B05608 /* SwiftUI.framework */,
				D7C427C7FF8EDEF8F4D57086 /* Pods_Haruhanjul.framework */,
				12BE6B30E7395A8516FE40D5 /* Pods_HaruhanjulWidgetExtension.framework */,
			);
			name = Frameworks;
			sourceTree = "<group>";
		};
		F62B3F412C7C15A700B05608 /* HaruhanjulWidget */ = {
			isa = PBXGroup;
			children = (
				F62B3F422C7C15A700B05608 /* HaruhanjulWidgetBundle.swift */,
				F62B3F442C7C15A700B05608 /* HaruhanjulWidgetLiveActivity.swift */,
				F62B3F462C7C15A700B05608 /* HaruhanjulWidget.swift */,
				F62B3F482C7C15A700B05608 /* AppIntent.swift */,
				F62B3F4A2C7C15AA00B05608 /* Assets.xcassets */,
				F62B3F4C2C7C15AA00B05608 /* Info.plist */,
			);
			path = HaruhanjulWidget;
			sourceTree = "<group>";
		};
		F66849342C74225D0023143B = {
			isa = PBXGroup;
			children = (
				F668493F2C74225D0023143B /* Haruhanjul */,
				F62B3F412C7C15A700B05608 /* HaruhanjulWidget */,
				F66FEF132C9039E100544BB6 /* HaruhanjulTests */,
				F62B3F3C2C7C15A600B05608 /* Frameworks */,
				F668493E2C74225D0023143B /* Products */,
				532FF5F738B8801BE5C7EBC9 /* Pods */,
			);
			sourceTree = "<group>";
		};
		F668493E2C74225D0023143B /* Products */ = {
			isa = PBXGroup;
			children = (
				F668493D2C74225D0023143B /* Haruhanjul.app */,
				F62B3F3B2C7C15A600B05608 /* HaruhanjulWidgetExtension.appex */,
				F66FEF122C9039E000544BB6 /* HaruhanjulTests.xctest */,
			);
			name = Products;
			sourceTree = "<group>";
		};
		F668493F2C74225D0023143B /* Haruhanjul */ = {
			isa = PBXGroup;
			children = (
				F66849512C742A870023143B /* App */,
				BC8858A12C92C47C0042664C /* Domain */,
				BC3B39BE2C88BE970020ECE3 /* Presentation */,
				F61BEEC82C93E69900F8A62B /* Utils */,
				F66849502C742A7C0023143B /* Resource */,
				F66849462C7422610023143B /* Preview Content */,
			);
			path = Haruhanjul;
			sourceTree = "<group>";
		};
		F66849462C7422610023143B /* Preview Content */ = {
			isa = PBXGroup;
			children = (
				F66849472C7422610023143B /* Preview Assets.xcassets */,
			);
			path = "Preview Content";
			sourceTree = "<group>";
		};
		F66849502C742A7C0023143B /* Resource */ = {
			isa = PBXGroup;
			children = (
				F66849442C7422610023143B /* Assets.xcassets */,
			);
			path = Resource;
			sourceTree = "<group>";
		};
		F66849512C742A870023143B /* App */ = {
			isa = PBXGroup;
			children = (
				F66849402C74225D0023143B /* HaruhanjulApp.swift */,
				F66849422C74225D0023143B /* MainTabView.swift */,
			);
			path = App;
			sourceTree = "<group>";
		};
		F66FEF132C9039E100544BB6 /* HaruhanjulTests */ = {
			isa = PBXGroup;
			children = (
				F66FEF142C9039E100544BB6 /* HaruhanjulTests.swift */,
				F66FEF1B2C903B2500544BB6 /* TranslateTextTests.swift */,
			);
			path = HaruhanjulTests;
			sourceTree = "<group>";
		};
/* End PBXGroup section */

/* Begin PBXNativeTarget section */
		F62B3F3A2C7C15A600B05608 /* HaruhanjulWidgetExtension */ = {
			isa = PBXNativeTarget;
			buildConfigurationList = F62B3F532C7C15AA00B05608 /* Build configuration list for PBXNativeTarget "HaruhanjulWidgetExtension" */;
			buildPhases = (
				2A681E6EF342FF75F516D07E /* [CP] Check Pods Manifest.lock */,
				F62B3F372C7C15A600B05608 /* Sources */,
				F62B3F382C7C15A600B05608 /* Frameworks */,
				F62B3F392C7C15A600B05608 /* Resources */,
			);
			buildRules = (
			);
			dependencies = (
			);
			name = HaruhanjulWidgetExtension;
			productName = HaruhanjulWidgetExtension;
			productReference = F62B3F3B2C7C15A600B05608 /* HaruhanjulWidgetExtension.appex */;
			productType = "com.apple.product-type.app-extension";
		};
		F668493C2C74225D0023143B /* Haruhanjul */ = {
			isa = PBXNativeTarget;
			buildConfigurationList = F668494B2C7422610023143B /* Build configuration list for PBXNativeTarget "Haruhanjul" */;
			buildPhases = (
				6C364DB13ECD6C87CA7F89B5 /* [CP] Check Pods Manifest.lock */,
				F66849392C74225D0023143B /* Sources */,
				F668493A2C74225D0023143B /* Frameworks */,
				F668493B2C74225D0023143B /* Resources */,
				F62B3F502C7C15AA00B05608 /* Embed Foundation Extensions */,
				3D6000BDD689FFD0893508E0 /* [CP] Embed Pods Frameworks */,
				8745602AC881CE407A884588 /* [CP] Copy Pods Resources */,
			);
			buildRules = (
			);
			dependencies = (
				F62B3F4E2C7C15AA00B05608 /* PBXTargetDependency */,
			);
			name = Haruhanjul;
			productName = Haruhanjul;
			productReference = F668493D2C74225D0023143B /* Haruhanjul.app */;
			productType = "com.apple.product-type.application";
		};
		F66FEF112C9039E000544BB6 /* HaruhanjulTests */ = {
			isa = PBXNativeTarget;
			buildConfigurationList = F66FEF182C9039E100544BB6 /* Build configuration list for PBXNativeTarget "HaruhanjulTests" */;
			buildPhases = (
				F66FEF0E2C9039E000544BB6 /* Sources */,
				F66FEF0F2C9039E000544BB6 /* Frameworks */,
				F66FEF102C9039E000544BB6 /* Resources */,
			);
			buildRules = (
			);
			dependencies = (
				F66FEF172C9039E100544BB6 /* PBXTargetDependency */,
			);
			name = HaruhanjulTests;
			productName = HaruhanjulTests;
			productReference = F66FEF122C9039E000544BB6 /* HaruhanjulTests.xctest */;
			productType = "com.apple.product-type.bundle.unit-test";
		};
/* End PBXNativeTarget section */

/* Begin PBXProject section */
		F66849352C74225D0023143B /* Project object */ = {
			isa = PBXProject;
			attributes = {
				BuildIndependentTargetsInParallel = 1;
				LastSwiftUpdateCheck = 1540;
				LastUpgradeCheck = 1540;
				TargetAttributes = {
					F62B3F3A2C7C15A600B05608 = {
						CreatedOnToolsVersion = 15.4;
					};
					F668493C2C74225D0023143B = {
						CreatedOnToolsVersion = 15.4;
					};
					F66FEF112C9039E000544BB6 = {
						CreatedOnToolsVersion = 15.4;
						TestTargetID = F668493C2C74225D0023143B;
					};
				};
			};
			buildConfigurationList = F66849382C74225D0023143B /* Build configuration list for PBXProject "Haruhanjul" */;
			compatibilityVersion = "Xcode 14.0";
			developmentRegion = en;
			hasScannedForEncodings = 0;
			knownRegions = (
				en,
				Base,
			);
			mainGroup = F66849342C74225D0023143B;
			productRefGroup = F668493E2C74225D0023143B /* Products */;
			projectDirPath = "";
			projectRoot = "";
			targets = (
				F668493C2C74225D0023143B /* Haruhanjul */,
				F62B3F3A2C7C15A600B05608 /* HaruhanjulWidgetExtension */,
				F66FEF112C9039E000544BB6 /* HaruhanjulTests */,
			);
		};
/* End PBXProject section */

/* Begin PBXResourcesBuildPhase section */
		F62B3F392C7C15A600B05608 /* Resources */ = {
			isa = PBXResourcesBuildPhase;
			buildActionMask = 2147483647;
			files = (
				F62B3F4B2C7C15AA00B05608 /* Assets.xcassets in Resources */,
			);
			runOnlyForDeploymentPostprocessing = 0;
		};
		F668493B2C74225D0023143B /* Resources */ = {
			isa = PBXResourcesBuildPhase;
			buildActionMask = 2147483647;
			files = (
				F66849482C7422610023143B /* Preview Assets.xcassets in Resources */,
				F66849452C7422610023143B /* Assets.xcassets in Resources */,
			);
			runOnlyForDeploymentPostprocessing = 0;
		};
		F66FEF102C9039E000544BB6 /* Resources */ = {
			isa = PBXResourcesBuildPhase;
			buildActionMask = 2147483647;
			files = (
			);
			runOnlyForDeploymentPostprocessing = 0;
		};
/* End PBXResourcesBuildPhase section */

/* Begin PBXShellScriptBuildPhase section */
		2A681E6EF342FF75F516D07E /* [CP] Check Pods Manifest.lock */ = {
			isa = PBXShellScriptBuildPhase;
			buildActionMask = 2147483647;
			files = (
			);
			inputFileListPaths = (
			);
			inputPaths = (
				"${PODS_PODFILE_DIR_PATH}/Podfile.lock",
				"${PODS_ROOT}/Manifest.lock",
			);
			name = "[CP] Check Pods Manifest.lock";
			outputFileListPaths = (
			);
			outputPaths = (
				"$(DERIVED_FILE_DIR)/Pods-HaruhanjulWidgetExtension-checkManifestLockResult.txt",
			);
			runOnlyForDeploymentPostprocessing = 0;
			shellPath = /bin/sh;
			shellScript = "diff \"${PODS_PODFILE_DIR_PATH}/Podfile.lock\" \"${PODS_ROOT}/Manifest.lock\" > /dev/null\nif [ $? != 0 ] ; then\n    # print error to STDERR\n    echo \"error: The sandbox is not in sync with the Podfile.lock. Run 'pod install' or update your CocoaPods installation.\" >&2\n    exit 1\nfi\n# This output is used by Xcode 'outputs' to avoid re-running this script phase.\necho \"SUCCESS\" > \"${SCRIPT_OUTPUT_FILE_0}\"\n";
			showEnvVarsInLog = 0;
		};
		3D6000BDD689FFD0893508E0 /* [CP] Embed Pods Frameworks */ = {
			isa = PBXShellScriptBuildPhase;
			buildActionMask = 2147483647;
			files = (
			);
			inputFileListPaths = (
				"${PODS_ROOT}/Target Support Files/Pods-Haruhanjul/Pods-Haruhanjul-frameworks-${CONFIGURATION}-input-files.xcfilelist",
			);
			name = "[CP] Embed Pods Frameworks";
			outputFileListPaths = (
				"${PODS_ROOT}/Target Support Files/Pods-Haruhanjul/Pods-Haruhanjul-frameworks-${CONFIGURATION}-output-files.xcfilelist",
			);
			runOnlyForDeploymentPostprocessing = 0;
			shellPath = /bin/sh;
			shellScript = "\"${PODS_ROOT}/Target Support Files/Pods-Haruhanjul/Pods-Haruhanjul-frameworks.sh\"\n";
			showEnvVarsInLog = 0;
		};
		6C364DB13ECD6C87CA7F89B5 /* [CP] Check Pods Manifest.lock */ = {
			isa = PBXShellScriptBuildPhase;
			buildActionMask = 2147483647;
			files = (
			);
			inputFileListPaths = (
			);
			inputPaths = (
				"${PODS_PODFILE_DIR_PATH}/Podfile.lock",
				"${PODS_ROOT}/Manifest.lock",
			);
			name = "[CP] Check Pods Manifest.lock";
			outputFileListPaths = (
			);
			outputPaths = (
				"$(DERIVED_FILE_DIR)/Pods-Haruhanjul-checkManifestLockResult.txt",
			);
			runOnlyForDeploymentPostprocessing = 0;
			shellPath = /bin/sh;
			shellScript = "diff \"${PODS_PODFILE_DIR_PATH}/Podfile.lock\" \"${PODS_ROOT}/Manifest.lock\" > /dev/null\nif [ $? != 0 ] ; then\n    # print error to STDERR\n    echo \"error: The sandbox is not in sync with the Podfile.lock. Run 'pod install' or update your CocoaPods installation.\" >&2\n    exit 1\nfi\n# This output is used by Xcode 'outputs' to avoid re-running this script phase.\necho \"SUCCESS\" > \"${SCRIPT_OUTPUT_FILE_0}\"\n";
			showEnvVarsInLog = 0;
		};
		8745602AC881CE407A884588 /* [CP] Copy Pods Resources */ = {
			isa = PBXShellScriptBuildPhase;
			buildActionMask = 2147483647;
			files = (
			);
			inputFileListPaths = (
				"${PODS_ROOT}/Target Support Files/Pods-Haruhanjul/Pods-Haruhanjul-resources-${CONFIGURATION}-input-files.xcfilelist",
			);
			name = "[CP] Copy Pods Resources";
			outputFileListPaths = (
				"${PODS_ROOT}/Target Support Files/Pods-Haruhanjul/Pods-Haruhanjul-resources-${CONFIGURATION}-output-files.xcfilelist",
			);
			runOnlyForDeploymentPostprocessing = 0;
			shellPath = /bin/sh;
			shellScript = "\"${PODS_ROOT}/Target Support Files/Pods-Haruhanjul/Pods-Haruhanjul-resources.sh\"\n";
			showEnvVarsInLog = 0;
		};
/* End PBXShellScriptBuildPhase section */

/* Begin PBXSourcesBuildPhase section */
		F62B3F372C7C15A600B05608 /* Sources */ = {
			isa = PBXSourcesBuildPhase;
			buildActionMask = 2147483647;
			files = (
				F62B3F452C7C15A700B05608 /* HaruhanjulWidgetLiveActivity.swift in Sources */,
				F62B3F492C7C15A700B05608 /* AppIntent.swift in Sources */,
				F61BEEC72C93E42E00F8A62B /* Advice.swift in Sources */,
				F62B3F432C7C15A700B05608 /* HaruhanjulWidgetBundle.swift in Sources */,
				F62B3F472C7C15A700B05608 /* HaruhanjulWidget.swift in Sources */,
			);
			runOnlyForDeploymentPostprocessing = 0;
		};
		F66849392C74225D0023143B /* Sources */ = {
			isa = PBXSourcesBuildPhase;
			buildActionMask = 2147483647;
			files = (
				BC3B39C32C88C1660020ECE3 /* CardViewModel.swift in Sources */,
				F61BEECA2C93E6B200F8A62B /* UserDefault.swift in Sources */,
				BC5246C62C80E04200D36A0C /* CurlView.swift in Sources */,
				BC8858A22C92C47C0042664C /* AdviceEntity.swift in Sources */,
				F66849432C74225D0023143B /* MainTabView.swift in Sources */,
				F66849412C74225D0023143B /* HaruhanjulApp.swift in Sources */,
				BC8858A32C92C47C0042664C /* Translation.swift in Sources */,
			);
			runOnlyForDeploymentPostprocessing = 0;
		};
		F66FEF0E2C9039E000544BB6 /* Sources */ = {
			isa = PBXSourcesBuildPhase;
			buildActionMask = 2147483647;
			files = (
				F66FEF152C9039E100544BB6 /* HaruhanjulTests.swift in Sources */,
				F66FEF1C2C903B2500544BB6 /* TranslateTextTests.swift in Sources */,
			);
			runOnlyForDeploymentPostprocessing = 0;
		};
/* End PBXSourcesBuildPhase section */

/* Begin PBXTargetDependency section */
		F62B3F4E2C7C15AA00B05608 /* PBXTargetDependency */ = {
			isa = PBXTargetDependency;
			target = F62B3F3A2C7C15A600B05608 /* HaruhanjulWidgetExtension */;
			targetProxy = F62B3F4D2C7C15AA00B05608 /* PBXContainerItemProxy */;
		};
		F66FEF172C9039E100544BB6 /* PBXTargetDependency */ = {
			isa = PBXTargetDependency;
			target = F668493C2C74225D0023143B /* Haruhanjul */;
			targetProxy = F66FEF162C9039E100544BB6 /* PBXContainerItemProxy */;
		};
/* End PBXTargetDependency section */

/* Begin XCBuildConfiguration section */
		F62B3F512C7C15AA00B05608 /* Debug */ = {
			isa = XCBuildConfiguration;
			baseConfigurationReference = 373F7B975DC10D192D15A054 /* Pods-HaruhanjulWidgetExtension.debug.xcconfig */;
			buildSettings = {
				ASSETCATALOG_COMPILER_GLOBAL_ACCENT_COLOR_NAME = AccentColor;
				ASSETCATALOG_COMPILER_WIDGET_BACKGROUND_COLOR_NAME = WidgetBackground;
				CODE_SIGN_STYLE = Automatic;
				CURRENT_PROJECT_VERSION = 1;
				DEVELOPMENT_TEAM = C39BYRTABZ;
				GENERATE_INFOPLIST_FILE = YES;
				INFOPLIST_FILE = HaruhanjulWidget/Info.plist;
				INFOPLIST_KEY_CFBundleDisplayName = HaruhanjulWidget;
				INFOPLIST_KEY_NSHumanReadableCopyright = "";
				IPHONEOS_DEPLOYMENT_TARGET = 17.0;
				LD_RUNPATH_SEARCH_PATHS = (
					"$(inherited)",
					"@executable_path/Frameworks",
					"@executable_path/../../Frameworks",
				);
				MARKETING_VERSION = 1.0;
				PRODUCT_BUNDLE_IDENTIFIER = com.daeha.Haruhanjul.HaruhanjulWidget;
				PRODUCT_NAME = "$(TARGET_NAME)";
				SKIP_INSTALL = YES;
				SWIFT_EMIT_LOC_STRINGS = YES;
				SWIFT_VERSION = 5.0;
				TARGETED_DEVICE_FAMILY = "1,2";
			};
			name = Debug;
		};
		F62B3F522C7C15AA00B05608 /* Release */ = {
			isa = XCBuildConfiguration;
			baseConfigurationReference = C40EEE79F3A6EA942BC6C44D /* Pods-HaruhanjulWidgetExtension.release.xcconfig */;
			buildSettings = {
				ASSETCATALOG_COMPILER_GLOBAL_ACCENT_COLOR_NAME = AccentColor;
				ASSETCATALOG_COMPILER_WIDGET_BACKGROUND_COLOR_NAME = WidgetBackground;
				CODE_SIGN_STYLE = Automatic;
				CURRENT_PROJECT_VERSION = 1;
				DEVELOPMENT_TEAM = C39BYRTABZ;
				GENERATE_INFOPLIST_FILE = YES;
				INFOPLIST_FILE = HaruhanjulWidget/Info.plist;
				INFOPLIST_KEY_CFBundleDisplayName = HaruhanjulWidget;
				INFOPLIST_KEY_NSHumanReadableCopyright = "";
				IPHONEOS_DEPLOYMENT_TARGET = 17.0;
				LD_RUNPATH_SEARCH_PATHS = (
					"$(inherited)",
					"@executable_path/Frameworks",
					"@executable_path/../../Frameworks",
				);
				MARKETING_VERSION = 1.0;
				PRODUCT_BUNDLE_IDENTIFIER = com.daeha.Haruhanjul.HaruhanjulWidget;
				PRODUCT_NAME = "$(TARGET_NAME)";
				SKIP_INSTALL = YES;
				SWIFT_EMIT_LOC_STRINGS = YES;
				SWIFT_VERSION = 5.0;
				TARGETED_DEVICE_FAMILY = "1,2";
			};
			name = Release;
		};
		F66849492C7422610023143B /* Debug */ = {
			isa = XCBuildConfiguration;
			buildSettings = {
				ALWAYS_SEARCH_USER_PATHS = NO;
				ASSETCATALOG_COMPILER_GENERATE_SWIFT_ASSET_SYMBOL_EXTENSIONS = YES;
				CLANG_ANALYZER_NONNULL = YES;
				CLANG_ANALYZER_NUMBER_OBJECT_CONVERSION = YES_AGGRESSIVE;
				CLANG_CXX_LANGUAGE_STANDARD = "gnu++20";
				CLANG_ENABLE_MODULES = YES;
				CLANG_ENABLE_OBJC_ARC = YES;
				CLANG_ENABLE_OBJC_WEAK = YES;
				CLANG_WARN_BLOCK_CAPTURE_AUTORELEASING = YES;
				CLANG_WARN_BOOL_CONVERSION = YES;
				CLANG_WARN_COMMA = YES;
				CLANG_WARN_CONSTANT_CONVERSION = YES;
				CLANG_WARN_DEPRECATED_OBJC_IMPLEMENTATIONS = YES;
				CLANG_WARN_DIRECT_OBJC_ISA_USAGE = YES_ERROR;
				CLANG_WARN_DOCUMENTATION_COMMENTS = YES;
				CLANG_WARN_EMPTY_BODY = YES;
				CLANG_WARN_ENUM_CONVERSION = YES;
				CLANG_WARN_INFINITE_RECURSION = YES;
				CLANG_WARN_INT_CONVERSION = YES;
				CLANG_WARN_NON_LITERAL_NULL_CONVERSION = YES;
				CLANG_WARN_OBJC_IMPLICIT_RETAIN_SELF = YES;
				CLANG_WARN_OBJC_LITERAL_CONVERSION = YES;
				CLANG_WARN_OBJC_ROOT_CLASS = YES_ERROR;
				CLANG_WARN_QUOTED_INCLUDE_IN_FRAMEWORK_HEADER = YES;
				CLANG_WARN_RANGE_LOOP_ANALYSIS = YES;
				CLANG_WARN_STRICT_PROTOTYPES = YES;
				CLANG_WARN_SUSPICIOUS_MOVE = YES;
				CLANG_WARN_UNGUARDED_AVAILABILITY = YES_AGGRESSIVE;
				CLANG_WARN_UNREACHABLE_CODE = YES;
				CLANG_WARN__DUPLICATE_METHOD_MATCH = YES;
				COPY_PHASE_STRIP = NO;
				DEBUG_INFORMATION_FORMAT = dwarf;
				ENABLE_STRICT_OBJC_MSGSEND = YES;
				ENABLE_TESTABILITY = YES;
				ENABLE_USER_SCRIPT_SANDBOXING = YES;
				GCC_C_LANGUAGE_STANDARD = gnu17;
				GCC_DYNAMIC_NO_PIC = NO;
				GCC_NO_COMMON_BLOCKS = YES;
				GCC_OPTIMIZATION_LEVEL = 0;
				GCC_PREPROCESSOR_DEFINITIONS = (
					"DEBUG=1",
					"$(inherited)",
				);
				GCC_WARN_64_TO_32_BIT_CONVERSION = YES;
				GCC_WARN_ABOUT_RETURN_TYPE = YES_ERROR;
				GCC_WARN_UNDECLARED_SELECTOR = YES;
				GCC_WARN_UNINITIALIZED_AUTOS = YES_AGGRESSIVE;
				GCC_WARN_UNUSED_FUNCTION = YES;
				GCC_WARN_UNUSED_VARIABLE = YES;
				IPHONEOS_DEPLOYMENT_TARGET = 15.0;
				LOCALIZATION_PREFERS_STRING_CATALOGS = YES;
				MTL_ENABLE_DEBUG_INFO = INCLUDE_SOURCE;
				MTL_FAST_MATH = YES;
				ONLY_ACTIVE_ARCH = YES;
				SDKROOT = iphoneos;
				SWIFT_ACTIVE_COMPILATION_CONDITIONS = "DEBUG $(inherited)";
				SWIFT_OPTIMIZATION_LEVEL = "-Onone";
			};
			name = Debug;
		};
		F668494A2C7422610023143B /* Release */ = {
			isa = XCBuildConfiguration;
			buildSettings = {
				ALWAYS_SEARCH_USER_PATHS = NO;
				ASSETCATALOG_COMPILER_GENERATE_SWIFT_ASSET_SYMBOL_EXTENSIONS = YES;
				CLANG_ANALYZER_NONNULL = YES;
				CLANG_ANALYZER_NUMBER_OBJECT_CONVERSION = YES_AGGRESSIVE;
				CLANG_CXX_LANGUAGE_STANDARD = "gnu++20";
				CLANG_ENABLE_MODULES = YES;
				CLANG_ENABLE_OBJC_ARC = YES;
				CLANG_ENABLE_OBJC_WEAK = YES;
				CLANG_WARN_BLOCK_CAPTURE_AUTORELEASING = YES;
				CLANG_WARN_BOOL_CONVERSION = YES;
				CLANG_WARN_COMMA = YES;
				CLANG_WARN_CONSTANT_CONVERSION = YES;
				CLANG_WARN_DEPRECATED_OBJC_IMPLEMENTATIONS = YES;
				CLANG_WARN_DIRECT_OBJC_ISA_USAGE = YES_ERROR;
				CLANG_WARN_DOCUMENTATION_COMMENTS = YES;
				CLANG_WARN_EMPTY_BODY = YES;
				CLANG_WARN_ENUM_CONVERSION = YES;
				CLANG_WARN_INFINITE_RECURSION = YES;
				CLANG_WARN_INT_CONVERSION = YES;
				CLANG_WARN_NON_LITERAL_NULL_CONVERSION = YES;
				CLANG_WARN_OBJC_IMPLICIT_RETAIN_SELF = YES;
				CLANG_WARN_OBJC_LITERAL_CONVERSION = YES;
				CLANG_WARN_OBJC_ROOT_CLASS = YES_ERROR;
				CLANG_WARN_QUOTED_INCLUDE_IN_FRAMEWORK_HEADER = YES;
				CLANG_WARN_RANGE_LOOP_ANALYSIS = YES;
				CLANG_WARN_STRICT_PROTOTYPES = YES;
				CLANG_WARN_SUSPICIOUS_MOVE = YES;
				CLANG_WARN_UNGUARDED_AVAILABILITY = YES_AGGRESSIVE;
				CLANG_WARN_UNREACHABLE_CODE = YES;
				CLANG_WARN__DUPLICATE_METHOD_MATCH = YES;
				COPY_PHASE_STRIP = NO;
				DEBUG_INFORMATION_FORMAT = "dwarf-with-dsym";
				ENABLE_NS_ASSERTIONS = NO;
				ENABLE_STRICT_OBJC_MSGSEND = YES;
				ENABLE_USER_SCRIPT_SANDBOXING = YES;
				GCC_C_LANGUAGE_STANDARD = gnu17;
				GCC_NO_COMMON_BLOCKS = YES;
				GCC_WARN_64_TO_32_BIT_CONVERSION = YES;
				GCC_WARN_ABOUT_RETURN_TYPE = YES_ERROR;
				GCC_WARN_UNDECLARED_SELECTOR = YES;
				GCC_WARN_UNINITIALIZED_AUTOS = YES_AGGRESSIVE;
				GCC_WARN_UNUSED_FUNCTION = YES;
				GCC_WARN_UNUSED_VARIABLE = YES;
				IPHONEOS_DEPLOYMENT_TARGET = 15.0;
				LOCALIZATION_PREFERS_STRING_CATALOGS = YES;
				MTL_ENABLE_DEBUG_INFO = NO;
				MTL_FAST_MATH = YES;
				SDKROOT = iphoneos;
				SWIFT_COMPILATION_MODE = wholemodule;
				VALIDATE_PRODUCT = YES;
			};
			name = Release;
		};
		F668494C2C7422610023143B /* Debug */ = {
			isa = XCBuildConfiguration;
			baseConfigurationReference = BF473C870869AC71263D00C0 /* Pods-Haruhanjul.debug.xcconfig */;
			buildSettings = {
				ALWAYS_EMBED_SWIFT_STANDARD_LIBRARIES = YES;
				ASSETCATALOG_COMPILER_APPICON_NAME = AppIcon;
				ASSETCATALOG_COMPILER_GLOBAL_ACCENT_COLOR_NAME = AccentColor;
				CODE_SIGN_STYLE = Automatic;
				CURRENT_PROJECT_VERSION = 1;
				DEVELOPMENT_ASSET_PATHS = "\"Haruhanjul/Preview Content\"";
				DEVELOPMENT_TEAM = C39BYRTABZ;
				ENABLE_PREVIEWS = YES;
				ENABLE_USER_SCRIPT_SANDBOXING = NO;
				GENERATE_INFOPLIST_FILE = YES;
				INFOPLIST_KEY_CFBundleDisplayName = "하루 한줄";
				INFOPLIST_KEY_UIApplicationSceneManifest_Generation = YES;
				INFOPLIST_KEY_UIApplicationSupportsIndirectInputEvents = YES;
				INFOPLIST_KEY_UILaunchScreen_Generation = YES;
				INFOPLIST_KEY_UISupportedInterfaceOrientations = UIInterfaceOrientationPortrait;
				IPHONEOS_DEPLOYMENT_TARGET = 15.0;
				LD_RUNPATH_SEARCH_PATHS = (
					"$(inherited)",
					"@executable_path/Frameworks",
				);
				MARKETING_VERSION = 1.0;
				PRODUCT_BUNDLE_IDENTIFIER = com.daeha.Haruhanjul;
				PRODUCT_NAME = "$(TARGET_NAME)";
				SUPPORTED_PLATFORMS = "iphoneos iphonesimulator";
				SUPPORTS_MACCATALYST = NO;
				SUPPORTS_MAC_DESIGNED_FOR_IPHONE_IPAD = NO;
				SUPPORTS_XR_DESIGNED_FOR_IPHONE_IPAD = NO;
				SWIFT_EMIT_LOC_STRINGS = YES;
				SWIFT_VERSION = 5.0;
				TARGETED_DEVICE_FAMILY = "1,2";
			};
			name = Debug;
		};
		F668494D2C7422610023143B /* Release */ = {
			isa = XCBuildConfiguration;
			baseConfigurationReference = 8811E5342D4727BCDC3FD0F4 /* Pods-Haruhanjul.release.xcconfig */;
			buildSettings = {
				ALWAYS_EMBED_SWIFT_STANDARD_LIBRARIES = YES;
				ASSETCATALOG_COMPILER_APPICON_NAME = AppIcon;
				ASSETCATALOG_COMPILER_GLOBAL_ACCENT_COLOR_NAME = AccentColor;
				CODE_SIGN_STYLE = Automatic;
				CURRENT_PROJECT_VERSION = 1;
				DEVELOPMENT_ASSET_PATHS = "\"Haruhanjul/Preview Content\"";
				DEVELOPMENT_TEAM = C39BYRTABZ;
				ENABLE_PREVIEWS = YES;
				ENABLE_USER_SCRIPT_SANDBOXING = NO;
				GENERATE_INFOPLIST_FILE = YES;
				INFOPLIST_KEY_CFBundleDisplayName = "하루 한줄";
				INFOPLIST_KEY_UIApplicationSceneManifest_Generation = YES;
				INFOPLIST_KEY_UIApplicationSupportsIndirectInputEvents = YES;
				INFOPLIST_KEY_UILaunchScreen_Generation = YES;
				INFOPLIST_KEY_UISupportedInterfaceOrientations = UIInterfaceOrientationPortrait;
				IPHONEOS_DEPLOYMENT_TARGET = 15.0;
				LD_RUNPATH_SEARCH_PATHS = (
					"$(inherited)",
					"@executable_path/Frameworks",
				);
				MARKETING_VERSION = 1.0;
				PRODUCT_BUNDLE_IDENTIFIER = com.daeha.Haruhanjul;
				PRODUCT_NAME = "$(TARGET_NAME)";
				SUPPORTED_PLATFORMS = "iphoneos iphonesimulator";
				SUPPORTS_MACCATALYST = NO;
				SUPPORTS_MAC_DESIGNED_FOR_IPHONE_IPAD = NO;
				SUPPORTS_XR_DESIGNED_FOR_IPHONE_IPAD = NO;
				SWIFT_EMIT_LOC_STRINGS = YES;
				SWIFT_VERSION = 5.0;
				TARGETED_DEVICE_FAMILY = "1,2";
			};
			name = Release;
		};
		F66FEF192C9039E100544BB6 /* Debug */ = {
			isa = XCBuildConfiguration;
			buildSettings = {
				BUNDLE_LOADER = "$(TEST_HOST)";
				CODE_SIGN_STYLE = Automatic;
				CURRENT_PROJECT_VERSION = 1;
				DEVELOPMENT_TEAM = C39BYRTABZ;
				GENERATE_INFOPLIST_FILE = YES;
				IPHONEOS_DEPLOYMENT_TARGET = 15.0;
				MARKETING_VERSION = 1.0;
				PRODUCT_BUNDLE_IDENTIFIER = com.daeha.HaruhanjulTests;
				PRODUCT_NAME = "$(TARGET_NAME)";
				SWIFT_EMIT_LOC_STRINGS = NO;
				SWIFT_VERSION = 5.0;
				TARGETED_DEVICE_FAMILY = "1,2";
				TEST_HOST = "$(BUILT_PRODUCTS_DIR)/Haruhanjul.app/$(BUNDLE_EXECUTABLE_FOLDER_PATH)/Haruhanjul";
			};
			name = Debug;
		};
		F66FEF1A2C9039E100544BB6 /* Release */ = {
			isa = XCBuildConfiguration;
			buildSettings = {
				BUNDLE_LOADER = "$(TEST_HOST)";
				CODE_SIGN_STYLE = Automatic;
				CURRENT_PROJECT_VERSION = 1;
				DEVELOPMENT_TEAM = C39BYRTABZ;
				GENERATE_INFOPLIST_FILE = YES;
				IPHONEOS_DEPLOYMENT_TARGET = 15.0;
				MARKETING_VERSION = 1.0;
				PRODUCT_BUNDLE_IDENTIFIER = com.daeha.HaruhanjulTests;
				PRODUCT_NAME = "$(TARGET_NAME)";
				SWIFT_EMIT_LOC_STRINGS = NO;
				SWIFT_VERSION = 5.0;
				TARGETED_DEVICE_FAMILY = "1,2";
				TEST_HOST = "$(BUILT_PRODUCTS_DIR)/Haruhanjul.app/$(BUNDLE_EXECUTABLE_FOLDER_PATH)/Haruhanjul";
			};
			name = Release;
		};
/* End XCBuildConfiguration section */

/* Begin XCConfigurationList section */
		F62B3F532C7C15AA00B05608 /* Build configuration list for PBXNativeTarget "HaruhanjulWidgetExtension" */ = {
			isa = XCConfigurationList;
			buildConfigurations = (
				F62B3F512C7C15AA00B05608 /* Debug */,
				F62B3F522C7C15AA00B05608 /* Release */,
			);
			defaultConfigurationIsVisible = 0;
			defaultConfigurationName = Release;
		};
		F66849382C74225D0023143B /* Build configuration list for PBXProject "Haruhanjul" */ = {
			isa = XCConfigurationList;
			buildConfigurations = (
				F66849492C7422610023143B /* Debug */,
				F668494A2C7422610023143B /* Release */,
			);
			defaultConfigurationIsVisible = 0;
			defaultConfigurationName = Release;
		};
		F668494B2C7422610023143B /* Build configuration list for PBXNativeTarget "Haruhanjul" */ = {
			isa = XCConfigurationList;
			buildConfigurations = (
				F668494C2C7422610023143B /* Debug */,
				F668494D2C7422610023143B /* Release */,
			);
			defaultConfigurationIsVisible = 0;
			defaultConfigurationName = Release;
		};
		F66FEF182C9039E100544BB6 /* Build configuration list for PBXNativeTarget "HaruhanjulTests" */ = {
			isa = XCConfigurationList;
			buildConfigurations = (
				F66FEF192C9039E100544BB6 /* Debug */,
				F66FEF1A2C9039E100544BB6 /* Release */,
			);
			defaultConfigurationIsVisible = 0;
			defaultConfigurationName = Release;
		};
/* End XCConfigurationList section */
	};
	rootObject = F66849352C74225D0023143B /* Project object */;
}
