// !$*UTF8*$!
{
	archiveVersion = 1;
	classes = {
	};
	objectVersion = 56;
	objects = {

/* Begin PBXBuildFile section */
		BC6D6C652CCC6FD800BC0028 /* SettingView.swift in Sources */ = {isa = PBXBuildFile; fileRef = BC6D6C642CCC6FD800BC0028 /* SettingView.swift */; };
		BC6D6C682CCC712A00BC0028 /* BookmarkViewModel.swift in Sources */ = {isa = PBXBuildFile; fileRef = BC6D6C672CCC712A00BC0028 /* BookmarkViewModel.swift */; };
		BCE5718C2CCBEA96002EC931 /* BookmarkDetailView.swift in Sources */ = {isa = PBXBuildFile; fileRef = BCE5718B2CCBEA96002EC931 /* BookmarkDetailView.swift */; };
		BCE5718E2CCBF504002EC931 /* AdvicePage.swift in Sources */ = {isa = PBXBuildFile; fileRef = BCE5718D2CCBF504002EC931 /* AdvicePage.swift */; };
		F4B5CBE853C6CDA11F251550 /* Pods_Haruhanjul.framework in Frameworks */ = {isa = PBXBuildFile; fileRef = 21D0B68260262D9431F91094 /* Pods_Haruhanjul.framework */; };
		F6149A752CC8841A0028F2D4 /* ResourceKit.framework in Frameworks */ = {isa = PBXBuildFile; fileRef = F6C7401D2CC62B07003E9293 /* ResourceKit.framework */; };
		F6149A762CC8841B0028F2D4 /* ResourceKit.framework in Embed Frameworks */ = {isa = PBXBuildFile; fileRef = F6C7401D2CC62B07003E9293 /* ResourceKit.framework */; settings = {ATTRIBUTES = (CodeSignOnCopy, RemoveHeadersOnCopy, ); }; };
		F63FACFF2CC0E42B009A5867 /* HaruhanjulApp.swift in Sources */ = {isa = PBXBuildFile; fileRef = F63FACDC2CC0E42B009A5867 /* HaruhanjulApp.swift */; };
		F63FAD002CC0E42B009A5867 /* MainTabView.swift in Sources */ = {isa = PBXBuildFile; fileRef = F63FACDD2CC0E42B009A5867 /* MainTabView.swift */; };
		F63FAD012CC0E42B009A5867 /* CDAdviceEntity+CoreDataClass.swift in Sources */ = {isa = PBXBuildFile; fileRef = F63FACDF2CC0E42B009A5867 /* CDAdviceEntity+CoreDataClass.swift */; };
		F63FAD022CC0E42B009A5867 /* CDAdviceEntity+CoreDataProperties.swift in Sources */ = {isa = PBXBuildFile; fileRef = F63FACE02CC0E42B009A5867 /* CDAdviceEntity+CoreDataProperties.swift */; };
		F63FAD052CC0E42B009A5867 /* Haruhanjul.xcdatamodeld in Sources */ = {isa = PBXBuildFile; fileRef = F63FACE32CC0E42B009A5867 /* Haruhanjul.xcdatamodeld */; };
		F63FAD062CC0E42B009A5867 /* AdviceDTO.swift in Sources */ = {isa = PBXBuildFile; fileRef = F63FACE52CC0E42B009A5867 /* AdviceDTO.swift */; };
		F63FAD072CC0E42B009A5867 /* AdviceEntity.swift in Sources */ = {isa = PBXBuildFile; fileRef = F63FACE72CC0E42B009A5867 /* AdviceEntity.swift */; };
		F63FAD082CC0E42B009A5867 /* Persistence.swift in Sources */ = {isa = PBXBuildFile; fileRef = F63FACE82CC0E42B009A5867 /* Persistence.swift */; };
		F63FAD092CC0E42B009A5867 /* Translation.swift in Sources */ = {isa = PBXBuildFile; fileRef = F63FACE92CC0E42B009A5867 /* Translation.swift */; };
		F63FAD0A2CC0E42B009A5867 /* BookmarkView.swift in Sources */ = {isa = PBXBuildFile; fileRef = F63FACEC2CC0E42B009A5867 /* BookmarkView.swift */; };
		F63FAD0B2CC0E42B009A5867 /* CurlView.swift in Sources */ = {isa = PBXBuildFile; fileRef = F63FACEF2CC0E42B009A5867 /* CurlView.swift */; };
		F63FAD0C2CC0E42B009A5867 /* PeelEffect.swift in Sources */ = {isa = PBXBuildFile; fileRef = F63FACF02CC0E42B009A5867 /* PeelEffect.swift */; };
		F63FAD0D2CC0E42B009A5867 /* CardViewModel.swift in Sources */ = {isa = PBXBuildFile; fileRef = F63FACF22CC0E42B009A5867 /* CardViewModel.swift */; };
		F63FAD0E2CC0E42B009A5867 /* UserDefault.swift in Sources */ = {isa = PBXBuildFile; fileRef = F63FACFA2CC0E42B009A5867 /* UserDefault.swift */; };
		F63FAD0F2CC0E42B009A5867 /* Preview Assets.xcassets in Resources */ = {isa = PBXBuildFile; fileRef = F63FACF62CC0E42B009A5867 /* Preview Assets.xcassets */; };
		F63FAD112CC0E42B009A5867 /* UserDefault.swift in Sources */ = {isa = PBXBuildFile; fileRef = F63FACFA2CC0E42B009A5867 /* UserDefault.swift */; };
		F63FAD3C2CC0E4C6009A5867 /* Assets.xcassets in Resources */ = {isa = PBXBuildFile; fileRef = F63FAD332CC0E4C6009A5867 /* Assets.xcassets */; };
		F63FAD3E2CC0E4C6009A5867 /* AdviceEntry.swift in Sources */ = {isa = PBXBuildFile; fileRef = F63FAD352CC0E4C6009A5867 /* AdviceEntry.swift */; };
		F63FAD3F2CC0E4C6009A5867 /* HaruhanjulWidget.swift in Sources */ = {isa = PBXBuildFile; fileRef = F63FAD362CC0E4C6009A5867 /* HaruhanjulWidget.swift */; };
		F63FAD402CC0E4C6009A5867 /* HaruhanjulWidgetBundle.swift in Sources */ = {isa = PBXBuildFile; fileRef = F63FAD372CC0E4C6009A5867 /* HaruhanjulWidgetBundle.swift */; };
		F63FAD412CC0E4C6009A5867 /* HaruhanjulWidgetView.swift in Sources */ = {isa = PBXBuildFile; fileRef = F63FAD382CC0E4C6009A5867 /* HaruhanjulWidgetView.swift */; };
		F63FAD422CC0E4C6009A5867 /* Provider.swift in Sources */ = {isa = PBXBuildFile; fileRef = F63FAD3A2CC0E4C6009A5867 /* Provider.swift */; };
		F63FAD492CC0E671009A5867 /* LaunchScreen.storyboard in Resources */ = {isa = PBXBuildFile; fileRef = F63FAD482CC0E671009A5867 /* LaunchScreen.storyboard */; };
		F63FAD4B2CC0E747009A5867 /* LaunchScreen.swift in Sources */ = {isa = PBXBuildFile; fileRef = F63FAD4A2CC0E747009A5867 /* LaunchScreen.swift */; };
		F6C435CE2CAFAF8200E979EC /* WidgetKit.framework in Frameworks */ = {isa = PBXBuildFile; fileRef = F6C435CD2CAFAF8200E979EC /* WidgetKit.framework */; };
		F6C435D02CAFAF8200E979EC /* SwiftUI.framework in Frameworks */ = {isa = PBXBuildFile; fileRef = F6C435CF2CAFAF8200E979EC /* SwiftUI.framework */; };
		F6C435DB2CAFAF8500E979EC /* HaruhanjulWidgetExtension.appex in Embed Foundation Extensions */ = {isa = PBXBuildFile; fileRef = F6C435CC2CAFAF8200E979EC /* HaruhanjulWidgetExtension.appex */; settings = {ATTRIBUTES = (RemoveHeadersOnCopy, ); }; };
		F6C740252CC62EDF003E9293 /* Assets.xcassets in Resources */ = {isa = PBXBuildFile; fileRef = F6C740242CC62EDF003E9293 /* Assets.xcassets */; };
		F6C7406E2CC64B15003E9293 /* ResourceKit.framework in Frameworks */ = {isa = PBXBuildFile; fileRef = F6C7406D2CC64B15003E9293 /* ResourceKit.framework */; };
		F6C740702CC64B1E003E9293 /* ResourceKit.framework in Frameworks */ = {isa = PBXBuildFile; fileRef = F6C7406F2CC64B1E003E9293 /* ResourceKit.framework */; };
		F6C740792CC74414003E9293 /* ResourceKit.framework in Frameworks */ = {isa = PBXBuildFile; fileRef = F6C7401B2CC62A66003E9293 /* ResourceKit.framework */; };
		F6C7407A2CC74414003E9293 /* ResourceKit.framework in Embed Frameworks */ = {isa = PBXBuildFile; fileRef = F6C7401B2CC62A66003E9293 /* ResourceKit.framework */; settings = {ATTRIBUTES = (CodeSignOnCopy, RemoveHeadersOnCopy, ); }; };
/* End PBXBuildFile section */

/* Begin PBXContainerItemProxy section */
		F6C435D92CAFAF8500E979EC /* PBXContainerItemProxy */ = {
			isa = PBXContainerItemProxy;
			containerPortal = BC90C40B2CAF99B200292310 /* Project object */;
			proxyType = 1;
			remoteGlobalIDString = F6C435CB2CAFAF8200E979EC;
			remoteInfo = HaruhanjulWidgetExtension;
		};
/* End PBXContainerItemProxy section */

/* Begin PBXCopyFilesBuildPhase section */
		F6149A772CC8841B0028F2D4 /* Embed Frameworks */ = {
			isa = PBXCopyFilesBuildPhase;
			buildActionMask = 2147483647;
			dstPath = "";
			dstSubfolderSpec = 10;
			files = (
				F6149A762CC8841B0028F2D4 /* ResourceKit.framework in Embed Frameworks */,
			);
			name = "Embed Frameworks";
			runOnlyForDeploymentPostprocessing = 0;
		};
		F6C435E02CAFAF8500E979EC /* Embed Foundation Extensions */ = {
			isa = PBXCopyFilesBuildPhase;
			buildActionMask = 2147483647;
			dstPath = "";
			dstSubfolderSpec = 13;
			files = (
				F6C435DB2CAFAF8500E979EC /* HaruhanjulWidgetExtension.appex in Embed Foundation Extensions */,
			);
			name = "Embed Foundation Extensions";
			runOnlyForDeploymentPostprocessing = 0;
		};
		F6C7407B2CC74414003E9293 /* Embed Frameworks */ = {
			isa = PBXCopyFilesBuildPhase;
			buildActionMask = 2147483647;
			dstPath = "";
			dstSubfolderSpec = 10;
			files = (
				F6C7407A2CC74414003E9293 /* ResourceKit.framework in Embed Frameworks */,
			);
			name = "Embed Frameworks";
			runOnlyForDeploymentPostprocessing = 0;
		};
/* End PBXCopyFilesBuildPhase section */

/* Begin PBXFileReference section */
		21D0B68260262D9431F91094 /* Pods_Haruhanjul.framework */ = {isa = PBXFileReference; explicitFileType = wrapper.framework; includeInIndex = 0; path = Pods_Haruhanjul.framework; sourceTree = BUILT_PRODUCTS_DIR; };
		71CFCCF3043728EA949D5199 /* Pods-Haruhanjul.release.xcconfig */ = {isa = PBXFileReference; includeInIndex = 1; lastKnownFileType = text.xcconfig; name = "Pods-Haruhanjul.release.xcconfig"; path = "Target Support Files/Pods-Haruhanjul/Pods-Haruhanjul.release.xcconfig"; sourceTree = "<group>"; };
		BC6D6C642CCC6FD800BC0028 /* SettingView.swift */ = {isa = PBXFileReference; lastKnownFileType = sourcecode.swift; path = SettingView.swift; sourceTree = "<group>"; };
		BC6D6C672CCC712A00BC0028 /* BookmarkViewModel.swift */ = {isa = PBXFileReference; lastKnownFileType = sourcecode.swift; path = BookmarkViewModel.swift; sourceTree = "<group>"; };
		BC74156C2CC770C800C38000 /* Info.plist */ = {isa = PBXFileReference; lastKnownFileType = text.plist.xml; path = Info.plist; sourceTree = "<group>"; };
		BC90C4132CAF99B200292310 /* Haruhanjul.app */ = {isa = PBXFileReference; explicitFileType = wrapper.application; includeInIndex = 0; path = Haruhanjul.app; sourceTree = BUILT_PRODUCTS_DIR; };
		BCA6F6902CB0047D009468FF /* HaruhanjulWidgetExtension.entitlements */ = {isa = PBXFileReference; lastKnownFileType = text.plist.entitlements; name = HaruhanjulWidgetExtension.entitlements; path = HaruhanjulWidget/Config/HaruhanjulWidgetExtension.entitlements; sourceTree = SOURCE_ROOT; };
		BCE5718B2CCBEA96002EC931 /* BookmarkDetailView.swift */ = {isa = PBXFileReference; lastKnownFileType = sourcecode.swift; path = BookmarkDetailView.swift; sourceTree = "<group>"; };
		BCE5718D2CCBF504002EC931 /* AdvicePage.swift */ = {isa = PBXFileReference; lastKnownFileType = sourcecode.swift; path = AdvicePage.swift; sourceTree = "<group>"; };
		E77B8D879F6E87C466878B7E /* Pods-Haruhanjul.debug.xcconfig */ = {isa = PBXFileReference; includeInIndex = 1; lastKnownFileType = text.xcconfig; name = "Pods-Haruhanjul.debug.xcconfig"; path = "Target Support Files/Pods-Haruhanjul/Pods-Haruhanjul.debug.xcconfig"; sourceTree = "<group>"; };
		F63FACDC2CC0E42B009A5867 /* HaruhanjulApp.swift */ = {isa = PBXFileReference; lastKnownFileType = sourcecode.swift; path = HaruhanjulApp.swift; sourceTree = "<group>"; };
		F63FACDD2CC0E42B009A5867 /* MainTabView.swift */ = {isa = PBXFileReference; lastKnownFileType = sourcecode.swift; path = MainTabView.swift; sourceTree = "<group>"; };
		F63FACDF2CC0E42B009A5867 /* CDAdviceEntity+CoreDataClass.swift */ = {isa = PBXFileReference; lastKnownFileType = sourcecode.swift; path = "CDAdviceEntity+CoreDataClass.swift"; sourceTree = "<group>"; };
		F63FACE02CC0E42B009A5867 /* CDAdviceEntity+CoreDataProperties.swift */ = {isa = PBXFileReference; lastKnownFileType = sourcecode.swift; path = "CDAdviceEntity+CoreDataProperties.swift"; sourceTree = "<group>"; };
		F63FACE52CC0E42B009A5867 /* AdviceDTO.swift */ = {isa = PBXFileReference; lastKnownFileType = sourcecode.swift; path = AdviceDTO.swift; sourceTree = "<group>"; };
		F63FACE72CC0E42B009A5867 /* AdviceEntity.swift */ = {isa = PBXFileReference; lastKnownFileType = sourcecode.swift; path = AdviceEntity.swift; sourceTree = "<group>"; };
		F63FACE82CC0E42B009A5867 /* Persistence.swift */ = {isa = PBXFileReference; lastKnownFileType = sourcecode.swift; path = Persistence.swift; sourceTree = "<group>"; };
		F63FACE92CC0E42B009A5867 /* Translation.swift */ = {isa = PBXFileReference; lastKnownFileType = sourcecode.swift; path = Translation.swift; sourceTree = "<group>"; };
		F63FACEC2CC0E42B009A5867 /* BookmarkView.swift */ = {isa = PBXFileReference; lastKnownFileType = sourcecode.swift; path = BookmarkView.swift; sourceTree = "<group>"; };
		F63FACEF2CC0E42B009A5867 /* CurlView.swift */ = {isa = PBXFileReference; lastKnownFileType = sourcecode.swift; path = CurlView.swift; sourceTree = "<group>"; };
		F63FACF02CC0E42B009A5867 /* PeelEffect.swift */ = {isa = PBXFileReference; lastKnownFileType = sourcecode.swift; path = PeelEffect.swift; sourceTree = "<group>"; };
		F63FACF22CC0E42B009A5867 /* CardViewModel.swift */ = {isa = PBXFileReference; lastKnownFileType = sourcecode.swift; path = CardViewModel.swift; sourceTree = "<group>"; };
		F63FACF62CC0E42B009A5867 /* Preview Assets.xcassets */ = {isa = PBXFileReference; lastKnownFileType = folder.assetcatalog; path = "Preview Assets.xcassets"; sourceTree = "<group>"; };
		F63FACFA2CC0E42B009A5867 /* UserDefault.swift */ = {isa = PBXFileReference; lastKnownFileType = sourcecode.swift; path = UserDefault.swift; sourceTree = "<group>"; };
		F63FACFC2CC0E42B009A5867 /* Haruhanjul.entitlements */ = {isa = PBXFileReference; lastKnownFileType = text.plist.entitlements; name = Haruhanjul.entitlements; path = Haruhanjul/Config/Haruhanjul.entitlements; sourceTree = SOURCE_ROOT; };
		F63FACFE2CC0E42B009A5867 /* Haruhanjul.xcdatamodel */ = {isa = PBXFileReference; lastKnownFileType = wrapper.xcdatamodel; path = Haruhanjul.xcdatamodel; sourceTree = "<group>"; };
		F63FAD332CC0E4C6009A5867 /* Assets.xcassets */ = {isa = PBXFileReference; lastKnownFileType = folder.assetcatalog; path = Assets.xcassets; sourceTree = "<group>"; };
		F63FAD352CC0E4C6009A5867 /* AdviceEntry.swift */ = {isa = PBXFileReference; lastKnownFileType = sourcecode.swift; path = AdviceEntry.swift; sourceTree = "<group>"; };
		F63FAD362CC0E4C6009A5867 /* HaruhanjulWidget.swift */ = {isa = PBXFileReference; lastKnownFileType = sourcecode.swift; path = HaruhanjulWidget.swift; sourceTree = "<group>"; };
		F63FAD372CC0E4C6009A5867 /* HaruhanjulWidgetBundle.swift */ = {isa = PBXFileReference; lastKnownFileType = sourcecode.swift; path = HaruhanjulWidgetBundle.swift; sourceTree = "<group>"; };
		F63FAD382CC0E4C6009A5867 /* HaruhanjulWidgetView.swift */ = {isa = PBXFileReference; lastKnownFileType = sourcecode.swift; path = HaruhanjulWidgetView.swift; sourceTree = "<group>"; };
		F63FAD392CC0E4C6009A5867 /* Info.plist */ = {isa = PBXFileReference; lastKnownFileType = text.plist.xml; path = Info.plist; sourceTree = "<group>"; };
		F63FAD3A2CC0E4C6009A5867 /* Provider.swift */ = {isa = PBXFileReference; lastKnownFileType = sourcecode.swift; path = Provider.swift; sourceTree = "<group>"; };
		F63FAD482CC0E671009A5867 /* LaunchScreen.storyboard */ = {isa = PBXFileReference; lastKnownFileType = file.storyboard; path = LaunchScreen.storyboard; sourceTree = "<group>"; };
		F63FAD4A2CC0E747009A5867 /* LaunchScreen.swift */ = {isa = PBXFileReference; lastKnownFileType = sourcecode.swift; path = LaunchScreen.swift; sourceTree = "<group>"; };
		F6C435CC2CAFAF8200E979EC /* HaruhanjulWidgetExtension.appex */ = {isa = PBXFileReference; explicitFileType = "wrapper.app-extension"; includeInIndex = 0; path = HaruhanjulWidgetExtension.appex; sourceTree = BUILT_PRODUCTS_DIR; };
		F6C435CD2CAFAF8200E979EC /* WidgetKit.framework */ = {isa = PBXFileReference; lastKnownFileType = wrapper.framework; name = WidgetKit.framework; path = System/Library/Frameworks/WidgetKit.framework; sourceTree = SDKROOT; };
		F6C435CF2CAFAF8200E979EC /* SwiftUI.framework */ = {isa = PBXFileReference; lastKnownFileType = wrapper.framework; name = SwiftUI.framework; path = System/Library/Frameworks/SwiftUI.framework; sourceTree = SDKROOT; };
		F6C7401B2CC62A66003E9293 /* ResourceKit.framework */ = {isa = PBXFileReference; explicitFileType = wrapper.framework; path = ResourceKit.framework; sourceTree = BUILT_PRODUCTS_DIR; };
		F6C7401D2CC62B07003E9293 /* ResourceKit.framework */ = {isa = PBXFileReference; explicitFileType = wrapper.framework; path = ResourceKit.framework; sourceTree = BUILT_PRODUCTS_DIR; };
		F6C740242CC62EDF003E9293 /* Assets.xcassets */ = {isa = PBXFileReference; lastKnownFileType = folder.assetcatalog; path = Assets.xcassets; sourceTree = "<group>"; };
		F6C7406D2CC64B15003E9293 /* ResourceKit.framework */ = {isa = PBXFileReference; explicitFileType = wrapper.framework; path = ResourceKit.framework; sourceTree = BUILT_PRODUCTS_DIR; };
		F6C7406F2CC64B1E003E9293 /* ResourceKit.framework */ = {isa = PBXFileReference; explicitFileType = wrapper.framework; path = ResourceKit.framework; sourceTree = BUILT_PRODUCTS_DIR; };
/* End PBXFileReference section */

/* Begin PBXFrameworksBuildPhase section */
		BC90C4102CAF99B200292310 /* Frameworks */ = {
			isa = PBXFrameworksBuildPhase;
			buildActionMask = 2147483647;
			files = (
				F6C7406E2CC64B15003E9293 /* ResourceKit.framework in Frameworks */,
				F6C740792CC74414003E9293 /* ResourceKit.framework in Frameworks */,
				F4B5CBE853C6CDA11F251550 /* Pods_Haruhanjul.framework in Frameworks */,
			);
			runOnlyForDeploymentPostprocessing = 0;
		};
		F6C435C92CAFAF8200E979EC /* Frameworks */ = {
			isa = PBXFrameworksBuildPhase;
			buildActionMask = 2147483647;
			files = (
				F6C740702CC64B1E003E9293 /* ResourceKit.framework in Frameworks */,
				F6149A752CC8841A0028F2D4 /* ResourceKit.framework in Frameworks */,
				F6C435D02CAFAF8200E979EC /* SwiftUI.framework in Frameworks */,
				F6C435CE2CAFAF8200E979EC /* WidgetKit.framework in Frameworks */,
			);
			runOnlyForDeploymentPostprocessing = 0;
		};
/* End PBXFrameworksBuildPhase section */

/* Begin PBXGroup section */
		4967183B2BD2EC567B13B608 /* Frameworks */ = {
			isa = PBXGroup;
			children = (
				F6C7406F2CC64B1E003E9293 /* ResourceKit.framework */,
				F6C7406D2CC64B15003E9293 /* ResourceKit.framework */,
				F6C7401D2CC62B07003E9293 /* ResourceKit.framework */,
				F6C7401B2CC62A66003E9293 /* ResourceKit.framework */,
				21D0B68260262D9431F91094 /* Pods_Haruhanjul.framework */,
				F6C435CD2CAFAF8200E979EC /* WidgetKit.framework */,
				F6C435CF2CAFAF8200E979EC /* SwiftUI.framework */,
			);
			name = Frameworks;
			sourceTree = "<group>";
		};
		BC6D6C622CCC6FB800BC0028 /* Setting */ = {
			isa = PBXGroup;
			children = (
				BC6D6C632CCC6FC900BC0028 /* View */,
			);
			path = Setting;
			sourceTree = "<group>";
		};
		BC6D6C632CCC6FC900BC0028 /* View */ = {
			isa = PBXGroup;
			children = (
				BC6D6C642CCC6FD800BC0028 /* SettingView.swift */,
			);
			path = View;
			sourceTree = "<group>";
		};
		BC6D6C662CCC711B00BC0028 /* ViewModel */ = {
			isa = PBXGroup;
			children = (
				BC6D6C672CCC712A00BC0028 /* BookmarkViewModel.swift */,
			);
			path = ViewModel;
			sourceTree = "<group>";
		};
		BC90C40A2CAF99B200292310 = {
			isa = PBXGroup;
			children = (
				F63FACFD2CC0E42B009A5867 /* Haruhanjul */,
				F63FAD3B2CC0E4C6009A5867 /* HaruhanjulWidget */,
				BC90C4142CAF99B200292310 /* Products */,
				CBD078D980500C73142E441B /* Pods */,
				4967183B2BD2EC567B13B608 /* Frameworks */,
			);
			sourceTree = "<group>";
		};
		BC90C4142CAF99B200292310 /* Products */ = {
			isa = PBXGroup;
			children = (
				BC90C4132CAF99B200292310 /* Haruhanjul.app */,
				F6C435CC2CAFAF8200E979EC /* HaruhanjulWidgetExtension.appex */,
			);
			name = Products;
			sourceTree = "<group>";
		};
		CBD078D980500C73142E441B /* Pods */ = {
			isa = PBXGroup;
			children = (
				E77B8D879F6E87C466878B7E /* Pods-Haruhanjul.debug.xcconfig */,
				71CFCCF3043728EA949D5199 /* Pods-Haruhanjul.release.xcconfig */,
			);
			path = Pods;
			sourceTree = "<group>";
		};
		F63FACDE2CC0E42B009A5867 /* App */ = {
			isa = PBXGroup;
			children = (
				F63FAD482CC0E671009A5867 /* LaunchScreen.storyboard */,
				F63FAD4A2CC0E747009A5867 /* LaunchScreen.swift */,
				F63FACDC2CC0E42B009A5867 /* HaruhanjulApp.swift */,
				F63FACDD2CC0E42B009A5867 /* MainTabView.swift */,
			);
			path = App;
			sourceTree = "<group>";
		};
		F63FACE42CC0E42B009A5867 /* CoreData */ = {
			isa = PBXGroup;
			children = (
				F63FACDF2CC0E42B009A5867 /* CDAdviceEntity+CoreDataClass.swift */,
				F63FACE02CC0E42B009A5867 /* CDAdviceEntity+CoreDataProperties.swift */,
				F63FACE32CC0E42B009A5867 /* Haruhanjul.xcdatamodeld */,
			);
			path = CoreData;
			sourceTree = "<group>";
		};
		F63FACE62CC0E42B009A5867 /* Data */ = {
			isa = PBXGroup;
			children = (
				F63FACE52CC0E42B009A5867 /* AdviceDTO.swift */,
			);
			path = Data;
			sourceTree = "<group>";
		};
		F63FACEA2CC0E42B009A5867 /* Entities */ = {
			isa = PBXGroup;
			children = (
				F63FACE72CC0E42B009A5867 /* AdviceEntity.swift */,
				F63FACE82CC0E42B009A5867 /* Persistence.swift */,
				F63FACE92CC0E42B009A5867 /* Translation.swift */,
			);
			path = Entities;
			sourceTree = "<group>";
		};
		F63FACEB2CC0E42B009A5867 /* Domain */ = {
			isa = PBXGroup;
			children = (
				F63FACEA2CC0E42B009A5867 /* Entities */,
			);
			path = Domain;
			sourceTree = "<group>";
		};
		F63FACED2CC0E42B009A5867 /* View */ = {
			isa = PBXGroup;
			children = (
				F63FACEC2CC0E42B009A5867 /* BookmarkView.swift */,
				BCE5718B2CCBEA96002EC931 /* BookmarkDetailView.swift */,
			);
			path = View;
			sourceTree = "<group>";
		};
		F63FACEE2CC0E42B009A5867 /* Bookmark */ = {
			isa = PBXGroup;
			children = (
				F63FACED2CC0E42B009A5867 /* View */,
				BC6D6C662CCC711B00BC0028 /* ViewModel */,
			);
			path = Bookmark;
			sourceTree = "<group>";
		};
		F63FACF12CC0E42B009A5867 /* View */ = {
			isa = PBXGroup;
			children = (
				F63FACEF2CC0E42B009A5867 /* CurlView.swift */,
				F63FACF02CC0E42B009A5867 /* PeelEffect.swift */,
				BCE5718D2CCBF504002EC931 /* AdvicePage.swift */,
			);
			path = View;
			sourceTree = "<group>";
		};
		F63FACF32CC0E42B009A5867 /* ViewModel */ = {
			isa = PBXGroup;
			children = (
				F63FACF22CC0E42B009A5867 /* CardViewModel.swift */,
			);
			path = ViewModel;
			sourceTree = "<group>";
		};
		F63FACF42CC0E42B009A5867 /* Card */ = {
			isa = PBXGroup;
			children = (
				F63FACF12CC0E42B009A5867 /* View */,
				F63FACF32CC0E42B009A5867 /* ViewModel */,
			);
			path = Card;
			sourceTree = "<group>";
		};
		F63FACF52CC0E42B009A5867 /* Presentation */ = {
			isa = PBXGroup;
			children = (
				F63FACF42CC0E42B009A5867 /* Card */,
				F63FACEE2CC0E42B009A5867 /* Bookmark */,
				BC6D6C622CCC6FB800BC0028 /* Setting */,
			);
			path = Presentation;
			sourceTree = "<group>";
		};
		F63FACF72CC0E42B009A5867 /* Preview Content */ = {
			isa = PBXGroup;
			children = (
				F63FACF62CC0E42B009A5867 /* Preview Assets.xcassets */,
			);
			path = "Preview Content";
			sourceTree = "<group>";
		};
		F63FACF92CC0E42B009A5867 /* Resource */ = {
			isa = PBXGroup;
			children = (
				F6C740242CC62EDF003E9293 /* Assets.xcassets */,
			);
			path = Resource;
			sourceTree = "<group>";
		};
		F63FACFB2CC0E42B009A5867 /* Utils */ = {
			isa = PBXGroup;
			children = (
				F63FACFA2CC0E42B009A5867 /* UserDefault.swift */,
			);
			path = Utils;
			sourceTree = "<group>";
		};
		F63FACFD2CC0E42B009A5867 /* Haruhanjul */ = {
			isa = PBXGroup;
			children = (
				F6C73F5B2CC20067003E9293 /* Config */,
				F63FACDE2CC0E42B009A5867 /* App */,
				F63FACE42CC0E42B009A5867 /* CoreData */,
				F63FACFB2CC0E42B009A5867 /* Utils */,
				F63FACE62CC0E42B009A5867 /* Data */,
				F63FACEB2CC0E42B009A5867 /* Domain */,
				F63FACF52CC0E42B009A5867 /* Presentation */,
				F63FACF72CC0E42B009A5867 /* Preview Content */,
				F63FACF92CC0E42B009A5867 /* Resource */,
			);
			path = Haruhanjul;
			sourceTree = "<group>";
		};
		F63FAD342CC0E4C6009A5867 /* Resource */ = {
			isa = PBXGroup;
			children = (
				F63FAD332CC0E4C6009A5867 /* Assets.xcassets */,
			);
			path = Resource;
			sourceTree = "<group>";
		};
		F63FAD3B2CC0E4C6009A5867 /* HaruhanjulWidget */ = {
			isa = PBXGroup;
			children = (
				F63FAD472CC0E5D0009A5867 /* Config */,
				F63FAD432CC0E57E009A5867 /* Widget */,
				F63FAD442CC0E58C009A5867 /* Entry */,
				F63FAD462CC0E5C0009A5867 /* Provider */,
				F63FAD452CC0E59C009A5867 /* Presentation */,
				F63FAD342CC0E4C6009A5867 /* Resource */,
			);
			path = HaruhanjulWidget;
			sourceTree = "<group>";
		};
		F63FAD432CC0E57E009A5867 /* Widget */ = {
			isa = PBXGroup;
			children = (
				F63FAD372CC0E4C6009A5867 /* HaruhanjulWidgetBundle.swift */,
			);
			path = Widget;
			sourceTree = "<group>";
		};
		F63FAD442CC0E58C009A5867 /* Entry */ = {
			isa = PBXGroup;
			children = (
				F63FAD352CC0E4C6009A5867 /* AdviceEntry.swift */,
			);
			path = Entry;
			sourceTree = "<group>";
		};
		F63FAD452CC0E59C009A5867 /* Presentation */ = {
			isa = PBXGroup;
			children = (
				F63FAD362CC0E4C6009A5867 /* HaruhanjulWidget.swift */,
				F63FAD382CC0E4C6009A5867 /* HaruhanjulWidgetView.swift */,
			);
			path = Presentation;
			sourceTree = "<group>";
		};
		F63FAD462CC0E5C0009A5867 /* Provider */ = {
			isa = PBXGroup;
			children = (
				F63FAD3A2CC0E4C6009A5867 /* Provider.swift */,
			);
			path = Provider;
			sourceTree = "<group>";
		};
		F63FAD472CC0E5D0009A5867 /* Config */ = {
			isa = PBXGroup;
			children = (
				F63FAD392CC0E4C6009A5867 /* Info.plist */,
				BCA6F6902CB0047D009468FF /* HaruhanjulWidgetExtension.entitlements */,
			);
			path = Config;
			sourceTree = "<group>";
		};
		F6C73F5B2CC20067003E9293 /* Config */ = {
			isa = PBXGroup;
			children = (
				BC74156C2CC770C800C38000 /* Info.plist */,
				F63FACFC2CC0E42B009A5867 /* Haruhanjul.entitlements */,
			);
			path = Config;
			sourceTree = "<group>";
		};
/* End PBXGroup section */

/* Begin PBXNativeTarget section */
		BC90C4122CAF99B200292310 /* Haruhanjul */ = {
			isa = PBXNativeTarget;
			buildConfigurationList = BC90C4262CAF99B300292310 /* Build configuration list for PBXNativeTarget "Haruhanjul" */;
			buildPhases = (
				8728130052A026154443989D /* [CP] Check Pods Manifest.lock */,
				BC90C40F2CAF99B200292310 /* Sources */,
				BC90C4102CAF99B200292310 /* Frameworks */,
				BC90C4112CAF99B200292310 /* Resources */,
				A50B9F306D715C1F49FEA3E3 /* [CP] Embed Pods Frameworks */,
				6125F7BEE9ACF9377CDA8384 /* [CP] Copy Pods Resources */,
				F6C435E02CAFAF8500E979EC /* Embed Foundation Extensions */,
				F6C7407B2CC74414003E9293 /* Embed Frameworks */,
			);
			buildRules = (
			);
			dependencies = (
				F6C435DA2CAFAF8500E979EC /* PBXTargetDependency */,
			);
			name = Haruhanjul;
			productName = Haruhanjul;
			productReference = BC90C4132CAF99B200292310 /* Haruhanjul.app */;
			productType = "com.apple.product-type.application";
		};
		F6C435CB2CAFAF8200E979EC /* HaruhanjulWidgetExtension */ = {
			isa = PBXNativeTarget;
			buildConfigurationList = F6C435DD2CAFAF8500E979EC /* Build configuration list for PBXNativeTarget "HaruhanjulWidgetExtension" */;
			buildPhases = (
				F6C435C82CAFAF8200E979EC /* Sources */,
				F6C435C92CAFAF8200E979EC /* Frameworks */,
				F6C435CA2CAFAF8200E979EC /* Resources */,
				F6149A772CC8841B0028F2D4 /* Embed Frameworks */,
			);
			buildRules = (
			);
			dependencies = (
			);
			name = HaruhanjulWidgetExtension;
			packageProductDependencies = (
			);
			productName = HaruhanjulWidgetExtension;
			productReference = F6C435CC2CAFAF8200E979EC /* HaruhanjulWidgetExtension.appex */;
			productType = "com.apple.product-type.app-extension";
		};
/* End PBXNativeTarget section */

/* Begin PBXProject section */
		BC90C40B2CAF99B200292310 /* Project object */ = {
			isa = PBXProject;
			attributes = {
				BuildIndependentTargetsInParallel = 1;
				LastSwiftUpdateCheck = 1600;
				LastUpgradeCheck = 1540;
				TargetAttributes = {
					BC90C4122CAF99B200292310 = {
						CreatedOnToolsVersion = 15.4;
					};
					F6C435CB2CAFAF8200E979EC = {
						CreatedOnToolsVersion = 16.0;
					};
				};
			};
			buildConfigurationList = BC90C40E2CAF99B200292310 /* Build configuration list for PBXProject "Haruhanjul" */;
			compatibilityVersion = "Xcode 14.0";
			developmentRegion = en;
			hasScannedForEncodings = 0;
			knownRegions = (
				en,
				Base,
			);
			mainGroup = BC90C40A2CAF99B200292310;
			productRefGroup = BC90C4142CAF99B200292310 /* Products */;
			projectDirPath = "";
			projectRoot = "";
			targets = (
				BC90C4122CAF99B200292310 /* Haruhanjul */,
				F6C435CB2CAFAF8200E979EC /* HaruhanjulWidgetExtension */,
			);
		};
/* End PBXProject section */

/* Begin PBXResourcesBuildPhase section */
		BC90C4112CAF99B200292310 /* Resources */ = {
			isa = PBXResourcesBuildPhase;
			buildActionMask = 2147483647;
			files = (
				F63FAD492CC0E671009A5867 /* LaunchScreen.storyboard in Resources */,
				F6C740252CC62EDF003E9293 /* Assets.xcassets in Resources */,
				F63FAD0F2CC0E42B009A5867 /* Preview Assets.xcassets in Resources */,
			);
			runOnlyForDeploymentPostprocessing = 0;
		};
		F6C435CA2CAFAF8200E979EC /* Resources */ = {
			isa = PBXResourcesBuildPhase;
			buildActionMask = 2147483647;
			files = (
				F63FAD3C2CC0E4C6009A5867 /* Assets.xcassets in Resources */,
			);
			runOnlyForDeploymentPostprocessing = 0;
		};
/* End PBXResourcesBuildPhase section */

/* Begin PBXShellScriptBuildPhase section */
		6125F7BEE9ACF9377CDA8384 /* [CP] Copy Pods Resources */ = {
			isa = PBXShellScriptBuildPhase;
			buildActionMask = 2147483647;
			files = (
			);
			inputFileListPaths = (
				"${PODS_ROOT}/Target Support Files/Pods-Haruhanjul/Pods-Haruhanjul-resources-${CONFIGURATION}-input-files.xcfilelist",
			);
			name = "[CP] Copy Pods Resources";
			outputFileListPaths = (
				"${PODS_ROOT}/Target Support Files/Pods-Haruhanjul/Pods-Haruhanjul-resources-${CONFIGURATION}-output-files.xcfilelist",
			);
			runOnlyForDeploymentPostprocessing = 0;
			shellPath = /bin/sh;
			shellScript = "\"${PODS_ROOT}/Target Support Files/Pods-Haruhanjul/Pods-Haruhanjul-resources.sh\"\n";
			showEnvVarsInLog = 0;
		};
		8728130052A026154443989D /* [CP] Check Pods Manifest.lock */ = {
			isa = PBXShellScriptBuildPhase;
			buildActionMask = 2147483647;
			files = (
			);
			inputFileListPaths = (
			);
			inputPaths = (
				"${PODS_PODFILE_DIR_PATH}/Podfile.lock",
				"${PODS_ROOT}/Manifest.lock",
			);
			name = "[CP] Check Pods Manifest.lock";
			outputFileListPaths = (
			);
			outputPaths = (
				"$(DERIVED_FILE_DIR)/Pods-Haruhanjul-checkManifestLockResult.txt",
			);
			runOnlyForDeploymentPostprocessing = 0;
			shellPath = /bin/sh;
			shellScript = "diff \"${PODS_PODFILE_DIR_PATH}/Podfile.lock\" \"${PODS_ROOT}/Manifest.lock\" > /dev/null\nif [ $? != 0 ] ; then\n    # print error to STDERR\n    echo \"error: The sandbox is not in sync with the Podfile.lock. Run 'pod install' or update your CocoaPods installation.\" >&2\n    exit 1\nfi\n# This output is used by Xcode 'outputs' to avoid re-running this script phase.\necho \"SUCCESS\" > \"${SCRIPT_OUTPUT_FILE_0}\"\n";
			showEnvVarsInLog = 0;
		};
		A50B9F306D715C1F49FEA3E3 /* [CP] Embed Pods Frameworks */ = {
			isa = PBXShellScriptBuildPhase;
			buildActionMask = 2147483647;
			files = (
			);
			inputFileListPaths = (
				"${PODS_ROOT}/Target Support Files/Pods-Haruhanjul/Pods-Haruhanjul-frameworks-${CONFIGURATION}-input-files.xcfilelist",
			);
			name = "[CP] Embed Pods Frameworks";
			outputFileListPaths = (
				"${PODS_ROOT}/Target Support Files/Pods-Haruhanjul/Pods-Haruhanjul-frameworks-${CONFIGURATION}-output-files.xcfilelist",
			);
			runOnlyForDeploymentPostprocessing = 0;
			shellPath = /bin/sh;
			shellScript = "\"${PODS_ROOT}/Target Support Files/Pods-Haruhanjul/Pods-Haruhanjul-frameworks.sh\"\n";
			showEnvVarsInLog = 0;
		};
/* End PBXShellScriptBuildPhase section */

/* Begin PBXSourcesBuildPhase section */
		BC90C40F2CAF99B200292310 /* Sources */ = {
			isa = PBXSourcesBuildPhase;
			buildActionMask = 2147483647;
			files = (
				F63FACFF2CC0E42B009A5867 /* HaruhanjulApp.swift in Sources */,
				BC6D6C682CCC712A00BC0028 /* BookmarkViewModel.swift in Sources */,
				F63FAD4B2CC0E747009A5867 /* LaunchScreen.swift in Sources */,
				F63FAD002CC0E42B009A5867 /* MainTabView.swift in Sources */,
				BC6D6C652CCC6FD800BC0028 /* SettingView.swift in Sources */,
				F63FAD012CC0E42B009A5867 /* CDAdviceEntity+CoreDataClass.swift in Sources */,
				F63FAD022CC0E42B009A5867 /* CDAdviceEntity+CoreDataProperties.swift in Sources */,
				F63FAD052CC0E42B009A5867 /* Haruhanjul.xcdatamodeld in Sources */,
				F63FAD062CC0E42B009A5867 /* AdviceDTO.swift in Sources */,
				BCE5718C2CCBEA96002EC931 /* BookmarkDetailView.swift in Sources */,
				F63FAD072CC0E42B009A5867 /* AdviceEntity.swift in Sources */,
				F63FAD082CC0E42B009A5867 /* Persistence.swift in Sources */,
				F63FAD092CC0E42B009A5867 /* Translation.swift in Sources */,
				F63FAD0A2CC0E42B009A5867 /* BookmarkView.swift in Sources */,
				F63FAD0B2CC0E42B009A5867 /* CurlView.swift in Sources */,
				F63FAD0C2CC0E42B009A5867 /* PeelEffect.swift in Sources */,
				F63FAD0D2CC0E42B009A5867 /* CardViewModel.swift in Sources */,
				BCE5718E2CCBF504002EC931 /* AdvicePage.swift in Sources */,
				F63FAD0E2CC0E42B009A5867 /* UserDefault.swift in Sources */,
			);
			runOnlyForDeploymentPostprocessing = 0;
		};
		F6C435C82CAFAF8200E979EC /* Sources */ = {
			isa = PBXSourcesBuildPhase;
			buildActionMask = 2147483647;
			files = (
				F63FAD3E2CC0E4C6009A5867 /* AdviceEntry.swift in Sources */,
				F63FAD3F2CC0E4C6009A5867 /* HaruhanjulWidget.swift in Sources */,
				F63FAD402CC0E4C6009A5867 /* HaruhanjulWidgetBundle.swift in Sources */,
				F63FAD412CC0E4C6009A5867 /* HaruhanjulWidgetView.swift in Sources */,
				F63FAD422CC0E4C6009A5867 /* Provider.swift in Sources */,
				F63FAD112CC0E42B009A5867 /* UserDefault.swift in Sources */,
			);
			runOnlyForDeploymentPostprocessing = 0;
		};
/* End PBXSourcesBuildPhase section */

/* Begin PBXTargetDependency section */
		F6C435DA2CAFAF8500E979EC /* PBXTargetDependency */ = {
			isa = PBXTargetDependency;
			target = F6C435CB2CAFAF8200E979EC /* HaruhanjulWidgetExtension */;
			targetProxy = F6C435D92CAFAF8500E979EC /* PBXContainerItemProxy */;
		};
/* End PBXTargetDependency section */

/* Begin XCBuildConfiguration section */
		BC90C4242CAF99B300292310 /* Debug */ = {
			isa = XCBuildConfiguration;
			buildSettings = {
				ALWAYS_SEARCH_USER_PATHS = NO;
				ASSETCATALOG_COMPILER_GENERATE_SWIFT_ASSET_SYMBOL_EXTENSIONS = YES;
				CLANG_ANALYZER_NONNULL = YES;
				CLANG_ANALYZER_NUMBER_OBJECT_CONVERSION = YES_AGGRESSIVE;
				CLANG_CXX_LANGUAGE_STANDARD = "gnu++20";
				CLANG_ENABLE_MODULES = YES;
				CLANG_ENABLE_OBJC_ARC = YES;
				CLANG_ENABLE_OBJC_WEAK = YES;
				CLANG_WARN_BLOCK_CAPTURE_AUTORELEASING = YES;
				CLANG_WARN_BOOL_CONVERSION = YES;
				CLANG_WARN_COMMA = YES;
				CLANG_WARN_CONSTANT_CONVERSION = YES;
				CLANG_WARN_DEPRECATED_OBJC_IMPLEMENTATIONS = YES;
				CLANG_WARN_DIRECT_OBJC_ISA_USAGE = YES_ERROR;
				CLANG_WARN_DOCUMENTATION_COMMENTS = YES;
				CLANG_WARN_EMPTY_BODY = YES;
				CLANG_WARN_ENUM_CONVERSION = YES;
				CLANG_WARN_INFINITE_RECURSION = YES;
				CLANG_WARN_INT_CONVERSION = YES;
				CLANG_WARN_NON_LITERAL_NULL_CONVERSION = YES;
				CLANG_WARN_OBJC_IMPLICIT_RETAIN_SELF = YES;
				CLANG_WARN_OBJC_LITERAL_CONVERSION = YES;
				CLANG_WARN_OBJC_ROOT_CLASS = YES_ERROR;
				CLANG_WARN_QUOTED_INCLUDE_IN_FRAMEWORK_HEADER = YES;
				CLANG_WARN_RANGE_LOOP_ANALYSIS = YES;
				CLANG_WARN_STRICT_PROTOTYPES = YES;
				CLANG_WARN_SUSPICIOUS_MOVE = YES;
				CLANG_WARN_UNGUARDED_AVAILABILITY = YES_AGGRESSIVE;
				CLANG_WARN_UNREACHABLE_CODE = YES;
				CLANG_WARN__DUPLICATE_METHOD_MATCH = YES;
				COPY_PHASE_STRIP = NO;
				DEBUG_INFORMATION_FORMAT = dwarf;
				ENABLE_STRICT_OBJC_MSGSEND = YES;
				ENABLE_TESTABILITY = YES;
				ENABLE_USER_SCRIPT_SANDBOXING = YES;
				GCC_C_LANGUAGE_STANDARD = gnu17;
				GCC_DYNAMIC_NO_PIC = NO;
				GCC_NO_COMMON_BLOCKS = YES;
				GCC_OPTIMIZATION_LEVEL = 0;
				GCC_PREPROCESSOR_DEFINITIONS = (
					"DEBUG=1",
					"$(inherited)",
				);
				GCC_WARN_64_TO_32_BIT_CONVERSION = YES;
				GCC_WARN_ABOUT_RETURN_TYPE = YES_ERROR;
				GCC_WARN_UNDECLARED_SELECTOR = YES;
				GCC_WARN_UNINITIALIZED_AUTOS = YES_AGGRESSIVE;
				GCC_WARN_UNUSED_FUNCTION = YES;
				GCC_WARN_UNUSED_VARIABLE = YES;
				IPHONEOS_DEPLOYMENT_TARGET = 17.5;
				LOCALIZATION_PREFERS_STRING_CATALOGS = YES;
				MTL_ENABLE_DEBUG_INFO = INCLUDE_SOURCE;
				MTL_FAST_MATH = YES;
				ONLY_ACTIVE_ARCH = YES;
				SDKROOT = iphoneos;
				SWIFT_ACTIVE_COMPILATION_CONDITIONS = "DEBUG $(inherited)";
				SWIFT_OPTIMIZATION_LEVEL = "-Onone";
			};
			name = Debug;
		};
		BC90C4252CAF99B300292310 /* Release */ = {
			isa = XCBuildConfiguration;
			buildSettings = {
				ALWAYS_SEARCH_USER_PATHS = NO;
				ASSETCATALOG_COMPILER_GENERATE_SWIFT_ASSET_SYMBOL_EXTENSIONS = YES;
				CLANG_ANALYZER_NONNULL = YES;
				CLANG_ANALYZER_NUMBER_OBJECT_CONVERSION = YES_AGGRESSIVE;
				CLANG_CXX_LANGUAGE_STANDARD = "gnu++20";
				CLANG_ENABLE_MODULES = YES;
				CLANG_ENABLE_OBJC_ARC = YES;
				CLANG_ENABLE_OBJC_WEAK = YES;
				CLANG_WARN_BLOCK_CAPTURE_AUTORELEASING = YES;
				CLANG_WARN_BOOL_CONVERSION = YES;
				CLANG_WARN_COMMA = YES;
				CLANG_WARN_CONSTANT_CONVERSION = YES;
				CLANG_WARN_DEPRECATED_OBJC_IMPLEMENTATIONS = YES;
				CLANG_WARN_DIRECT_OBJC_ISA_USAGE = YES_ERROR;
				CLANG_WARN_DOCUMENTATION_COMMENTS = YES;
				CLANG_WARN_EMPTY_BODY = YES;
				CLANG_WARN_ENUM_CONVERSION = YES;
				CLANG_WARN_INFINITE_RECURSION = YES;
				CLANG_WARN_INT_CONVERSION = YES;
				CLANG_WARN_NON_LITERAL_NULL_CONVERSION = YES;
				CLANG_WARN_OBJC_IMPLICIT_RETAIN_SELF = YES;
				CLANG_WARN_OBJC_LITERAL_CONVERSION = YES;
				CLANG_WARN_OBJC_ROOT_CLASS = YES_ERROR;
				CLANG_WARN_QUOTED_INCLUDE_IN_FRAMEWORK_HEADER = YES;
				CLANG_WARN_RANGE_LOOP_ANALYSIS = YES;
				CLANG_WARN_STRICT_PROTOTYPES = YES;
				CLANG_WARN_SUSPICIOUS_MOVE = YES;
				CLANG_WARN_UNGUARDED_AVAILABILITY = YES_AGGRESSIVE;
				CLANG_WARN_UNREACHABLE_CODE = YES;
				CLANG_WARN__DUPLICATE_METHOD_MATCH = YES;
				COPY_PHASE_STRIP = NO;
				DEBUG_INFORMATION_FORMAT = "dwarf-with-dsym";
				ENABLE_NS_ASSERTIONS = NO;
				ENABLE_STRICT_OBJC_MSGSEND = YES;
				ENABLE_USER_SCRIPT_SANDBOXING = YES;
				GCC_C_LANGUAGE_STANDARD = gnu17;
				GCC_NO_COMMON_BLOCKS = YES;
				GCC_WARN_64_TO_32_BIT_CONVERSION = YES;
				GCC_WARN_ABOUT_RETURN_TYPE = YES_ERROR;
				GCC_WARN_UNDECLARED_SELECTOR = YES;
				GCC_WARN_UNINITIALIZED_AUTOS = YES_AGGRESSIVE;
				GCC_WARN_UNUSED_FUNCTION = YES;
				GCC_WARN_UNUSED_VARIABLE = YES;
				IPHONEOS_DEPLOYMENT_TARGET = 17.5;
				LOCALIZATION_PREFERS_STRING_CATALOGS = YES;
				MTL_ENABLE_DEBUG_INFO = NO;
				MTL_FAST_MATH = YES;
				SDKROOT = iphoneos;
				SWIFT_COMPILATION_MODE = wholemodule;
				VALIDATE_PRODUCT = YES;
			};
			name = Release;
		};
		BC90C4272CAF99B300292310 /* Debug */ = {
			isa = XCBuildConfiguration;
			baseConfigurationReference = E77B8D879F6E87C466878B7E /* Pods-Haruhanjul.debug.xcconfig */;
			buildSettings = {
				ASSETCATALOG_COMPILER_APPICON_NAME = AppIcon;
				ASSETCATALOG_COMPILER_GLOBAL_ACCENT_COLOR_NAME = AccentColor;
				CODE_SIGN_ENTITLEMENTS = Haruhanjul/Config/Haruhanjul.entitlements;
				CODE_SIGN_IDENTITY = "Apple Development";
				CODE_SIGN_STYLE = Automatic;
				CURRENT_PROJECT_VERSION = 1;
				DEVELOPMENT_ASSET_PATHS = "\"Haruhanjul/Preview Content\"";
				DEVELOPMENT_TEAM = 3URYLCPH2H;
				ENABLE_PREVIEWS = YES;
				ENABLE_USER_SCRIPT_SANDBOXING = NO;
				GENERATE_INFOPLIST_FILE = YES;
				INFOPLIST_FILE = Haruhanjul/Config/Info.plist;
				INFOPLIST_KEY_UIApplicationSceneManifest_Generation = YES;
				INFOPLIST_KEY_UIApplicationSupportsIndirectInputEvents = YES;
				INFOPLIST_KEY_UILaunchScreen_Generation = YES;
				INFOPLIST_KEY_UISupportedInterfaceOrientations_iPad = "UIInterfaceOrientationPortrait UIInterfaceOrientationPortraitUpsideDown UIInterfaceOrientationLandscapeLeft UIInterfaceOrientationLandscapeRight";
				INFOPLIST_KEY_UISupportedInterfaceOrientations_iPhone = "UIInterfaceOrientationPortrait UIInterfaceOrientationLandscapeLeft UIInterfaceOrientationLandscapeRight";
				INFOPLIST_KEY_UIUserInterfaceStyle = Light;
				IPHONEOS_DEPLOYMENT_TARGET = 15.0;
				LD_RUNPATH_SEARCH_PATHS = (
					"$(inherited)",
					"@executable_path/Frameworks",
				);
				MARKETING_VERSION = 1.0;
				PRODUCT_BUNDLE_IDENTIFIER = com.daehaa.Haruhanjul;
				PRODUCT_NAME = "$(TARGET_NAME)";
				PROVISIONING_PROFILE_SPECIFIER = "";
				SWIFT_EMIT_LOC_STRINGS = YES;
				SWIFT_VERSION = 5.0;
				TARGETED_DEVICE_FAMILY = "1,2";
			};
			name = Debug;
		};
		BC90C4282CAF99B300292310 /* Release */ = {
			isa = XCBuildConfiguration;
			baseConfigurationReference = 71CFCCF3043728EA949D5199 /* Pods-Haruhanjul.release.xcconfig */;
			buildSettings = {
				ASSETCATALOG_COMPILER_APPICON_NAME = AppIcon;
				ASSETCATALOG_COMPILER_GLOBAL_ACCENT_COLOR_NAME = AccentColor;
				CODE_SIGN_ENTITLEMENTS = Haruhanjul/Config/Haruhanjul.entitlements;
				CODE_SIGN_IDENTITY = "Apple Development";
				CODE_SIGN_STYLE = Automatic;
				CURRENT_PROJECT_VERSION = 1;
				DEVELOPMENT_ASSET_PATHS = "\"Haruhanjul/Preview Content\"";
				DEVELOPMENT_TEAM = 3URYLCPH2H;
				ENABLE_PREVIEWS = YES;
				ENABLE_USER_SCRIPT_SANDBOXING = NO;
				GENERATE_INFOPLIST_FILE = YES;
				INFOPLIST_FILE = Haruhanjul/Config/Info.plist;
				INFOPLIST_KEY_UIApplicationSceneManifest_Generation = YES;
				INFOPLIST_KEY_UIApplicationSupportsIndirectInputEvents = YES;
				INFOPLIST_KEY_UILaunchScreen_Generation = YES;
				INFOPLIST_KEY_UISupportedInterfaceOrientations_iPad = "UIInterfaceOrientationPortrait UIInterfaceOrientationPortraitUpsideDown UIInterfaceOrientationLandscapeLeft UIInterfaceOrientationLandscapeRight";
				INFOPLIST_KEY_UISupportedInterfaceOrientations_iPhone = "UIInterfaceOrientationPortrait UIInterfaceOrientationLandscapeLeft UIInterfaceOrientationLandscapeRight";
				INFOPLIST_KEY_UIUserInterfaceStyle = Light;
				IPHONEOS_DEPLOYMENT_TARGET = 15.0;
				LD_RUNPATH_SEARCH_PATHS = (
					"$(inherited)",
					"@executable_path/Frameworks",
				);
				MARKETING_VERSION = 1.0;
				PRODUCT_BUNDLE_IDENTIFIER = com.daehaa.Haruhanjul;
				PRODUCT_NAME = "$(TARGET_NAME)";
				PROVISIONING_PROFILE_SPECIFIER = "";
				SWIFT_EMIT_LOC_STRINGS = YES;
				SWIFT_VERSION = 5.0;
				TARGETED_DEVICE_FAMILY = "1,2";
			};
			name = Release;
		};
		F6C435DE2CAFAF8500E979EC /* Debug */ = {
			isa = XCBuildConfiguration;
			buildSettings = {
				ASSETCATALOG_COMPILER_GLOBAL_ACCENT_COLOR_NAME = AccentColor;
				ASSETCATALOG_COMPILER_WIDGET_BACKGROUND_COLOR_NAME = WidgetBackground;
				CODE_SIGN_ENTITLEMENTS = HaruhanjulWidget/Config/HaruhanjulWidgetExtension.entitlements;
				CODE_SIGN_IDENTITY = "Apple Development";
				CODE_SIGN_STYLE = Automatic;
				CURRENT_PROJECT_VERSION = 1;
				DEVELOPMENT_TEAM = 3URYLCPH2H;
				GENERATE_INFOPLIST_FILE = YES;
				INFOPLIST_FILE = HaruhanjulWidget/Config/Info.plist;
				INFOPLIST_KEY_CFBundleDisplayName = HaruhanjulWidget;
				INFOPLIST_KEY_NSHumanReadableCopyright = "";
				IPHONEOS_DEPLOYMENT_TARGET = 15.0;
				LD_RUNPATH_SEARCH_PATHS = (
					"$(inherited)",
					"@executable_path/Frameworks",
					"@executable_path/../../Frameworks",
				);
				MARKETING_VERSION = 1.0;
				PRODUCT_BUNDLE_IDENTIFIER = com.daehaa.Haruhanjul.HaruhanjulWidget;
				PRODUCT_NAME = "$(TARGET_NAME)";
				PROVISIONING_PROFILE_SPECIFIER = "";
				SKIP_INSTALL = YES;
				SWIFT_EMIT_LOC_STRINGS = YES;
				SWIFT_VERSION = 5.0;
				TARGETED_DEVICE_FAMILY = "1,2";
			};
			name = Debug;
		};
		F6C435DF2CAFAF8500E979EC /* Release */ = {
			isa = XCBuildConfiguration;
			buildSettings = {
				ASSETCATALOG_COMPILER_GLOBAL_ACCENT_COLOR_NAME = AccentColor;
				ASSETCATALOG_COMPILER_WIDGET_BACKGROUND_COLOR_NAME = WidgetBackground;
				CODE_SIGN_ENTITLEMENTS = HaruhanjulWidget/Config/HaruhanjulWidgetExtension.entitlements;
				CODE_SIGN_IDENTITY = "Apple Development";
				CODE_SIGN_STYLE = Automatic;
				CURRENT_PROJECT_VERSION = 1;
				DEVELOPMENT_TEAM = 3URYLCPH2H;
				GENERATE_INFOPLIST_FILE = YES;
				INFOPLIST_FILE = HaruhanjulWidget/Config/Info.plist;
				INFOPLIST_KEY_CFBundleDisplayName = HaruhanjulWidget;
				INFOPLIST_KEY_NSHumanReadableCopyright = "";
				IPHONEOS_DEPLOYMENT_TARGET = 15.0;
				LD_RUNPATH_SEARCH_PATHS = (
					"$(inherited)",
					"@executable_path/Frameworks",
					"@executable_path/../../Frameworks",
				);
				MARKETING_VERSION = 1.0;
				PRODUCT_BUNDLE_IDENTIFIER = com.daehaa.Haruhanjul.HaruhanjulWidget;
				PRODUCT_NAME = "$(TARGET_NAME)";
				PROVISIONING_PROFILE_SPECIFIER = "";
				SKIP_INSTALL = YES;
				SWIFT_EMIT_LOC_STRINGS = YES;
				SWIFT_VERSION = 5.0;
				TARGETED_DEVICE_FAMILY = "1,2";
			};
			name = Release;
		};
/* End XCBuildConfiguration section */

/* Begin XCConfigurationList section */
		BC90C40E2CAF99B200292310 /* Build configuration list for PBXProject "Haruhanjul" */ = {
			isa = XCConfigurationList;
			buildConfigurations = (
				BC90C4242CAF99B300292310 /* Debug */,
				BC90C4252CAF99B300292310 /* Release */,
			);
			defaultConfigurationIsVisible = 0;
			defaultConfigurationName = Release;
		};
		BC90C4262CAF99B300292310 /* Build configuration list for PBXNativeTarget "Haruhanjul" */ = {
			isa = XCConfigurationList;
			buildConfigurations = (
				BC90C4272CAF99B300292310 /* Debug */,
				BC90C4282CAF99B300292310 /* Release */,
			);
			defaultConfigurationIsVisible = 0;
			defaultConfigurationName = Release;
		};
		F6C435DD2CAFAF8500E979EC /* Build configuration list for PBXNativeTarget "HaruhanjulWidgetExtension" */ = {
			isa = XCConfigurationList;
			buildConfigurations = (
				F6C435DE2CAFAF8500E979EC /* Debug */,
				F6C435DF2CAFAF8500E979EC /* Release */,
			);
			defaultConfigurationIsVisible = 0;
			defaultConfigurationName = Release;
		};
/* End XCConfigurationList section */

/* Begin XCVersionGroup section */
		F63FACE32CC0E42B009A5867 /* Haruhanjul.xcdatamodeld */ = {
			isa = XCVersionGroup;
			children = (
				F63FACFE2CC0E42B009A5867 /* Haruhanjul.xcdatamodel */,
			);
			currentVersion = F63FACFE2CC0E42B009A5867 /* Haruhanjul.xcdatamodel */;
			path = Haruhanjul.xcdatamodeld;
			sourceTree = "<group>";
			versionGroupType = wrapper.xcdatamodel;
		};
/* End XCVersionGroup section */
	};
	rootObject = BC90C40B2CAF99B200292310 /* Project object */;
}
