// !$*UTF8*$!
{
	archiveVersion = 1;
	classes = {
	};
	objectVersion = 77;
	objects = {

/* Begin PBXBuildFile section */
		F63DCED62CCF893900FE0B06 /* NetworkKit.framework in Frameworks */ = {isa = PBXBuildFile; fileRef = F63DCECD2CCF893900FE0B06 /* NetworkKit.framework */; };
		F63DCEE82CCF893E00FE0B06 /* NetworkKit.h in Headers */ = {isa = PBXBuildFile; fileRef = F63DCEE62CCF893E00FE0B06 /* NetworkKit.h */; settings = {ATTRIBUTES = (Public, ); }; };
		F63DCEF92CCF896200FE0B06 /* NetworkManager.swift in Sources */ = {isa = PBXBuildFile; fileRef = F63DCEF52CCF896200FE0B06 /* NetworkManager.swift */; };
		F63DCEFA2CCF896200FE0B06 /* BaseURL.swift in Sources */ = {isa = PBXBuildFile; fileRef = F63DCEEE2CCF896200FE0B06 /* BaseURL.swift */; };
		F63DCEFB2CCF896200FE0B06 /* APIEventMonitor.swift in Sources */ = {isa = PBXBuildFile; fileRef = F63DCEF22CCF896200FE0B06 /* APIEventMonitor.swift */; };
		F63DCEFC2CCF896200FE0B06 /* Network.swift in Sources */ = {isa = PBXBuildFile; fileRef = F63DCEF42CCF896200FE0B06 /* Network.swift */; };
		F63DCEFD2CCF896200FE0B06 /* Requestable.swift in Sources */ = {isa = PBXBuildFile; fileRef = F63DCEF02CCF896200FE0B06 /* Requestable.swift */; };
		F63DCEFE2CCF896200FE0B06 /* Endpoint.swift in Sources */ = {isa = PBXBuildFile; fileRef = F63DCEEF2CCF896200FE0B06 /* Endpoint.swift */; };
		F63DCF042CCF898200FE0B06 /* NetworkKitTests.swift in Sources */ = {isa = PBXBuildFile; fileRef = F63DCF032CCF898200FE0B06 /* NetworkKitTests.swift */; };
		F63DCF052CCF898200FE0B06 /* MockDTO.swift in Sources */ = {isa = PBXBuildFile; fileRef = F63DCF002CCF898200FE0B06 /* MockDTO.swift */; };
		F63DCF062CCF898200FE0B06 /* MockEndpoint.swift in Sources */ = {isa = PBXBuildFile; fileRef = F63DCF012CCF898200FE0B06 /* MockEndpoint.swift */; };
		F63DCF0E2CCF8A9700FE0B06 /* Alamofire in Frameworks */ = {isa = PBXBuildFile; productRef = F63DCF0D2CCF8A9700FE0B06 /* Alamofire */; };
		F6F770ED2CD235C100E92AD5 /* URL.xcconfig in Resources */ = {isa = PBXBuildFile; fileRef = F6F770EC2CD235C100E92AD5 /* URL.xcconfig */; };
/* End PBXBuildFile section */

/* Begin PBXContainerItemProxy section */
		F63DCED72CCF893900FE0B06 /* PBXContainerItemProxy */ = {
			isa = PBXContainerItemProxy;
			containerPortal = F63DCEC42CCF893900FE0B06 /* Project object */;
			proxyType = 1;
			remoteGlobalIDString = F63DCECC2CCF893900FE0B06;
			remoteInfo = NetworkKit;
		};
/* End PBXContainerItemProxy section */

/* Begin PBXFileReference section */
		F63DCECD2CCF893900FE0B06 /* NetworkKit.framework */ = {isa = PBXFileReference; explicitFileType = wrapper.framework; includeInIndex = 0; path = NetworkKit.framework; sourceTree = BUILT_PRODUCTS_DIR; };
		F63DCED52CCF893900FE0B06 /* NetworkKitTests.xctest */ = {isa = PBXFileReference; explicitFileType = wrapper.cfbundle; includeInIndex = 0; path = NetworkKitTests.xctest; sourceTree = BUILT_PRODUCTS_DIR; };
		F63DCEE62CCF893E00FE0B06 /* NetworkKit.h */ = {isa = PBXFileReference; lastKnownFileType = sourcecode.c.h; path = NetworkKit.h; sourceTree = "<group>"; };
		F63DCEEE2CCF896200FE0B06 /* BaseURL.swift */ = {isa = PBXFileReference; lastKnownFileType = sourcecode.swift; path = BaseURL.swift; sourceTree = "<group>"; };
		F63DCEEF2CCF896200FE0B06 /* Endpoint.swift */ = {isa = PBXFileReference; lastKnownFileType = sourcecode.swift; path = Endpoint.swift; sourceTree = "<group>"; };
		F63DCEF02CCF896200FE0B06 /* Requestable.swift */ = {isa = PBXFileReference; lastKnownFileType = sourcecode.swift; path = Requestable.swift; sourceTree = "<group>"; };
		F63DCEF22CCF896200FE0B06 /* APIEventMonitor.swift */ = {isa = PBXFileReference; lastKnownFileType = sourcecode.swift; path = APIEventMonitor.swift; sourceTree = "<group>"; };
		F63DCEF42CCF896200FE0B06 /* Network.swift */ = {isa = PBXFileReference; lastKnownFileType = sourcecode.swift; path = Network.swift; sourceTree = "<group>"; };
		F63DCEF52CCF896200FE0B06 /* NetworkManager.swift */ = {isa = PBXFileReference; lastKnownFileType = sourcecode.swift; path = NetworkManager.swift; sourceTree = "<group>"; };
		F63DCF002CCF898200FE0B06 /* MockDTO.swift */ = {isa = PBXFileReference; lastKnownFileType = sourcecode.swift; path = MockDTO.swift; sourceTree = "<group>"; };
		F63DCF012CCF898200FE0B06 /* MockEndpoint.swift */ = {isa = PBXFileReference; lastKnownFileType = sourcecode.swift; path = MockEndpoint.swift; sourceTree = "<group>"; };
		F63DCF032CCF898200FE0B06 /* NetworkKitTests.swift */ = {isa = PBXFileReference; lastKnownFileType = sourcecode.swift; path = NetworkKitTests.swift; sourceTree = "<group>"; };
		F63DCF122CCF94E100FE0B06 /* Info.plist */ = {isa = PBXFileReference; lastKnownFileType = text.plist.xml; path = Info.plist; sourceTree = "<group>"; };
		F6F770EC2CD235C100E92AD5 /* URL.xcconfig */ = {isa = PBXFileReference; lastKnownFileType = text.xcconfig; path = URL.xcconfig; sourceTree = "<group>"; };
/* End PBXFileReference section */

/* Begin PBXFrameworksBuildPhase section */
		F63DCECA2CCF893900FE0B06 /* Frameworks */ = {
			isa = PBXFrameworksBuildPhase;
			buildActionMask = 2147483647;
			files = (
				F63DCF0E2CCF8A9700FE0B06 /* Alamofire in Frameworks */,
			);
			runOnlyForDeploymentPostprocessing = 0;
		};
		F63DCED22CCF893900FE0B06 /* Frameworks */ = {
			isa = PBXFrameworksBuildPhase;
			buildActionMask = 2147483647;
			files = (
				F63DCED62CCF893900FE0B06 /* NetworkKit.framework in Frameworks */,
			);
			runOnlyForDeploymentPostprocessing = 0;
		};
/* End PBXFrameworksBuildPhase section */

/* Begin PBXGroup section */
		F63DCEC32CCF893900FE0B06 = {
			isa = PBXGroup;
			children = (
				F63DCEE72CCF893E00FE0B06 /* NetworkKit */,
				F63DCEEA2CCF894000FE0B06 /* NetworkKitTests */,
				F63DCECE2CCF893900FE0B06 /* Products */,
			);
			sourceTree = "<group>";
		};
		F63DCECE2CCF893900FE0B06 /* Products */ = {
			isa = PBXGroup;
			children = (
				F63DCECD2CCF893900FE0B06 /* NetworkKit.framework */,
				F63DCED52CCF893900FE0B06 /* NetworkKitTests.xctest */,
			);
			name = Products;
			sourceTree = "<group>";
		};
		F63DCEE72CCF893E00FE0B06 /* NetworkKit */ = {
			isa = PBXGroup;
			children = (
				F63DCEED2CCF896200FE0B06 /* Config */,
				F63DCEF12CCF896200FE0B06 /* Endpoint */,
				F63DCEF32CCF896200FE0B06 /* EventMonitor */,
				F63DCEF62CCF896200FE0B06 /* Network */,
				F63DCEE62CCF893E00FE0B06 /* NetworkKit.h */,
			);
			path = NetworkKit;
			sourceTree = "<group>";
		};
		F63DCEEA2CCF894000FE0B06 /* NetworkKitTests */ = {
			isa = PBXGroup;
			children = (
				F63DCF032CCF898200FE0B06 /* NetworkKitTests.swift */,
				F63DCF022CCF898200FE0B06 /* Mock */,
			);
			path = NetworkKitTests;
			sourceTree = "<group>";
		};
		F63DCEED2CCF896200FE0B06 /* Config */ = {
			isa = PBXGroup;
			children = (
				F63DCF122CCF94E100FE0B06 /* Info.plist */,
				F6F770EC2CD235C100E92AD5 /* URL.xcconfig */,
			);
			path = Config;
			sourceTree = "<group>";
		};
		F63DCEF12CCF896200FE0B06 /* Endpoint */ = {
			isa = PBXGroup;
			children = (
				F63DCEEE2CCF896200FE0B06 /* BaseURL.swift */,
				F63DCEEF2CCF896200FE0B06 /* Endpoint.swift */,
				F63DCEF02CCF896200FE0B06 /* Requestable.swift */,
			);
			path = Endpoint;
			sourceTree = "<group>";
		};
		F63DCEF32CCF896200FE0B06 /* EventMonitor */ = {
			isa = PBXGroup;
			children = (
				F63DCEF22CCF896200FE0B06 /* APIEventMonitor.swift */,
			);
			path = EventMonitor;
			sourceTree = "<group>";
		};
		F63DCEF62CCF896200FE0B06 /* Network */ = {
			isa = PBXGroup;
			children = (
				F63DCEF42CCF896200FE0B06 /* Network.swift */,
				F63DCEF52CCF896200FE0B06 /* NetworkManager.swift */,
			);
			path = Network;
			sourceTree = "<group>";
		};
		F63DCF022CCF898200FE0B06 /* Mock */ = {
			isa = PBXGroup;
			children = (
				F63DCF002CCF898200FE0B06 /* MockDTO.swift */,
				F63DCF012CCF898200FE0B06 /* MockEndpoint.swift */,
			);
			path = Mock;
			sourceTree = "<group>";
		};
/* End PBXGroup section */

/* Begin PBXHeadersBuildPhase section */
		F63DCEC82CCF893900FE0B06 /* Headers */ = {
			isa = PBXHeadersBuildPhase;
			buildActionMask = 2147483647;
			files = (
				F63DCEE82CCF893E00FE0B06 /* NetworkKit.h in Headers */,
			);
			runOnlyForDeploymentPostprocessing = 0;
		};
/* End PBXHeadersBuildPhase section */

/* Begin PBXNativeTarget section */
		F63DCECC2CCF893900FE0B06 /* NetworkKit */ = {
			isa = PBXNativeTarget;
			buildConfigurationList = F63DCEDE2CCF893900FE0B06 /* Build configuration list for PBXNativeTarget "NetworkKit" */;
			buildPhases = (
				F63DCEC82CCF893900FE0B06 /* Headers */,
				F63DCEC92CCF893900FE0B06 /* Sources */,
				F63DCECA2CCF893900FE0B06 /* Frameworks */,
				F63DCECB2CCF893900FE0B06 /* Resources */,
			);
			buildRules = (
			);
			dependencies = (
			);
			name = NetworkKit;
			packageProductDependencies = (
				F63DCF0D2CCF8A9700FE0B06 /* Alamofire */,
			);
			productName = NetworkKit;
			productReference = F63DCECD2CCF893900FE0B06 /* NetworkKit.framework */;
			productType = "com.apple.product-type.framework";
		};
		F63DCED42CCF893900FE0B06 /* NetworkKitTests */ = {
			isa = PBXNativeTarget;
			buildConfigurationList = F63DCEE32CCF893900FE0B06 /* Build configuration list for PBXNativeTarget "NetworkKitTests" */;
			buildPhases = (
				F63DCED12CCF893900FE0B06 /* Sources */,
				F63DCED22CCF893900FE0B06 /* Frameworks */,
				F63DCED32CCF893900FE0B06 /* Resources */,
			);
			buildRules = (
			);
			dependencies = (
				F63DCED82CCF893900FE0B06 /* PBXTargetDependency */,
			);
			name = NetworkKitTests;
			packageProductDependencies = (
			);
			productName = NetworkKitTests;
			productReference = F63DCED52CCF893900FE0B06 /* NetworkKitTests.xctest */;
			productType = "com.apple.product-type.bundle.unit-test";
		};
/* End PBXNativeTarget section */

/* Begin PBXProject section */
		F63DCEC42CCF893900FE0B06 /* Project object */ = {
			isa = PBXProject;
			attributes = {
				BuildIndependentTargetsInParallel = 1;
				LastSwiftUpdateCheck = 1600;
				LastUpgradeCheck = 1600;
				TargetAttributes = {
					F63DCECC2CCF893900FE0B06 = {
						CreatedOnToolsVersion = 16.0;
					};
					F63DCED42CCF893900FE0B06 = {
						CreatedOnToolsVersion = 16.0;
					};
				};
			};
			buildConfigurationList = F63DCEC72CCF893900FE0B06 /* Build configuration list for PBXProject "NetworkKit" */;
			developmentRegion = en;
			hasScannedForEncodings = 0;
			knownRegions = (
				en,
				Base,
			);
			mainGroup = F63DCEC32CCF893900FE0B06;
			minimizedProjectReferenceProxies = 1;
			packageReferences = (
				F63DCF0C2CCF8A9700FE0B06 /* XCRemoteSwiftPackageReference "Alamofire" */,
			);
			preferredProjectObjectVersion = 77;
			productRefGroup = F63DCECE2CCF893900FE0B06 /* Products */;
			projectDirPath = "";
			projectRoot = "";
			targets = (
				F63DCECC2CCF893900FE0B06 /* NetworkKit */,
				F63DCED42CCF893900FE0B06 /* NetworkKitTests */,
			);
		};
/* End PBXProject section */

/* Begin PBXResourcesBuildPhase section */
		F63DCECB2CCF893900FE0B06 /* Resources */ = {
			isa = PBXResourcesBuildPhase;
			buildActionMask = 2147483647;
			files = (
				F6F770ED2CD235C100E92AD5 /* URL.xcconfig in Resources */,
			);
			runOnlyForDeploymentPostprocessing = 0;
		};
		F63DCED32CCF893900FE0B06 /* Resources */ = {
			isa = PBXResourcesBuildPhase;
			buildActionMask = 2147483647;
			files = (
			);
			runOnlyForDeploymentPostprocessing = 0;
		};
/* End PBXResourcesBuildPhase section */

/* Begin PBXSourcesBuildPhase section */
		F63DCEC92CCF893900FE0B06 /* Sources */ = {
			isa = PBXSourcesBuildPhase;
			buildActionMask = 2147483647;
			files = (
				F63DCEF92CCF896200FE0B06 /* NetworkManager.swift in Sources */,
				F63DCEFA2CCF896200FE0B06 /* BaseURL.swift in Sources */,
				F63DCEFB2CCF896200FE0B06 /* APIEventMonitor.swift in Sources */,
				F63DCEFC2CCF896200FE0B06 /* Network.swift in Sources */,
				F63DCEFD2CCF896200FE0B06 /* Requestable.swift in Sources */,
				F63DCEFE2CCF896200FE0B06 /* Endpoint.swift in Sources */,
			);
			runOnlyForDeploymentPostprocessing = 0;
		};
		F63DCED12CCF893900FE0B06 /* Sources */ = {
			isa = PBXSourcesBuildPhase;
			buildActionMask = 2147483647;
			files = (
				F63DCF042CCF898200FE0B06 /* NetworkKitTests.swift in Sources */,
				F63DCF052CCF898200FE0B06 /* MockDTO.swift in Sources */,
				F63DCF062CCF898200FE0B06 /* MockEndpoint.swift in Sources */,
			);
			runOnlyForDeploymentPostprocessing = 0;
		};
/* End PBXSourcesBuildPhase section */

/* Begin PBXTargetDependency section */
		F63DCED82CCF893900FE0B06 /* PBXTargetDependency */ = {
			isa = PBXTargetDependency;
			target = F63DCECC2CCF893900FE0B06 /* NetworkKit */;
			targetProxy = F63DCED72CCF893900FE0B06 /* PBXContainerItemProxy */;
		};
/* End PBXTargetDependency section */

/* Begin XCBuildConfiguration section */
		F63DCEDF2CCF893900FE0B06 /* Debug */ = {
			isa = XCBuildConfiguration;
			buildSettings = {
				BUILD_LIBRARY_FOR_DISTRIBUTION = YES;
				CODE_SIGN_STYLE = Automatic;
				CURRENT_PROJECT_VERSION = 1;
				DEFINES_MODULE = YES;
				DYLIB_COMPATIBILITY_VERSION = 1;
				DYLIB_CURRENT_VERSION = 1;
				DYLIB_INSTALL_NAME_BASE = "@rpath";
				ENABLE_MODULE_VERIFIER = YES;
				GENERATE_INFOPLIST_FILE = YES;
				INFOPLIST_FILE = NetworkKit/Config/Info.plist;
				INFOPLIST_KEY_NSHumanReadableCopyright = "";
				INSTALL_PATH = "$(LOCAL_LIBRARY_DIR)/Frameworks";
				LD_RUNPATH_SEARCH_PATHS = (
					"$(inherited)",
					"@executable_path/Frameworks",
					"@loader_path/Frameworks",
				);
				MARKETING_VERSION = 1.0;
				MODULE_VERIFIER_SUPPORTED_LANGUAGES = "objective-c objective-c++";
				MODULE_VERIFIER_SUPPORTED_LANGUAGE_STANDARDS = "gnu17 gnu++20";
				PRODUCT_BUNDLE_IDENTIFIER = com.daehaa.NetworkKit;
				PRODUCT_NAME = "$(TARGET_NAME:c99extidentifier)";
				SKIP_INSTALL = YES;
				SWIFT_EMIT_LOC_STRINGS = YES;
				SWIFT_INSTALL_OBJC_HEADER = NO;
				SWIFT_VERSION = 5.0;
				TARGETED_DEVICE_FAMILY = "1,2";
			};
			name = Debug;
		};
		F63DCEE02CCF893900FE0B06 /* Release */ = {
			isa = XCBuildConfiguration;
			buildSettings = {
				BUILD_LIBRARY_FOR_DISTRIBUTION = YES;
				CODE_SIGN_STYLE = Automatic;
				CURRENT_PROJECT_VERSION = 1;
				DEFINES_MODULE = YES;
				DYLIB_COMPATIBILITY_VERSION = 1;
				DYLIB_CURRENT_VERSION = 1;
				DYLIB_INSTALL_NAME_BASE = "@rpath";
				ENABLE_MODULE_VERIFIER = YES;
				GENERATE_INFOPLIST_FILE = YES;
				INFOPLIST_FILE = NetworkKit/Config/Info.plist;
				INFOPLIST_KEY_NSHumanReadableCopyright = "";
				INSTALL_PATH = "$(LOCAL_LIBRARY_DIR)/Frameworks";
				LD_RUNPATH_SEARCH_PATHS = (
					"$(inherited)",
					"@executable_path/Frameworks",
					"@loader_path/Frameworks",
				);
				MARKETING_VERSION = 1.0;
				MODULE_VERIFIER_SUPPORTED_LANGUAGES = "objective-c objective-c++";
				MODULE_VERIFIER_SUPPORTED_LANGUAGE_STANDARDS = "gnu17 gnu++20";
				PRODUCT_BUNDLE_IDENTIFIER = com.daehaa.NetworkKit;
				PRODUCT_NAME = "$(TARGET_NAME:c99extidentifier)";
				SKIP_INSTALL = YES;
				SWIFT_EMIT_LOC_STRINGS = YES;
				SWIFT_INSTALL_OBJC_HEADER = NO;
				SWIFT_VERSION = 5.0;
				TARGETED_DEVICE_FAMILY = "1,2";
			};
			name = Release;
		};
		F63DCEE12CCF893900FE0B06 /* Debug */ = {
			isa = XCBuildConfiguration;
			buildSettings = {
				ALWAYS_SEARCH_USER_PATHS = NO;
				ASSETCATALOG_COMPILER_GENERATE_SWIFT_ASSET_SYMBOL_EXTENSIONS = YES;
				CLANG_ANALYZER_NONNULL = YES;
				CLANG_ANALYZER_NUMBER_OBJECT_CONVERSION = YES_AGGRESSIVE;
				CLANG_CXX_LANGUAGE_STANDARD = "gnu++20";
				CLANG_ENABLE_MODULES = YES;
				CLANG_ENABLE_OBJC_ARC = YES;
				CLANG_ENABLE_OBJC_WEAK = YES;
				CLANG_WARN_BLOCK_CAPTURE_AUTORELEASING = YES;
				CLANG_WARN_BOOL_CONVERSION = YES;
				CLANG_WARN_COMMA = YES;
				CLANG_WARN_CONSTANT_CONVERSION = YES;
				CLANG_WARN_DEPRECATED_OBJC_IMPLEMENTATIONS = YES;
				CLANG_WARN_DIRECT_OBJC_ISA_USAGE = YES_ERROR;
				CLANG_WARN_DOCUMENTATION_COMMENTS = YES;
				CLANG_WARN_EMPTY_BODY = YES;
				CLANG_WARN_ENUM_CONVERSION = YES;
				CLANG_WARN_INFINITE_RECURSION = YES;
				CLANG_WARN_INT_CONVERSION = YES;
				CLANG_WARN_NON_LITERAL_NULL_CONVERSION = YES;
				CLANG_WARN_OBJC_IMPLICIT_RETAIN_SELF = YES;
				CLANG_WARN_OBJC_LITERAL_CONVERSION = YES;
				CLANG_WARN_OBJC_ROOT_CLASS = YES_ERROR;
				CLANG_WARN_QUOTED_INCLUDE_IN_FRAMEWORK_HEADER = YES;
				CLANG_WARN_RANGE_LOOP_ANALYSIS = YES;
				CLANG_WARN_STRICT_PROTOTYPES = YES;
				CLANG_WARN_SUSPICIOUS_MOVE = YES;
				CLANG_WARN_UNGUARDED_AVAILABILITY = YES_AGGRESSIVE;
				CLANG_WARN_UNREACHABLE_CODE = YES;
				CLANG_WARN__DUPLICATE_METHOD_MATCH = YES;
				COPY_PHASE_STRIP = NO;
				CURRENT_PROJECT_VERSION = 1;
				DEBUG_INFORMATION_FORMAT = dwarf;
				ENABLE_STRICT_OBJC_MSGSEND = YES;
				ENABLE_TESTABILITY = YES;
				ENABLE_USER_SCRIPT_SANDBOXING = YES;
				GCC_C_LANGUAGE_STANDARD = gnu17;
				GCC_DYNAMIC_NO_PIC = NO;
				GCC_NO_COMMON_BLOCKS = YES;
				GCC_OPTIMIZATION_LEVEL = 0;
				GCC_PREPROCESSOR_DEFINITIONS = (
					"DEBUG=1",
					"$(inherited)",
				);
				GCC_WARN_64_TO_32_BIT_CONVERSION = YES;
				GCC_WARN_ABOUT_RETURN_TYPE = YES_ERROR;
				GCC_WARN_UNDECLARED_SELECTOR = YES;
				GCC_WARN_UNINITIALIZED_AUTOS = YES_AGGRESSIVE;
				GCC_WARN_UNUSED_FUNCTION = YES;
				GCC_WARN_UNUSED_VARIABLE = YES;
				IPHONEOS_DEPLOYMENT_TARGET = 18.0;
				LOCALIZATION_PREFERS_STRING_CATALOGS = YES;
				MTL_ENABLE_DEBUG_INFO = INCLUDE_SOURCE;
				MTL_FAST_MATH = YES;
				ONLY_ACTIVE_ARCH = YES;
				SDKROOT = iphoneos;
				SWIFT_ACTIVE_COMPILATION_CONDITIONS = "DEBUG $(inherited)";
				SWIFT_OPTIMIZATION_LEVEL = "-Onone";
				VERSIONING_SYSTEM = "apple-generic";
				VERSION_INFO_PREFIX = "";
			};
			name = Debug;
		};
		F63DCEE22CCF893900FE0B06 /* Release */ = {
			isa = XCBuildConfiguration;
			buildSettings = {
				ALWAYS_SEARCH_USER_PATHS = NO;
				ASSETCATALOG_COMPILER_GENERATE_SWIFT_ASSET_SYMBOL_EXTENSIONS = YES;
				CLANG_ANALYZER_NONNULL = YES;
				CLANG_ANALYZER_NUMBER_OBJECT_CONVERSION = YES_AGGRESSIVE;
				CLANG_CXX_LANGUAGE_STANDARD = "gnu++20";
				CLANG_ENABLE_MODULES = YES;
				CLANG_ENABLE_OBJC_ARC = YES;
				CLANG_ENABLE_OBJC_WEAK = YES;
				CLANG_WARN_BLOCK_CAPTURE_AUTORELEASING = YES;
				CLANG_WARN_BOOL_CONVERSION = YES;
				CLANG_WARN_COMMA = YES;
				CLANG_WARN_CONSTANT_CONVERSION = YES;
				CLANG_WARN_DEPRECATED_OBJC_IMPLEMENTATIONS = YES;
				CLANG_WARN_DIRECT_OBJC_ISA_USAGE = YES_ERROR;
				CLANG_WARN_DOCUMENTATION_COMMENTS = YES;
				CLANG_WARN_EMPTY_BODY = YES;
				CLANG_WARN_ENUM_CONVERSION = YES;
				CLANG_WARN_INFINITE_RECURSION = YES;
				CLANG_WARN_INT_CONVERSION = YES;
				CLANG_WARN_NON_LITERAL_NULL_CONVERSION = YES;
				CLANG_WARN_OBJC_IMPLICIT_RETAIN_SELF = YES;
				CLANG_WARN_OBJC_LITERAL_CONVERSION = YES;
				CLANG_WARN_OBJC_ROOT_CLASS = YES_ERROR;
				CLANG_WARN_QUOTED_INCLUDE_IN_FRAMEWORK_HEADER = YES;
				CLANG_WARN_RANGE_LOOP_ANALYSIS = YES;
				CLANG_WARN_STRICT_PROTOTYPES = YES;
				CLANG_WARN_SUSPICIOUS_MOVE = YES;
				CLANG_WARN_UNGUARDED_AVAILABILITY = YES_AGGRESSIVE;
				CLANG_WARN_UNREACHABLE_CODE = YES;
				CLANG_WARN__DUPLICATE_METHOD_MATCH = YES;
				COPY_PHASE_STRIP = NO;
				CURRENT_PROJECT_VERSION = 1;
				DEBUG_INFORMATION_FORMAT = "dwarf-with-dsym";
				ENABLE_NS_ASSERTIONS = NO;
				ENABLE_STRICT_OBJC_MSGSEND = YES;
				ENABLE_USER_SCRIPT_SANDBOXING = YES;
				GCC_C_LANGUAGE_STANDARD = gnu17;
				GCC_NO_COMMON_BLOCKS = YES;
				GCC_WARN_64_TO_32_BIT_CONVERSION = YES;
				GCC_WARN_ABOUT_RETURN_TYPE = YES_ERROR;
				GCC_WARN_UNDECLARED_SELECTOR = YES;
				GCC_WARN_UNINITIALIZED_AUTOS = YES_AGGRESSIVE;
				GCC_WARN_UNUSED_FUNCTION = YES;
				GCC_WARN_UNUSED_VARIABLE = YES;
				IPHONEOS_DEPLOYMENT_TARGET = 18.0;
				LOCALIZATION_PREFERS_STRING_CATALOGS = YES;
				MTL_ENABLE_DEBUG_INFO = NO;
				MTL_FAST_MATH = YES;
				SDKROOT = iphoneos;
				SWIFT_COMPILATION_MODE = wholemodule;
				VALIDATE_PRODUCT = YES;
				VERSIONING_SYSTEM = "apple-generic";
				VERSION_INFO_PREFIX = "";
			};
			name = Release;
		};
		F63DCEE42CCF893900FE0B06 /* Debug */ = {
			isa = XCBuildConfiguration;
			buildSettings = {
				CODE_SIGN_STYLE = Automatic;
				CURRENT_PROJECT_VERSION = 1;
				GENERATE_INFOPLIST_FILE = YES;
				MARKETING_VERSION = 1.0;
				PRODUCT_BUNDLE_IDENTIFIER = com.daehaa.NetworkKitTests;
				PRODUCT_NAME = "$(TARGET_NAME)";
				SWIFT_EMIT_LOC_STRINGS = NO;
				SWIFT_VERSION = 5.0;
				TARGETED_DEVICE_FAMILY = "1,2";
			};
			name = Debug;
		};
		F63DCEE52CCF893900FE0B06 /* Release */ = {
			isa = XCBuildConfiguration;
			buildSettings = {
				CODE_SIGN_STYLE = Automatic;
				CURRENT_PROJECT_VERSION = 1;
				GENERATE_INFOPLIST_FILE = YES;
				MARKETING_VERSION = 1.0;
				PRODUCT_BUNDLE_IDENTIFIER = com.daehaa.NetworkKitTests;
				PRODUCT_NAME = "$(TARGET_NAME)";
				SWIFT_EMIT_LOC_STRINGS = NO;
				SWIFT_VERSION = 5.0;
				TARGETED_DEVICE_FAMILY = "1,2";
			};
			name = Release;
		};
/* End XCBuildConfiguration section */

/* Begin XCConfigurationList section */
		F63DCEC72CCF893900FE0B06 /* Build configuration list for PBXProject "NetworkKit" */ = {
			isa = XCConfigurationList;
			buildConfigurations = (
				F63DCEE12CCF893900FE0B06 /* Debug */,
				F63DCEE22CCF893900FE0B06 /* Release */,
			);
			defaultConfigurationIsVisible = 0;
			defaultConfigurationName = Release;
		};
		F63DCEDE2CCF893900FE0B06 /* Build configuration list for PBXNativeTarget "NetworkKit" */ = {
			isa = XCConfigurationList;
			buildConfigurations = (
				F63DCEDF2CCF893900FE0B06 /* Debug */,
				F63DCEE02CCF893900FE0B06 /* Release */,
			);
			defaultConfigurationIsVisible = 0;
			defaultConfigurationName = Release;
		};
		F63DCEE32CCF893900FE0B06 /* Build configuration list for PBXNativeTarget "NetworkKitTests" */ = {
			isa = XCConfigurationList;
			buildConfigurations = (
				F63DCEE42CCF893900FE0B06 /* Debug */,
				F63DCEE52CCF893900FE0B06 /* Release */,
			);
			defaultConfigurationIsVisible = 0;
			defaultConfigurationName = Release;
		};
/* End XCConfigurationList section */

/* Begin XCRemoteSwiftPackageReference section */
		F63DCF0C2CCF8A9700FE0B06 /* XCRemoteSwiftPackageReference "Alamofire" */ = {
			isa = XCRemoteSwiftPackageReference;
			repositoryURL = "https://github.com/Alamofire/Alamofire.git";
			requirement = {
				kind = upToNextMajorVersion;
				minimumVersion = 5.10.1;
			};
		};
/* End XCRemoteSwiftPackageReference section */

/* Begin XCSwiftPackageProductDependency section */
		F63DCF0D2CCF8A9700FE0B06 /* Alamofire */ = {
			isa = XCSwiftPackageProductDependency;
			package = F63DCF0C2CCF8A9700FE0B06 /* XCRemoteSwiftPackageReference "Alamofire" */;
			productName = Alamofire;
		};
/* End XCSwiftPackageProductDependency section */
	};
	rootObject = F63DCEC42CCF893900FE0B06 /* Project object */;
}
