// !$*UTF8*$!
{
	archiveVersion = 1;
	classes = {
	};
	objectVersion = 77;
	objects = {

/* Begin PBXBuildFile section */
		B14E27312CCBEA2D00BCD9EA /* NetworkKit.framework in Frameworks */ = {isa = PBXBuildFile; fileRef = B14E27282CCBEA2D00BCD9EA /* NetworkKit.framework */; };
		B14E27432CCBEA3500BCD9EA /* NetworkKitTests.swift in Sources */ = {isa = PBXBuildFile; fileRef = B14E27412CCBEA3500BCD9EA /* NetworkKitTests.swift */; };
		B14E27462CCBEA3700BCD9EA /* NetworkKit.h in Headers */ = {isa = PBXBuildFile; fileRef = B14E27442CCBEA3700BCD9EA /* NetworkKit.h */; settings = {ATTRIBUTES = (Public, ); }; };
		B14E27492CCBEAE700BCD9EA /* Alamofire in Frameworks */ = {isa = PBXBuildFile; productRef = B14E27482CCBEAE700BCD9EA /* Alamofire */; };
		B14E27502CCBEB7000BCD9EA /* NetworkManager.swift in Sources */ = {isa = PBXBuildFile; fileRef = B14E274E2CCBEB7000BCD9EA /* NetworkManager.swift */; };
		B14E27512CCBEB7000BCD9EA /* Network.swift in Sources */ = {isa = PBXBuildFile; fileRef = B14E274D2CCBEB7000BCD9EA /* Network.swift */; };
		B14E27562CCBEB7E00BCD9EA /* BaseURL.swift in Sources */ = {isa = PBXBuildFile; fileRef = B14E27522CCBEB7E00BCD9EA /* BaseURL.swift */; };
		B14E27572CCBEB7E00BCD9EA /* Requestable.swift in Sources */ = {isa = PBXBuildFile; fileRef = B14E27542CCBEB7E00BCD9EA /* Requestable.swift */; };
		B14E27582CCBEB7E00BCD9EA /* Endpoint.swift in Sources */ = {isa = PBXBuildFile; fileRef = B14E27532CCBEB7E00BCD9EA /* Endpoint.swift */; };
		F63DCE822CCF638500FE0B06 /* APIEventMonitor.swift in Sources */ = {isa = PBXBuildFile; fileRef = F63DCE812CCF637D00FE0B06 /* APIEventMonitor.swift */; };
		F63DCE852CCF657200FE0B06 /* MockDTO.swift in Sources */ = {isa = PBXBuildFile; fileRef = F63DCE842CCF656D00FE0B06 /* MockDTO.swift */; };
		F63DCE872CCF65A500FE0B06 /* MockEndpoint.swift in Sources */ = {isa = PBXBuildFile; fileRef = F63DCE862CCF65A100FE0B06 /* MockEndpoint.swift */; };
/* End PBXBuildFile section */

/* Begin PBXContainerItemProxy section */
		B14E27322CCBEA2D00BCD9EA /* PBXContainerItemProxy */ = {
			isa = PBXContainerItemProxy;
			containerPortal = B14E271F2CCBEA2C00BCD9EA /* Project object */;
			proxyType = 1;
			remoteGlobalIDString = B14E27272CCBEA2D00BCD9EA;
			remoteInfo = NetworkKit;
		};
/* End PBXContainerItemProxy section */

/* Begin PBXFileReference section */
		B14E27282CCBEA2D00BCD9EA /* NetworkKit.framework */ = {isa = PBXFileReference; explicitFileType = wrapper.framework; includeInIndex = 0; path = NetworkKit.framework; sourceTree = BUILT_PRODUCTS_DIR; };
		B14E27302CCBEA2D00BCD9EA /* NetworkKitTests.xctest */ = {isa = PBXFileReference; explicitFileType = wrapper.cfbundle; includeInIndex = 0; path = NetworkKitTests.xctest; sourceTree = BUILT_PRODUCTS_DIR; };
		B14E27412CCBEA3500BCD9EA /* NetworkKitTests.swift */ = {isa = PBXFileReference; lastKnownFileType = sourcecode.swift; path = NetworkKitTests.swift; sourceTree = "<group>"; };
		B14E27442CCBEA3700BCD9EA /* NetworkKit.h */ = {isa = PBXFileReference; lastKnownFileType = sourcecode.c.h; path = NetworkKit.h; sourceTree = "<group>"; };
		B14E274D2CCBEB7000BCD9EA /* Network.swift */ = {isa = PBXFileReference; lastKnownFileType = sourcecode.swift; path = Network.swift; sourceTree = "<group>"; };
		B14E274E2CCBEB7000BCD9EA /* NetworkManager.swift */ = {isa = PBXFileReference; lastKnownFileType = sourcecode.swift; path = NetworkManager.swift; sourceTree = "<group>"; };
		B14E27522CCBEB7E00BCD9EA /* BaseURL.swift */ = {isa = PBXFileReference; lastKnownFileType = sourcecode.swift; path = BaseURL.swift; sourceTree = "<group>"; };
		B14E27532CCBEB7E00BCD9EA /* Endpoint.swift */ = {isa = PBXFileReference; lastKnownFileType = sourcecode.swift; path = Endpoint.swift; sourceTree = "<group>"; };
		B14E27542CCBEB7E00BCD9EA /* Requestable.swift */ = {isa = PBXFileReference; lastKnownFileType = sourcecode.swift; path = Requestable.swift; sourceTree = "<group>"; };
		F63DCE812CCF637D00FE0B06 /* APIEventMonitor.swift */ = {isa = PBXFileReference; lastKnownFileType = sourcecode.swift; path = APIEventMonitor.swift; sourceTree = "<group>"; };
		F63DCE842CCF656D00FE0B06 /* MockDTO.swift */ = {isa = PBXFileReference; lastKnownFileType = sourcecode.swift; path = MockDTO.swift; sourceTree = "<group>"; };
		F63DCE862CCF65A100FE0B06 /* MockEndpoint.swift */ = {isa = PBXFileReference; lastKnownFileType = sourcecode.swift; path = MockEndpoint.swift; sourceTree = "<group>"; };
/* End PBXFileReference section */

/* Begin PBXFrameworksBuildPhase section */
		B14E27252CCBEA2D00BCD9EA /* Frameworks */ = {
			isa = PBXFrameworksBuildPhase;
			buildActionMask = 2147483647;
			files = (
				B14E27492CCBEAE700BCD9EA /* Alamofire in Frameworks */,
			);
			runOnlyForDeploymentPostprocessing = 0;
		};
		B14E272D2CCBEA2D00BCD9EA /* Frameworks */ = {
			isa = PBXFrameworksBuildPhase;
			buildActionMask = 2147483647;
			files = (
				B14E27312CCBEA2D00BCD9EA /* NetworkKit.framework in Frameworks */,
			);
			runOnlyForDeploymentPostprocessing = 0;
		};
/* End PBXFrameworksBuildPhase section */

/* Begin PBXGroup section */
		B14E271E2CCBEA2C00BCD9EA = {
			isa = PBXGroup;
			children = (
				B14E27452CCBEA3700BCD9EA /* NetworkKit */,
				B14E27422CCBEA3500BCD9EA /* NetworkKitTests */,
				B14E27292CCBEA2D00BCD9EA /* Products */,
			);
			sourceTree = "<group>";
		};
		B14E27292CCBEA2D00BCD9EA /* Products */ = {
			isa = PBXGroup;
			children = (
				B14E27282CCBEA2D00BCD9EA /* NetworkKit.framework */,
				B14E27302CCBEA2D00BCD9EA /* NetworkKitTests.xctest */,
			);
			name = Products;
			sourceTree = "<group>";
		};
		B14E27422CCBEA3500BCD9EA /* NetworkKitTests */ = {
			isa = PBXGroup;
			children = (
				B14E27412CCBEA3500BCD9EA /* NetworkKitTests.swift */,
				F63DCE832CCF656600FE0B06 /* Mock */,
			);
			path = NetworkKitTests;
			sourceTree = "<group>";
		};
		B14E27452CCBEA3700BCD9EA /* NetworkKit */ = {
			isa = PBXGroup;
			children = (
				B14E274F2CCBEB7000BCD9EA /* Network */,
				B14E27552CCBEB7E00BCD9EA /* Endpoint */,
				F63DCE802CCF635000FE0B06 /* EventMonitor */,
				B14E27442CCBEA3700BCD9EA /* NetworkKit.h */,
			);
			path = NetworkKit;
			sourceTree = "<group>";
		};
		B14E274F2CCBEB7000BCD9EA /* Network */ = {
			isa = PBXGroup;
			children = (
				B14E274D2CCBEB7000BCD9EA /* Network.swift */,
				B14E274E2CCBEB7000BCD9EA /* NetworkManager.swift */,
			);
			path = Network;
			sourceTree = "<group>";
		};
		B14E27552CCBEB7E00BCD9EA /* Endpoint */ = {
			isa = PBXGroup;
			children = (
				B14E27542CCBEB7E00BCD9EA /* Requestable.swift */,
				B14E27522CCBEB7E00BCD9EA /* BaseURL.swift */,
				B14E27532CCBEB7E00BCD9EA /* Endpoint.swift */,
			);
			path = Endpoint;
			sourceTree = "<group>";
		};
		F63DCE802CCF635000FE0B06 /* EventMonitor */ = {
			isa = PBXGroup;
			children = (
				F63DCE812CCF637D00FE0B06 /* APIEventMonitor.swift */,
			);
			path = EventMonitor;
			sourceTree = "<group>";
		};
		F63DCE832CCF656600FE0B06 /* Mock */ = {
			isa = PBXGroup;
			children = (
				F63DCE862CCF65A100FE0B06 /* MockEndpoint.swift */,
				F63DCE842CCF656D00FE0B06 /* MockDTO.swift */,
			);
			path = Mock;
			sourceTree = "<group>";
		};
/* End PBXGroup section */

/* Begin PBXHeadersBuildPhase section */
		B14E27232CCBEA2D00BCD9EA /* Headers */ = {
			isa = PBXHeadersBuildPhase;
			buildActionMask = 2147483647;
			files = (
				B14E27462CCBEA3700BCD9EA /* NetworkKit.h in Headers */,
			);
			runOnlyForDeploymentPostprocessing = 0;
		};
/* End PBXHeadersBuildPhase section */

/* Begin PBXNativeTarget section */
		B14E27272CCBEA2D00BCD9EA /* NetworkKit */ = {
			isa = PBXNativeTarget;
			buildConfigurationList = B14E27392CCBEA2D00BCD9EA /* Build configuration list for PBXNativeTarget "NetworkKit" */;
			buildPhases = (
				B14E27232CCBEA2D00BCD9EA /* Headers */,
				B14E27242CCBEA2D00BCD9EA /* Sources */,
				B14E27252CCBEA2D00BCD9EA /* Frameworks */,
				B14E27262CCBEA2D00BCD9EA /* Resources */,
			);
			buildRules = (
			);
			dependencies = (
			);
			name = NetworkKit;
			packageProductDependencies = (
				B14E27482CCBEAE700BCD9EA /* Alamofire */,
			);
			productName = NetworkKit;
			productReference = B14E27282CCBEA2D00BCD9EA /* NetworkKit.framework */;
			productType = "com.apple.product-type.framework";
		};
		B14E272F2CCBEA2D00BCD9EA /* NetworkKitTests */ = {
			isa = PBXNativeTarget;
			buildConfigurationList = B14E273E2CCBEA2D00BCD9EA /* Build configuration list for PBXNativeTarget "NetworkKitTests" */;
			buildPhases = (
				B14E272C2CCBEA2D00BCD9EA /* Sources */,
				B14E272D2CCBEA2D00BCD9EA /* Frameworks */,
				B14E272E2CCBEA2D00BCD9EA /* Resources */,
			);
			buildRules = (
			);
			dependencies = (
				B14E27332CCBEA2D00BCD9EA /* PBXTargetDependency */,
			);
			name = NetworkKitTests;
			packageProductDependencies = (
			);
			productName = NetworkKitTests;
			productReference = B14E27302CCBEA2D00BCD9EA /* NetworkKitTests.xctest */;
			productType = "com.apple.product-type.bundle.unit-test";
		};
/* End PBXNativeTarget section */

/* Begin PBXProject section */
		B14E271F2CCBEA2C00BCD9EA /* Project object */ = {
			isa = PBXProject;
			attributes = {
				BuildIndependentTargetsInParallel = 1;
				LastSwiftUpdateCheck = 1600;
				LastUpgradeCheck = 1600;
				TargetAttributes = {
					B14E27272CCBEA2D00BCD9EA = {
						CreatedOnToolsVersion = 16.0;
						LastSwiftMigration = 1600;
					};
					B14E272F2CCBEA2D00BCD9EA = {
						CreatedOnToolsVersion = 16.0;
					};
				};
			};
			buildConfigurationList = B14E27222CCBEA2C00BCD9EA /* Build configuration list for PBXProject "NetworkKit" */;
			developmentRegion = en;
			hasScannedForEncodings = 0;
			knownRegions = (
				en,
				Base,
			);
			mainGroup = B14E271E2CCBEA2C00BCD9EA;
			minimizedProjectReferenceProxies = 1;
			packageReferences = (
				B14E27472CCBEAE700BCD9EA /* XCRemoteSwiftPackageReference "Alamofire" */,
			);
			preferredProjectObjectVersion = 77;
			productRefGroup = B14E27292CCBEA2D00BCD9EA /* Products */;
			projectDirPath = "";
			projectRoot = "";
			targets = (
				B14E27272CCBEA2D00BCD9EA /* NetworkKit */,
				B14E272F2CCBEA2D00BCD9EA /* NetworkKitTests */,
			);
		};
/* End PBXProject section */

/* Begin PBXResourcesBuildPhase section */
		B14E27262CCBEA2D00BCD9EA /* Resources */ = {
			isa = PBXResourcesBuildPhase;
			buildActionMask = 2147483647;
			files = (
			);
			runOnlyForDeploymentPostprocessing = 0;
		};
		B14E272E2CCBEA2D00BCD9EA /* Resources */ = {
			isa = PBXResourcesBuildPhase;
			buildActionMask = 2147483647;
			files = (
			);
			runOnlyForDeploymentPostprocessing = 0;
		};
/* End PBXResourcesBuildPhase section */

/* Begin PBXSourcesBuildPhase section */
		B14E27242CCBEA2D00BCD9EA /* Sources */ = {
			isa = PBXSourcesBuildPhase;
			buildActionMask = 2147483647;
			files = (
				F63DCE822CCF638500FE0B06 /* APIEventMonitor.swift in Sources */,
				B14E27502CCBEB7000BCD9EA /* NetworkManager.swift in Sources */,
				B14E27512CCBEB7000BCD9EA /* Network.swift in Sources */,
				B14E27562CCBEB7E00BCD9EA /* BaseURL.swift in Sources */,
				B14E27572CCBEB7E00BCD9EA /* Requestable.swift in Sources */,
				B14E27582CCBEB7E00BCD9EA /* Endpoint.swift in Sources */,
			);
			runOnlyForDeploymentPostprocessing = 0;
		};
		B14E272C2CCBEA2D00BCD9EA /* Sources */ = {
			isa = PBXSourcesBuildPhase;
			buildActionMask = 2147483647;
			files = (
				B14E27432CCBEA3500BCD9EA /* NetworkKitTests.swift in Sources */,
				F63DCE872CCF65A500FE0B06 /* MockEndpoint.swift in Sources */,
				F63DCE852CCF657200FE0B06 /* MockDTO.swift in Sources */,
			);
			runOnlyForDeploymentPostprocessing = 0;
		};
/* End PBXSourcesBuildPhase section */

/* Begin PBXTargetDependency section */
		B14E27332CCBEA2D00BCD9EA /* PBXTargetDependency */ = {
			isa = PBXTargetDependency;
			target = B14E27272CCBEA2D00BCD9EA /* NetworkKit */;
			targetProxy = B14E27322CCBEA2D00BCD9EA /* PBXContainerItemProxy */;
		};
/* End PBXTargetDependency section */

/* Begin XCBuildConfiguration section */
		B14E273A2CCBEA2D00BCD9EA /* Debug */ = {
			isa = XCBuildConfiguration;
			buildSettings = {
				ALLOW_TARGET_PLATFORM_SPECIALIZATION = YES;
				BUILD_LIBRARY_FOR_DISTRIBUTION = YES;
				CLANG_ENABLE_MODULES = YES;
				CODE_SIGN_STYLE = Automatic;
				CURRENT_PROJECT_VERSION = 1;
				DEFINES_MODULE = YES;
				DYLIB_COMPATIBILITY_VERSION = 1;
				DYLIB_CURRENT_VERSION = 1;
				DYLIB_INSTALL_NAME_BASE = "@rpath";
				ENABLE_MODULE_VERIFIER = YES;
				GENERATE_INFOPLIST_FILE = YES;
				INFOPLIST_KEY_NSHumanReadableCopyright = "";
				INSTALL_PATH = "$(LOCAL_LIBRARY_DIR)/Frameworks";
				IPHONEOS_DEPLOYMENT_TARGET = 18.0;
				LD_RUNPATH_SEARCH_PATHS = (
					"@executable_path/Frameworks",
					"@loader_path/Frameworks",
				);
				"LD_RUNPATH_SEARCH_PATHS[sdk=macosx*]" = (
					"@executable_path/../Frameworks",
					"@loader_path/Frameworks",
				);
				MACOSX_DEPLOYMENT_TARGET = 15.0;
				MARKETING_VERSION = 1.0;
				MODULE_VERIFIER_SUPPORTED_LANGUAGES = "objective-c objective-c++";
				MODULE_VERIFIER_SUPPORTED_LANGUAGE_STANDARDS = "gnu17 gnu++20";
				PRODUCT_BUNDLE_IDENTIFIER = com.hanle.NetworkKit;
				PRODUCT_NAME = "$(TARGET_NAME:c99extidentifier)";
				SDKROOT = auto;
				SKIP_INSTALL = YES;
				SUPPORTED_PLATFORMS = "iphoneos iphonesimulator macosx xros xrsimulator";
				SWIFT_EMIT_LOC_STRINGS = YES;
				SWIFT_INSTALL_OBJC_HEADER = NO;
				SWIFT_OPTIMIZATION_LEVEL = "-Onone";
				SWIFT_VERSION = 5.0;
				TARGETED_DEVICE_FAMILY = "1,2,7";
				XROS_DEPLOYMENT_TARGET = 2.0;
			};
			name = Debug;
		};
		B14E273B2CCBEA2D00BCD9EA /* Release */ = {
			isa = XCBuildConfiguration;
			buildSettings = {
				ALLOW_TARGET_PLATFORM_SPECIALIZATION = YES;
				BUILD_LIBRARY_FOR_DISTRIBUTION = YES;
				CLANG_ENABLE_MODULES = YES;
				CODE_SIGN_STYLE = Automatic;
				CURRENT_PROJECT_VERSION = 1;
				DEFINES_MODULE = YES;
				DYLIB_COMPATIBILITY_VERSION = 1;
				DYLIB_CURRENT_VERSION = 1;
				DYLIB_INSTALL_NAME_BASE = "@rpath";
				ENABLE_MODULE_VERIFIER = YES;
				GENERATE_INFOPLIST_FILE = YES;
				INFOPLIST_KEY_NSHumanReadableCopyright = "";
				INSTALL_PATH = "$(LOCAL_LIBRARY_DIR)/Frameworks";
				IPHONEOS_DEPLOYMENT_TARGET = 18.0;
				LD_RUNPATH_SEARCH_PATHS = (
					"@executable_path/Frameworks",
					"@loader_path/Frameworks",
				);
				"LD_RUNPATH_SEARCH_PATHS[sdk=macosx*]" = (
					"@executable_path/../Frameworks",
					"@loader_path/Frameworks",
				);
				MACOSX_DEPLOYMENT_TARGET = 15.0;
				MARKETING_VERSION = 1.0;
				MODULE_VERIFIER_SUPPORTED_LANGUAGES = "objective-c objective-c++";
				MODULE_VERIFIER_SUPPORTED_LANGUAGE_STANDARDS = "gnu17 gnu++20";
				PRODUCT_BUNDLE_IDENTIFIER = com.hanle.NetworkKit;
				PRODUCT_NAME = "$(TARGET_NAME:c99extidentifier)";
				SDKROOT = auto;
				SKIP_INSTALL = YES;
				SUPPORTED_PLATFORMS = "iphoneos iphonesimulator macosx xros xrsimulator";
				SWIFT_EMIT_LOC_STRINGS = YES;
				SWIFT_INSTALL_OBJC_HEADER = NO;
				SWIFT_VERSION = 5.0;
				TARGETED_DEVICE_FAMILY = "1,2,7";
				XROS_DEPLOYMENT_TARGET = 2.0;
			};
			name = Release;
		};
		B14E273C2CCBEA2D00BCD9EA /* Debug */ = {
			isa = XCBuildConfiguration;
			buildSettings = {
				ALWAYS_SEARCH_USER_PATHS = NO;
				ASSETCATALOG_COMPILER_GENERATE_SWIFT_ASSET_SYMBOL_EXTENSIONS = YES;
				CLANG_ANALYZER_NONNULL = YES;
				CLANG_ANALYZER_NUMBER_OBJECT_CONVERSION = YES_AGGRESSIVE;
				CLANG_CXX_LANGUAGE_STANDARD = "gnu++20";
				CLANG_ENABLE_MODULES = YES;
				CLANG_ENABLE_OBJC_ARC = YES;
				CLANG_ENABLE_OBJC_WEAK = YES;
				CLANG_WARN_BLOCK_CAPTURE_AUTORELEASING = YES;
				CLANG_WARN_BOOL_CONVERSION = YES;
				CLANG_WARN_COMMA = YES;
				CLANG_WARN_CONSTANT_CONVERSION = YES;
				CLANG_WARN_DEPRECATED_OBJC_IMPLEMENTATIONS = YES;
				CLANG_WARN_DIRECT_OBJC_ISA_USAGE = YES_ERROR;
				CLANG_WARN_DOCUMENTATION_COMMENTS = YES;
				CLANG_WARN_EMPTY_BODY = YES;
				CLANG_WARN_ENUM_CONVERSION = YES;
				CLANG_WARN_INFINITE_RECURSION = YES;
				CLANG_WARN_INT_CONVERSION = YES;
				CLANG_WARN_NON_LITERAL_NULL_CONVERSION = YES;
				CLANG_WARN_OBJC_IMPLICIT_RETAIN_SELF = YES;
				CLANG_WARN_OBJC_LITERAL_CONVERSION = YES;
				CLANG_WARN_OBJC_ROOT_CLASS = YES_ERROR;
				CLANG_WARN_QUOTED_INCLUDE_IN_FRAMEWORK_HEADER = YES;
				CLANG_WARN_RANGE_LOOP_ANALYSIS = YES;
				CLANG_WARN_STRICT_PROTOTYPES = YES;
				CLANG_WARN_SUSPICIOUS_MOVE = YES;
				CLANG_WARN_UNGUARDED_AVAILABILITY = YES_AGGRESSIVE;
				CLANG_WARN_UNREACHABLE_CODE = YES;
				CLANG_WARN__DUPLICATE_METHOD_MATCH = YES;
				COPY_PHASE_STRIP = NO;
				CURRENT_PROJECT_VERSION = 1;
				DEBUG_INFORMATION_FORMAT = dwarf;
				ENABLE_STRICT_OBJC_MSGSEND = YES;
				ENABLE_TESTABILITY = YES;
				ENABLE_USER_SCRIPT_SANDBOXING = YES;
				GCC_C_LANGUAGE_STANDARD = gnu17;
				GCC_DYNAMIC_NO_PIC = NO;
				GCC_NO_COMMON_BLOCKS = YES;
				GCC_OPTIMIZATION_LEVEL = 0;
				GCC_PREPROCESSOR_DEFINITIONS = (
					"DEBUG=1",
					"$(inherited)",
				);
				GCC_WARN_64_TO_32_BIT_CONVERSION = YES;
				GCC_WARN_ABOUT_RETURN_TYPE = YES_ERROR;
				GCC_WARN_UNDECLARED_SELECTOR = YES;
				GCC_WARN_UNINITIALIZED_AUTOS = YES_AGGRESSIVE;
				GCC_WARN_UNUSED_FUNCTION = YES;
				GCC_WARN_UNUSED_VARIABLE = YES;
				LOCALIZATION_PREFERS_STRING_CATALOGS = YES;
				MTL_ENABLE_DEBUG_INFO = INCLUDE_SOURCE;
				MTL_FAST_MATH = YES;
				ONLY_ACTIVE_ARCH = YES;
				SWIFT_ACTIVE_COMPILATION_CONDITIONS = "DEBUG $(inherited)";
				SWIFT_OPTIMIZATION_LEVEL = "-Onone";
				VERSIONING_SYSTEM = "apple-generic";
				VERSION_INFO_PREFIX = "";
			};
			name = Debug;
		};
		B14E273D2CCBEA2D00BCD9EA /* Release */ = {
			isa = XCBuildConfiguration;
			buildSettings = {
				ALWAYS_SEARCH_USER_PATHS = NO;
				ASSETCATALOG_COMPILER_GENERATE_SWIFT_ASSET_SYMBOL_EXTENSIONS = YES;
				CLANG_ANALYZER_NONNULL = YES;
				CLANG_ANALYZER_NUMBER_OBJECT_CONVERSION = YES_AGGRESSIVE;
				CLANG_CXX_LANGUAGE_STANDARD = "gnu++20";
				CLANG_ENABLE_MODULES = YES;
				CLANG_ENABLE_OBJC_ARC = YES;
				CLANG_ENABLE_OBJC_WEAK = YES;
				CLANG_WARN_BLOCK_CAPTURE_AUTORELEASING = YES;
				CLANG_WARN_BOOL_CONVERSION = YES;
				CLANG_WARN_COMMA = YES;
				CLANG_WARN_CONSTANT_CONVERSION = YES;
				CLANG_WARN_DEPRECATED_OBJC_IMPLEMENTATIONS = YES;
				CLANG_WARN_DIRECT_OBJC_ISA_USAGE = YES_ERROR;
				CLANG_WARN_DOCUMENTATION_COMMENTS = YES;
				CLANG_WARN_EMPTY_BODY = YES;
				CLANG_WARN_ENUM_CONVERSION = YES;
				CLANG_WARN_INFINITE_RECURSION = YES;
				CLANG_WARN_INT_CONVERSION = YES;
				CLANG_WARN_NON_LITERAL_NULL_CONVERSION = YES;
				CLANG_WARN_OBJC_IMPLICIT_RETAIN_SELF = YES;
				CLANG_WARN_OBJC_LITERAL_CONVERSION = YES;
				CLANG_WARN_OBJC_ROOT_CLASS = YES_ERROR;
				CLANG_WARN_QUOTED_INCLUDE_IN_FRAMEWORK_HEADER = YES;
				CLANG_WARN_RANGE_LOOP_ANALYSIS = YES;
				CLANG_WARN_STRICT_PROTOTYPES = YES;
				CLANG_WARN_SUSPICIOUS_MOVE = YES;
				CLANG_WARN_UNGUARDED_AVAILABILITY = YES_AGGRESSIVE;
				CLANG_WARN_UNREACHABLE_CODE = YES;
				CLANG_WARN__DUPLICATE_METHOD_MATCH = YES;
				COPY_PHASE_STRIP = NO;
				CURRENT_PROJECT_VERSION = 1;
				DEBUG_INFORMATION_FORMAT = "dwarf-with-dsym";
				ENABLE_NS_ASSERTIONS = NO;
				ENABLE_STRICT_OBJC_MSGSEND = YES;
				ENABLE_USER_SCRIPT_SANDBOXING = YES;
				GCC_C_LANGUAGE_STANDARD = gnu17;
				GCC_NO_COMMON_BLOCKS = YES;
				GCC_WARN_64_TO_32_BIT_CONVERSION = YES;
				GCC_WARN_ABOUT_RETURN_TYPE = YES_ERROR;
				GCC_WARN_UNDECLARED_SELECTOR = YES;
				GCC_WARN_UNINITIALIZED_AUTOS = YES_AGGRESSIVE;
				GCC_WARN_UNUSED_FUNCTION = YES;
				GCC_WARN_UNUSED_VARIABLE = YES;
				LOCALIZATION_PREFERS_STRING_CATALOGS = YES;
				MTL_ENABLE_DEBUG_INFO = NO;
				MTL_FAST_MATH = YES;
				SWIFT_COMPILATION_MODE = wholemodule;
				VERSIONING_SYSTEM = "apple-generic";
				VERSION_INFO_PREFIX = "";
			};
			name = Release;
		};
		B14E273F2CCBEA2D00BCD9EA /* Debug */ = {
			isa = XCBuildConfiguration;
			buildSettings = {
				ALLOW_TARGET_PLATFORM_SPECIALIZATION = YES;
				BUILD_LIBRARY_FOR_DISTRIBUTION = YES;
				CODE_SIGN_STYLE = Automatic;
				CURRENT_PROJECT_VERSION = 1;
				GENERATE_INFOPLIST_FILE = YES;
				IPHONEOS_DEPLOYMENT_TARGET = 18.0;
				MACOSX_DEPLOYMENT_TARGET = 15.0;
				MARKETING_VERSION = 1.0;
				PRODUCT_BUNDLE_IDENTIFIER = com.hanle.NetworkKitTests;
				PRODUCT_NAME = "$(TARGET_NAME)";
				SDKROOT = auto;
				SUPPORTED_PLATFORMS = "iphoneos iphonesimulator macosx xros xrsimulator";
				SWIFT_EMIT_LOC_STRINGS = NO;
				SWIFT_VERSION = 5.0;
				TARGETED_DEVICE_FAMILY = "1,2,7";
				XROS_DEPLOYMENT_TARGET = 2.0;
			};
			name = Debug;
		};
		B14E27402CCBEA2D00BCD9EA /* Release */ = {
			isa = XCBuildConfiguration;
			buildSettings = {
				ALLOW_TARGET_PLATFORM_SPECIALIZATION = YES;
				BUILD_LIBRARY_FOR_DISTRIBUTION = YES;
				CODE_SIGN_STYLE = Automatic;
				CURRENT_PROJECT_VERSION = 1;
				GENERATE_INFOPLIST_FILE = YES;
				IPHONEOS_DEPLOYMENT_TARGET = 18.0;
				MACOSX_DEPLOYMENT_TARGET = 15.0;
				MARKETING_VERSION = 1.0;
				PRODUCT_BUNDLE_IDENTIFIER = com.hanle.NetworkKitTests;
				PRODUCT_NAME = "$(TARGET_NAME)";
				SDKROOT = auto;
				SUPPORTED_PLATFORMS = "iphoneos iphonesimulator macosx xros xrsimulator";
				SWIFT_EMIT_LOC_STRINGS = NO;
				SWIFT_VERSION = 5.0;
				TARGETED_DEVICE_FAMILY = "1,2,7";
				XROS_DEPLOYMENT_TARGET = 2.0;
			};
			name = Release;
		};
/* End XCBuildConfiguration section */

/* Begin XCConfigurationList section */
		B14E27222CCBEA2C00BCD9EA /* Build configuration list for PBXProject "NetworkKit" */ = {
			isa = XCConfigurationList;
			buildConfigurations = (
				B14E273C2CCBEA2D00BCD9EA /* Debug */,
				B14E273D2CCBEA2D00BCD9EA /* Release */,
			);
			defaultConfigurationIsVisible = 0;
			defaultConfigurationName = Release;
		};
		B14E27392CCBEA2D00BCD9EA /* Build configuration list for PBXNativeTarget "NetworkKit" */ = {
			isa = XCConfigurationList;
			buildConfigurations = (
				B14E273A2CCBEA2D00BCD9EA /* Debug */,
				B14E273B2CCBEA2D00BCD9EA /* Release */,
			);
			defaultConfigurationIsVisible = 0;
			defaultConfigurationName = Release;
		};
		B14E273E2CCBEA2D00BCD9EA /* Build configuration list for PBXNativeTarget "NetworkKitTests" */ = {
			isa = XCConfigurationList;
			buildConfigurations = (
				B14E273F2CCBEA2D00BCD9EA /* Debug */,
				B14E27402CCBEA2D00BCD9EA /* Release */,
			);
			defaultConfigurationIsVisible = 0;
			defaultConfigurationName = Release;
		};
/* End XCConfigurationList section */

/* Begin XCRemoteSwiftPackageReference section */
		B14E27472CCBEAE700BCD9EA /* XCRemoteSwiftPackageReference "Alamofire" */ = {
			isa = XCRemoteSwiftPackageReference;
			repositoryURL = "https://github.com/Alamofire/Alamofire.git";
			requirement = {
				kind = upToNextMajorVersion;
				minimumVersion = 5.10.1;
			};
		};
/* End XCRemoteSwiftPackageReference section */

/* Begin XCSwiftPackageProductDependency section */
		B14E27482CCBEAE700BCD9EA /* Alamofire */ = {
			isa = XCSwiftPackageProductDependency;
			package = B14E27472CCBEAE700BCD9EA /* XCRemoteSwiftPackageReference "Alamofire" */;
			productName = Alamofire;
		};
/* End XCSwiftPackageProductDependency section */
	};
	rootObject = B14E271F2CCBEA2C00BCD9EA /* Project object */;
}
